
Microsoft Visual Studio Solution File, Format Version 12.00
# Visual Studio Version 16
VisualStudioVersion = 16.0.29613.14
MinimumVisualStudioVersion = 10.0.40219.1
Project("{9A19103F-16F7-4668-BE54-9A1E7A4F7556}") = "Web.Admin", "Web.Admin\Web.Admin.csproj", "{0E77EDBB-E489-415D-A2F6-D6C2672E461C}"
EndProject
Project("{2150E333-8FDC-42A3-9474-1A3956D46DE8}") = "src", "src", "{F32DC574-41E3-4BE2-A3C7-E65756AFCAEE}"
EndProject
Project("{00D1A9C2-B5F0-4AF3-8072-F6C62B433612}") = "ACVP_DB", "DB\ACVP_DB\ACVP_DB.sqlproj", "{8545EFC4-7EE1-475B-B78D-8034293ECA76}"
EndProject
Project("{9A19103F-16F7-4668-BE54-9A1E7A4F7556}") = "NIST.CVP.Common", "gen-val\src\common\src\NIST.CVP.Common\NIST.CVP.Common.csproj", "{3E30C4F7-06EE-4F37-A6CB-987F9E239F11}"
EndProject
Project("{9A19103F-16F7-4668-BE54-9A1E7A4F7556}") = "NIST.CVP.Math", "gen-val\src\common\src\NIST.CVP.Math\NIST.CVP.Math.csproj", "{D8AAD82E-3C86-4533-A813-6877A1E07668}"
EndProject
Project("{9A19103F-16F7-4668-BE54-9A1E7A4F7556}") = "NIST.CVP.Libraries.Internal.ACVPCore", "Libraries\Internal\NIST.CVP.Libraries.Internal.ACVPCore\NIST.CVP.Libraries.Internal.ACVPCore.csproj", "{EA222CB7-056E-4C04-8E0E-D6137763BE22}"
EndProject
Project("{9A19103F-16F7-4668-BE54-9A1E7A4F7556}") = "NIST.CVP.Libraries.Internal.ACVPWorkflow", "Libraries\Internal\NIST.CVP.Libraries.Internal.ACVPWorkflow\NIST.CVP.Libraries.Internal.ACVPWorkflow.csproj", "{24E9E7C2-BE4E-4516-B060-4560395C13EB}"
EndProject
Project("{9A19103F-16F7-4668-BE54-9A1E7A4F7556}") = "NIST.CVP.Libraries.Shared.DatabaseInterface", "Libraries\Shared\NIST.CVP.Libraries.Shared.DatabaseInterface\NIST.CVP.Libraries.Shared.DatabaseInterface.csproj", "{32F9E17F-7B7C-4D86-9078-62C0F1DF0704}"
EndProject
Project("{9A19103F-16F7-4668-BE54-9A1E7A4F7556}") = "NIST.CVP.Libraries.Internal.LCAVPCore", "Libraries\Internal\NIST.CVP.Libraries.Internal.LCAVPCore\NIST.CVP.Libraries.Internal.LCAVPCore.csproj", "{F0E01CD6-6945-498E-A5D0-5E35D8BA95FE}"
EndProject
Project("{9A19103F-16F7-4668-BE54-9A1E7A4F7556}") = "NIST.CVP.Libraries.Shared.Algorithms.DataTypes", "Libraries\Shared\NIST.CVP.Libraries.Shared.Algorithms.DataTypes\NIST.CVP.Libraries.Shared.Algorithms.DataTypes.csproj", "{8D7B8546-C139-4821-8AAE-9D6BFE76C211}"
EndProject
Project("{9A19103F-16F7-4668-BE54-9A1E7A4F7556}") = "NIST.CVP.Libraries.Shared.Algorithms.External", "Libraries\Shared\NIST.CVP.Libraries.Shared.Algorithms.External\NIST.CVP.Libraries.Shared.Algorithms.External.csproj", "{434A5455-6C89-42FF-BA33-BE2E888E8497}"
EndProject
Project("{9A19103F-16F7-4668-BE54-9A1E7A4F7556}") = "NIST.CVP.Libraries.Shared.Enumerables", "Libraries\Shared\NIST.CVP.Libraries.Shared.Enumerables\NIST.CVP.Libraries.Shared.Enumerables.csproj", "{F4423E21-79BC-400D-8BAD-F0CA9363784F}"
EndProject
Project("{9A19103F-16F7-4668-BE54-9A1E7A4F7556}") = "NIST.CVP.Libraries.Shared.ExtensionMethods", "Libraries\Shared\NIST.CVP.Libraries.Shared.ExtensionMethods\NIST.CVP.Libraries.Shared.ExtensionMethods.csproj", "{8D224015-355F-4BEA-86D7-91386DC35979}"
EndProject
Project("{9A19103F-16F7-4668-BE54-9A1E7A4F7556}") = "NIST.CVP.Libraries.Internal.Email", "Libraries\Internal\NIST.CVP.Libraries.Internal.Email\NIST.CVP.Libraries.Internal.Email.csproj", "{DBE31D34-B567-4225-B037-311B7A68F020}"
EndProject
Project("{9A19103F-16F7-4668-BE54-9A1E7A4F7556}") = "NIST.CVP.Libraries.Internal.MessageQueue", "Libraries\Internal\NIST.CVP.Libraries.Internal.MessageQueue\NIST.CVP.Libraries.Internal.MessageQueue.csproj", "{6F68C878-D54D-49F0-B921-9F85DE52F695}"
EndProject
Project("{9A19103F-16F7-4668-BE54-9A1E7A4F7556}") = "NIST.CVP.Libraries.Shared.Results", "Libraries\Shared\NIST.CVP.Libraries.Shared.Results\NIST.CVP.Libraries.Shared.Results.csproj", "{3A624193-21E8-4A5D-BA06-0F6F1C93930E}"
EndProject
Project("{9A19103F-16F7-4668-BE54-9A1E7A4F7556}") = "NIST.CVP.Libraries.Shared.ACVPCore.Abstractions", "Libraries\Shared\NIST.CVP.Libraries.Shared.ACVPCore.Abstractions\NIST.CVP.Libraries.Shared.ACVPCore.Abstractions.csproj", "{97CC2B82-20E6-4298-BED4-A5D041F55AD8}"
EndProject
Project("{9A19103F-16F7-4668-BE54-9A1E7A4F7556}") = "NIST.CVP.Libraries.Shared.ACVPWorkflow.Abstractions", "Libraries\Shared\NIST.CVP.Libraries.Shared.ACVPWorkflow.Abstractions\NIST.CVP.Libraries.Shared.ACVPWorkflow.Abstractions.csproj", "{B60ADBD3-8AA7-40F6-9382-23DC897B4F1D}"
EndProject
Project("{9A19103F-16F7-4668-BE54-9A1E7A4F7556}") = "NIST.CVP.Libraries.Internal.TaskQueue", "Libraries\Internal\NIST.CVP.Libraries.Internal.TaskQueue\NIST.CVP.Libraries.Internal.TaskQueue.csproj", "{2808890E-8796-4C45-96C6-14787FADCBD4}"
EndProject
Project("{9A19103F-16F7-4668-BE54-9A1E7A4F7556}") = "NIST.CVP.Libraries.Internal.Algorithms.Persisted", "Libraries\Internal\NIST.CVP.Libraries.Internal.Algorithms.Persisted\NIST.CVP.Libraries.Internal.Algorithms.Persisted.csproj", "{15782DD1-6A49-43CA-9431-A064A453EC63}"
EndProject
Global
	GlobalSection(SolutionConfigurationPlatforms) = preSolution
		Debug|Any CPU = Debug|Any CPU
		Release|Any CPU = Release|Any CPU
	EndGlobalSection
	GlobalSection(ProjectConfigurationPlatforms) = postSolution
		{0E77EDBB-E489-415D-A2F6-D6C2672E461C}.Debug|Any CPU.ActiveCfg = Debug|Any CPU
		{0E77EDBB-E489-415D-A2F6-D6C2672E461C}.Debug|Any CPU.Build.0 = Debug|Any CPU
		{0E77EDBB-E489-415D-A2F6-D6C2672E461C}.Release|Any CPU.ActiveCfg = Release|Any CPU
		{0E77EDBB-E489-415D-A2F6-D6C2672E461C}.Release|Any CPU.Build.0 = Release|Any CPU
		{8545EFC4-7EE1-475B-B78D-8034293ECA76}.Debug|Any CPU.ActiveCfg = Debug|Any CPU
		{8545EFC4-7EE1-475B-B78D-8034293ECA76}.Debug|Any CPU.Build.0 = Debug|Any CPU
		{8545EFC4-7EE1-475B-B78D-8034293ECA76}.Debug|Any CPU.Deploy.0 = Debug|Any CPU
		{8545EFC4-7EE1-475B-B78D-8034293ECA76}.Release|Any CPU.ActiveCfg = Release|Any CPU
		{8545EFC4-7EE1-475B-B78D-8034293ECA76}.Release|Any CPU.Build.0 = Release|Any CPU
		{8545EFC4-7EE1-475B-B78D-8034293ECA76}.Release|Any CPU.Deploy.0 = Release|Any CPU
		{3E30C4F7-06EE-4F37-A6CB-987F9E239F11}.Debug|Any CPU.ActiveCfg = Debug|Any CPU
		{3E30C4F7-06EE-4F37-A6CB-987F9E239F11}.Debug|Any CPU.Build.0 = Debug|Any CPU
		{3E30C4F7-06EE-4F37-A6CB-987F9E239F11}.Release|Any CPU.ActiveCfg = Release|Any CPU
		{3E30C4F7-06EE-4F37-A6CB-987F9E239F11}.Release|Any CPU.Build.0 = Release|Any CPU
		{D8AAD82E-3C86-4533-A813-6877A1E07668}.Debug|Any CPU.ActiveCfg = Debug|Any CPU
		{D8AAD82E-3C86-4533-A813-6877A1E07668}.Debug|Any CPU.Build.0 = Debug|Any CPU
		{D8AAD82E-3C86-4533-A813-6877A1E07668}.Release|Any CPU.ActiveCfg = Release|Any CPU
		{D8AAD82E-3C86-4533-A813-6877A1E07668}.Release|Any CPU.Build.0 = Release|Any CPU
		{EA222CB7-056E-4C04-8E0E-D6137763BE22}.Debug|Any CPU.ActiveCfg = Debug|Any CPU
		{EA222CB7-056E-4C04-8E0E-D6137763BE22}.Debug|Any CPU.Build.0 = Debug|Any CPU
		{EA222CB7-056E-4C04-8E0E-D6137763BE22}.Release|Any CPU.ActiveCfg = Release|Any CPU
		{EA222CB7-056E-4C04-8E0E-D6137763BE22}.Release|Any CPU.Build.0 = Release|Any CPU
		{24E9E7C2-BE4E-4516-B060-4560395C13EB}.Debug|Any CPU.ActiveCfg = Debug|Any CPU
		{24E9E7C2-BE4E-4516-B060-4560395C13EB}.Debug|Any CPU.Build.0 = Debug|Any CPU
		{24E9E7C2-BE4E-4516-B060-4560395C13EB}.Release|Any CPU.ActiveCfg = Release|Any CPU
		{24E9E7C2-BE4E-4516-B060-4560395C13EB}.Release|Any CPU.Build.0 = Release|Any CPU
		{32F9E17F-7B7C-4D86-9078-62C0F1DF0704}.Debug|Any CPU.ActiveCfg = Debug|Any CPU
		{32F9E17F-7B7C-4D86-9078-62C0F1DF0704}.Debug|Any CPU.Build.0 = Debug|Any CPU
		{32F9E17F-7B7C-4D86-9078-62C0F1DF0704}.Release|Any CPU.ActiveCfg = Release|Any CPU
		{32F9E17F-7B7C-4D86-9078-62C0F1DF0704}.Release|Any CPU.Build.0 = Release|Any CPU
		{F0E01CD6-6945-498E-A5D0-5E35D8BA95FE}.Debug|Any CPU.ActiveCfg = Debug|Any CPU
		{F0E01CD6-6945-498E-A5D0-5E35D8BA95FE}.Debug|Any CPU.Build.0 = Debug|Any CPU
		{F0E01CD6-6945-498E-A5D0-5E35D8BA95FE}.Release|Any CPU.ActiveCfg = Release|Any CPU
		{F0E01CD6-6945-498E-A5D0-5E35D8BA95FE}.Release|Any CPU.Build.0 = Release|Any CPU
		{8D7B8546-C139-4821-8AAE-9D6BFE76C211}.Debug|Any CPU.ActiveCfg = Debug|Any CPU
		{8D7B8546-C139-4821-8AAE-9D6BFE76C211}.Debug|Any CPU.Build.0 = Debug|Any CPU
		{8D7B8546-C139-4821-8AAE-9D6BFE76C211}.Release|Any CPU.ActiveCfg = Release|Any CPU
		{8D7B8546-C139-4821-8AAE-9D6BFE76C211}.Release|Any CPU.Build.0 = Release|Any CPU
		{434A5455-6C89-42FF-BA33-BE2E888E8497}.Debug|Any CPU.ActiveCfg = Debug|Any CPU
		{434A5455-6C89-42FF-BA33-BE2E888E8497}.Debug|Any CPU.Build.0 = Debug|Any CPU
		{434A5455-6C89-42FF-BA33-BE2E888E8497}.Release|Any CPU.ActiveCfg = Release|Any CPU
		{434A5455-6C89-42FF-BA33-BE2E888E8497}.Release|Any CPU.Build.0 = Release|Any CPU
		{F4423E21-79BC-400D-8BAD-F0CA9363784F}.Debug|Any CPU.ActiveCfg = Debug|Any CPU
		{F4423E21-79BC-400D-8BAD-F0CA9363784F}.Debug|Any CPU.Build.0 = Debug|Any CPU
		{F4423E21-79BC-400D-8BAD-F0CA9363784F}.Release|Any CPU.ActiveCfg = Release|Any CPU
		{F4423E21-79BC-400D-8BAD-F0CA9363784F}.Release|Any CPU.Build.0 = Release|Any CPU
		{8D224015-355F-4BEA-86D7-91386DC35979}.Debug|Any CPU.ActiveCfg = Debug|Any CPU
		{8D224015-355F-4BEA-86D7-91386DC35979}.Debug|Any CPU.Build.0 = Debug|Any CPU
		{8D224015-355F-4BEA-86D7-91386DC35979}.Release|Any CPU.ActiveCfg = Release|Any CPU
		{8D224015-355F-4BEA-86D7-91386DC35979}.Release|Any CPU.Build.0 = Release|Any CPU
		{DBE31D34-B567-4225-B037-311B7A68F020}.Debug|Any CPU.ActiveCfg = Debug|Any CPU
		{DBE31D34-B567-4225-B037-311B7A68F020}.Debug|Any CPU.Build.0 = Debug|Any CPU
		{DBE31D34-B567-4225-B037-311B7A68F020}.Release|Any CPU.ActiveCfg = Release|Any CPU
		{DBE31D34-B567-4225-B037-311B7A68F020}.Release|Any CPU.Build.0 = Release|Any CPU
		{6F68C878-D54D-49F0-B921-9F85DE52F695}.Debug|Any CPU.ActiveCfg = Debug|Any CPU
		{6F68C878-D54D-49F0-B921-9F85DE52F695}.Debug|Any CPU.Build.0 = Debug|Any CPU
		{6F68C878-D54D-49F0-B921-9F85DE52F695}.Release|Any CPU.ActiveCfg = Release|Any CPU
		{6F68C878-D54D-49F0-B921-9F85DE52F695}.Release|Any CPU.Build.0 = Release|Any CPU
		{3A624193-21E8-4A5D-BA06-0F6F1C93930E}.Debug|Any CPU.ActiveCfg = Debug|Any CPU
		{3A624193-21E8-4A5D-BA06-0F6F1C93930E}.Debug|Any CPU.Build.0 = Debug|Any CPU
		{3A624193-21E8-4A5D-BA06-0F6F1C93930E}.Release|Any CPU.ActiveCfg = Release|Any CPU
		{3A624193-21E8-4A5D-BA06-0F6F1C93930E}.Release|Any CPU.Build.0 = Release|Any CPU
		{97CC2B82-20E6-4298-BED4-A5D041F55AD8}.Debug|Any CPU.ActiveCfg = Debug|Any CPU
		{97CC2B82-20E6-4298-BED4-A5D041F55AD8}.Debug|Any CPU.Build.0 = Debug|Any CPU
		{97CC2B82-20E6-4298-BED4-A5D041F55AD8}.Release|Any CPU.ActiveCfg = Release|Any CPU
		{97CC2B82-20E6-4298-BED4-A5D041F55AD8}.Release|Any CPU.Build.0 = Release|Any CPU
		{B60ADBD3-8AA7-40F6-9382-23DC897B4F1D}.Debug|Any CPU.ActiveCfg = Debug|Any CPU
		{B60ADBD3-8AA7-40F6-9382-23DC897B4F1D}.Debug|Any CPU.Build.0 = Debug|Any CPU
		{B60ADBD3-8AA7-40F6-9382-23DC897B4F1D}.Release|Any CPU.ActiveCfg = Release|Any CPU
		{B60ADBD3-8AA7-40F6-9382-23DC897B4F1D}.Release|Any CPU.Build.0 = Release|Any CPU
		{2808890E-8796-4C45-96C6-14787FADCBD4}.Debug|Any CPU.ActiveCfg = Debug|Any CPU
		{2808890E-8796-4C45-96C6-14787FADCBD4}.Debug|Any CPU.Build.0 = Debug|Any CPU
		{2808890E-8796-4C45-96C6-14787FADCBD4}.Release|Any CPU.ActiveCfg = Release|Any CPU
		{2808890E-8796-4C45-96C6-14787FADCBD4}.Release|Any CPU.Build.0 = Release|Any CPU
		{15782DD1-6A49-43CA-9431-A064A453EC63}.Debug|Any CPU.ActiveCfg = Debug|Any CPU
		{15782DD1-6A49-43CA-9431-A064A453EC63}.Debug|Any CPU.Build.0 = Debug|Any CPU
		{15782DD1-6A49-43CA-9431-A064A453EC63}.Release|Any CPU.ActiveCfg = Release|Any CPU
		{15782DD1-6A49-43CA-9431-A064A453EC63}.Release|Any CPU.Build.0 = Release|Any CPU
	EndGlobalSection
	GlobalSection(SolutionProperties) = preSolution
		HideSolutionNode = FALSE
	EndGlobalSection
	GlobalSection(NestedProjects) = preSolution
		{0E77EDBB-E489-415D-A2F6-D6C2672E461C} = {F32DC574-41E3-4BE2-A3C7-E65756AFCAEE}
		{8545EFC4-7EE1-475B-B78D-8034293ECA76} = {F32DC574-41E3-4BE2-A3C7-E65756AFCAEE}
		{3E30C4F7-06EE-4F37-A6CB-987F9E239F11} = {F32DC574-41E3-4BE2-A3C7-E65756AFCAEE}
		{D8AAD82E-3C86-4533-A813-6877A1E07668} = {F32DC574-41E3-4BE2-A3C7-E65756AFCAEE}
		{EA222CB7-056E-4C04-8E0E-D6137763BE22} = {F32DC574-41E3-4BE2-A3C7-E65756AFCAEE}
		{24E9E7C2-BE4E-4516-B060-4560395C13EB} = {F32DC574-41E3-4BE2-A3C7-E65756AFCAEE}
		{32F9E17F-7B7C-4D86-9078-62C0F1DF0704} = {F32DC574-41E3-4BE2-A3C7-E65756AFCAEE}
		{F0E01CD6-6945-498E-A5D0-5E35D8BA95FE} = {F32DC574-41E3-4BE2-A3C7-E65756AFCAEE}
		{8D7B8546-C139-4821-8AAE-9D6BFE76C211} = {F32DC574-41E3-4BE2-A3C7-E65756AFCAEE}
		{434A5455-6C89-42FF-BA33-BE2E888E8497} = {F32DC574-41E3-4BE2-A3C7-E65756AFCAEE}
		{F4423E21-79BC-400D-8BAD-F0CA9363784F} = {F32DC574-41E3-4BE2-A3C7-E65756AFCAEE}
		{8D224015-355F-4BEA-86D7-91386DC35979} = {F32DC574-41E3-4BE2-A3C7-E65756AFCAEE}
		{DBE31D34-B567-4225-B037-311B7A68F020} = {F32DC574-41E3-4BE2-A3C7-E65756AFCAEE}
		{6F68C878-D54D-49F0-B921-9F85DE52F695} = {F32DC574-41E3-4BE2-A3C7-E65756AFCAEE}
		{3A624193-21E8-4A5D-BA06-0F6F1C93930E} = {F32DC574-41E3-4BE2-A3C7-E65756AFCAEE}
		{97CC2B82-20E6-4298-BED4-A5D041F55AD8} = {F32DC574-41E3-4BE2-A3C7-E65756AFCAEE}
		{B60ADBD3-8AA7-40F6-9382-23DC897B4F1D} = {F32DC574-41E3-4BE2-A3C7-E65756AFCAEE}
		{2808890E-8796-4C45-96C6-14787FADCBD4} = {F32DC574-41E3-4BE2-A3C7-E65756AFCAEE}
		{15782DD1-6A49-43CA-9431-A064A453EC63} = {F32DC574-41E3-4BE2-A3C7-E65756AFCAEE}
	EndGlobalSection
	GlobalSection(ExtensibilityGlobals) = postSolution
		SolutionGuid = {62FAAA27-3B74-423C-8F94-862D2C191282}
	EndGlobalSection
EndGlobal
