
Microsoft Visual Studio Solution File, Format Version 12.00
# Visual Studio 15
VisualStudioVersion = 15.0.27130.2036
MinimumVisualStudioVersion = 10.0.40219.1
Project("{2150E333-8FDC-42A3-9474-1A3956D46DE8}") = "src", "src", "{3470156B-6097-49B5-9B50-2FD556068D68}"
EndProject
Project("{2150E333-8FDC-42A3-9474-1A3956D46DE8}") = "test", "test", "{CF437750-0943-400D-ACEF-C13008A5E125}"
EndProject
Project("{9A19103F-16F7-4668-BE54-9A1E7A4F7556}") = "NIST.CVP.ACVTS.Libraries.Math", "..\..\common\src\NIST.CVP.ACVTS.Libraries.Math\NIST.CVP.ACVTS.Libraries.Math.csproj", "{E6E28846-B8AD-49AC-8180-A0CF57E3CF99}"
EndProject
Project("{9A19103F-16F7-4668-BE54-9A1E7A4F7556}") = "NIST.CVP.ACVTS.Libraries.Math.Tests", "..\..\common\test\NIST.CVP.ACVTS.Libraries.Math.Tests\NIST.CVP.ACVTS.Libraries.Math.Tests.csproj", "{BE4D59A6-C9D8-49DC-8218-39313FA37DE2}"
EndProject
Project("{9A19103F-16F7-4668-BE54-9A1E7A4F7556}") = "NIST.CVP.ACVTS.Tests.Core", "..\..\common\test\NIST.CVP.ACVTS.Tests.Core\NIST.CVP.ACVTS.Tests.Core.csproj", "{38205EC4-7972-42E1-B114-EE3B4C8F515C}"
EndProject
Project("{9A19103F-16F7-4668-BE54-9A1E7A4F7556}") = "NIST.CVP.ACVTS.Libraries.Crypto.TDES_CFB.Tests", "..\..\crypto\test\NIST.CVP.ACVTS.Libraries.Crypto.TDES_CFB.Tests\NIST.CVP.ACVTS.Libraries.Crypto.TDES_CFB.Tests.csproj", "{817ACAB4-0269-48F5-BA80-859726B90C4C}"
EndProject
Project("{9A19103F-16F7-4668-BE54-9A1E7A4F7556}") = "NIST.CVP.ACVTS.Libraries.Crypto.TDES_CFBP.Tests", "..\..\crypto\test\NIST.CVP.ACVTS.Libraries.Crypto.TDES_CFBP.Tests\NIST.CVP.ACVTS.Libraries.Crypto.TDES_CFBP.Tests.csproj", "{5D1B5805-429F-43E8-9EBC-C68F9432C189}"
EndProject
Project("{9A19103F-16F7-4668-BE54-9A1E7A4F7556}") = "NIST.CVP.ACVTS.Libraries.Crypto.Common", "..\..\crypto\src\NIST.CVP.ACVTS.Libraries.Crypto.Common\NIST.CVP.ACVTS.Libraries.Crypto.Common.csproj", "{919FC9AB-4894-4EE9-A8C5-2850A51E1C37}"
EndProject
Project("{9A19103F-16F7-4668-BE54-9A1E7A4F7556}") = "NIST.CVP.ACVTS.Libraries.Common", "..\..\common\src\NIST.CVP.ACVTS.Libraries.Common\NIST.CVP.ACVTS.Libraries.Common.csproj", "{47F5D193-F062-4B03-8519-996E96D6FD15}"
EndProject
Project("{9A19103F-16F7-4668-BE54-9A1E7A4F7556}") = "NIST.CVP.ACVTS.Libraries.Common.Tests", "..\..\common\test\NIST.CVP.ACVTS.Libraries.Common.Tests\NIST.CVP.ACVTS.Libraries.Common.Tests.csproj", "{88891845-5A5A-47B3-8BEE-E8A7BA79D44C}"
EndProject
Project("{9A19103F-16F7-4668-BE54-9A1E7A4F7556}") = "NIST.CVP.ACVTS.Libraries.Crypto", "..\..\crypto\src\NIST.CVP.ACVTS.Libraries.Crypto\NIST.CVP.ACVTS.Libraries.Crypto.csproj", "{71FF4DD9-5DFF-4287-BF61-99037D8B4DFA}"
EndProject
Project("{9A19103F-16F7-4668-BE54-9A1E7A4F7556}") = "NIST.CVP.ACVTS.Libraries.Crypto.Oracle", "..\..\oracle\src\NIST.CVP.ACVTS.Libraries.Crypto.Oracle\NIST.CVP.ACVTS.Libraries.Crypto.Oracle.csproj", "{64601704-0D2B-4300-91B5-347B5B2A2F80}"
EndProject
Project("{9A19103F-16F7-4668-BE54-9A1E7A4F7556}") = "NIST.CVP.ACVTS.Libraries.Orleans.Grains.Interfaces", "..\..\orleans\src\NIST.CVP.ACVTS.Libraries.Orleans.Grains.Interfaces\NIST.CVP.ACVTS.Libraries.Orleans.Grains.Interfaces.csproj", "{637A2C9B-93A1-44C6-8872-39AC42FCCEBB}"
EndProject
Project("{9A19103F-16F7-4668-BE54-9A1E7A4F7556}") = "NIST.CVP.ACVTS.Libraries.Orleans.Grains", "..\..\orleans\src\NIST.CVP.ACVTS.Libraries.Orleans.Grains\NIST.CVP.ACVTS.Libraries.Orleans.Grains.csproj", "{BA7A626D-3106-42E1-BFF1-9598D74588F8}"
EndProject
Project("{9A19103F-16F7-4668-BE54-9A1E7A4F7556}") = "NIST.CVP.ACVTS.Orleans.ServerHost", "..\..\..\samples\NIST.CVP.ACVTS.Orleans.ServerHost\NIST.CVP.ACVTS.Orleans.ServerHost.csproj", "{B8337AC1-AA1D-4E48-AC1C-FBAE2DF61BAD}"
EndProject
Project("{FAE04EC0-301F-11D3-BF4B-00C04F79EFBC}") = "NIST.CVP.ACVTS.Libraries.Generation.Core", "..\..\generation\src\NIST.CVP.ACVTS.Libraries.Generation.Core\NIST.CVP.ACVTS.Libraries.Generation.Core.csproj", "{66579839-2033-4562-83A3-E2116FE7AA0B}"
EndProject
Project("{FAE04EC0-301F-11D3-BF4B-00C04F79EFBC}") = "NIST.CVP.ACVTS.Libraries.Generation.Core.Tests", "..\..\generation\test\NIST.CVP.ACVTS.Libraries.Generation.Core.Tests\NIST.CVP.ACVTS.Libraries.Generation.Core.Tests.csproj", "{55B77A07-A9AA-4CC0-8E94-D798295657FD}"
EndProject
Project("{FAE04EC0-301F-11D3-BF4B-00C04F79EFBC}") = "NIST.CVP.ACVTS.Libraries.Generation", "..\..\generation\src\NIST.CVP.ACVTS.Libraries.Generation\NIST.CVP.ACVTS.Libraries.Generation.csproj", "{A34EA8A5-4F09-4602-B035-845DD5A1FC2B}"
EndProject
Project("{FAE04EC0-301F-11D3-BF4B-00C04F79EFBC}") = "NIST.CVP.ACVTS.Libraries.Generation.TDES_CFB.IntegrationTests", "..\..\generation\test\NIST.CVP.ACVTS.Libraries.Generation.TDES_CFB.IntegrationTests\NIST.CVP.ACVTS.Libraries.Generation.TDES_CFB.IntegrationTests.csproj", "{6E84B26F-1B05-4A2B-A07E-3813E648E426}"
EndProject
Project("{FAE04EC0-301F-11D3-BF4B-00C04F79EFBC}") = "NIST.CVP.ACVTS.Libraries.Generation.TDES_CFBP.IntegrationTests", "..\..\generation\test\NIST.CVP.ACVTS.Libraries.Generation.TDES_CFBP.IntegrationTests\NIST.CVP.ACVTS.Libraries.Generation.TDES_CFBP.IntegrationTests.csproj", "{CFA61095-75D0-42E4-A9F4-338E3823BA42}"
EndProject
Project("{FAE04EC0-301F-11D3-BF4B-00C04F79EFBC}") = "NIST.CVP.ACVTS.Libraries.Oracle.Abstractions", "..\..\oracle\src\NIST.CVP.ACVTS.Libraries.Oracle.Abstractions\NIST.CVP.ACVTS.Libraries.Oracle.Abstractions.csproj", "{7FCEAD7E-6948-4E7F-9644-7B1B5DA51639}"
EndProject
Project("{FAE04EC0-301F-11D3-BF4B-00C04F79EFBC}") = "NIST.CVP.ACVTS.Libraries.Generation.Tests", "..\..\generation\test\NIST.CVP.ACVTS.Libraries.Generation.Tests\NIST.CVP.ACVTS.Libraries.Generation.Tests.csproj", "{8E4FCE43-8B6E-4ECD-AE5F-9916E2E8C05C}"
EndProject
Global
	GlobalSection(SolutionConfigurationPlatforms) = preSolution
		Debug|Any CPU = Debug|Any CPU
		Debug|x64 = Debug|x64
		Debug|x86 = Debug|x86
		Release|Any CPU = Release|Any CPU
		Release|x64 = Release|x64
		Release|x86 = Release|x86
	EndGlobalSection
	GlobalSection(ProjectConfigurationPlatforms) = postSolution
		{E6E28846-B8AD-49AC-8180-A0CF57E3CF99}.Debug|Any CPU.ActiveCfg = Debug|Any CPU
		{E6E28846-B8AD-49AC-8180-A0CF57E3CF99}.Debug|Any CPU.Build.0 = Debug|Any CPU
		{E6E28846-B8AD-49AC-8180-A0CF57E3CF99}.Debug|x64.ActiveCfg = Debug|Any CPU
		{E6E28846-B8AD-49AC-8180-A0CF57E3CF99}.Debug|x64.Build.0 = Debug|Any CPU
		{E6E28846-B8AD-49AC-8180-A0CF57E3CF99}.Debug|x86.ActiveCfg = Debug|Any CPU
		{E6E28846-B8AD-49AC-8180-A0CF57E3CF99}.Debug|x86.Build.0 = Debug|Any CPU
		{E6E28846-B8AD-49AC-8180-A0CF57E3CF99}.Release|Any CPU.ActiveCfg = Release|Any CPU
		{E6E28846-B8AD-49AC-8180-A0CF57E3CF99}.Release|Any CPU.Build.0 = Release|Any CPU
		{E6E28846-B8AD-49AC-8180-A0CF57E3CF99}.Release|x64.ActiveCfg = Release|Any CPU
		{E6E28846-B8AD-49AC-8180-A0CF57E3CF99}.Release|x64.Build.0 = Release|Any CPU
		{E6E28846-B8AD-49AC-8180-A0CF57E3CF99}.Release|x86.ActiveCfg = Release|Any CPU
		{E6E28846-B8AD-49AC-8180-A0CF57E3CF99}.Release|x86.Build.0 = Release|Any CPU
		{BE4D59A6-C9D8-49DC-8218-39313FA37DE2}.Debug|Any CPU.ActiveCfg = Debug|Any CPU
		{BE4D59A6-C9D8-49DC-8218-39313FA37DE2}.Debug|Any CPU.Build.0 = Debug|Any CPU
		{BE4D59A6-C9D8-49DC-8218-39313FA37DE2}.Debug|x64.ActiveCfg = Debug|Any CPU
		{BE4D59A6-C9D8-49DC-8218-39313FA37DE2}.Debug|x64.Build.0 = Debug|Any CPU
		{BE4D59A6-C9D8-49DC-8218-39313FA37DE2}.Debug|x86.ActiveCfg = Debug|Any CPU
		{BE4D59A6-C9D8-49DC-8218-39313FA37DE2}.Debug|x86.Build.0 = Debug|Any CPU
		{BE4D59A6-C9D8-49DC-8218-39313FA37DE2}.Release|Any CPU.ActiveCfg = Release|Any CPU
		{BE4D59A6-C9D8-49DC-8218-39313FA37DE2}.Release|Any CPU.Build.0 = Release|Any CPU
		{BE4D59A6-C9D8-49DC-8218-39313FA37DE2}.Release|x64.ActiveCfg = Release|Any CPU
		{BE4D59A6-C9D8-49DC-8218-39313FA37DE2}.Release|x64.Build.0 = Release|Any CPU
		{BE4D59A6-C9D8-49DC-8218-39313FA37DE2}.Release|x86.ActiveCfg = Release|Any CPU
		{BE4D59A6-C9D8-49DC-8218-39313FA37DE2}.Release|x86.Build.0 = Release|Any CPU
		{38205EC4-7972-42E1-B114-EE3B4C8F515C}.Debug|Any CPU.ActiveCfg = Debug|Any CPU
		{38205EC4-7972-42E1-B114-EE3B4C8F515C}.Debug|Any CPU.Build.0 = Debug|Any CPU
		{38205EC4-7972-42E1-B114-EE3B4C8F515C}.Debug|x64.ActiveCfg = Debug|Any CPU
		{38205EC4-7972-42E1-B114-EE3B4C8F515C}.Debug|x64.Build.0 = Debug|Any CPU
		{38205EC4-7972-42E1-B114-EE3B4C8F515C}.Debug|x86.ActiveCfg = Debug|Any CPU
		{38205EC4-7972-42E1-B114-EE3B4C8F515C}.Debug|x86.Build.0 = Debug|Any CPU
		{38205EC4-7972-42E1-B114-EE3B4C8F515C}.Release|Any CPU.ActiveCfg = Release|Any CPU
		{38205EC4-7972-42E1-B114-EE3B4C8F515C}.Release|Any CPU.Build.0 = Release|Any CPU
		{38205EC4-7972-42E1-B114-EE3B4C8F515C}.Release|x64.ActiveCfg = Release|Any CPU
		{38205EC4-7972-42E1-B114-EE3B4C8F515C}.Release|x64.Build.0 = Release|Any CPU
		{38205EC4-7972-42E1-B114-EE3B4C8F515C}.Release|x86.ActiveCfg = Release|Any CPU
		{38205EC4-7972-42E1-B114-EE3B4C8F515C}.Release|x86.Build.0 = Release|Any CPU
		{817ACAB4-0269-48F5-BA80-859726B90C4C}.Debug|Any CPU.ActiveCfg = Debug|Any CPU
		{817ACAB4-0269-48F5-BA80-859726B90C4C}.Debug|Any CPU.Build.0 = Debug|Any CPU
		{817ACAB4-0269-48F5-BA80-859726B90C4C}.Debug|x64.ActiveCfg = Debug|Any CPU
		{817ACAB4-0269-48F5-BA80-859726B90C4C}.Debug|x64.Build.0 = Debug|Any CPU
		{817ACAB4-0269-48F5-BA80-859726B90C4C}.Debug|x86.ActiveCfg = Debug|Any CPU
		{817ACAB4-0269-48F5-BA80-859726B90C4C}.Debug|x86.Build.0 = Debug|Any CPU
		{817ACAB4-0269-48F5-BA80-859726B90C4C}.Release|Any CPU.ActiveCfg = Release|Any CPU
		{817ACAB4-0269-48F5-BA80-859726B90C4C}.Release|Any CPU.Build.0 = Release|Any CPU
		{817ACAB4-0269-48F5-BA80-859726B90C4C}.Release|x64.ActiveCfg = Release|Any CPU
		{817ACAB4-0269-48F5-BA80-859726B90C4C}.Release|x64.Build.0 = Release|Any CPU
		{817ACAB4-0269-48F5-BA80-859726B90C4C}.Release|x86.ActiveCfg = Release|Any CPU
		{817ACAB4-0269-48F5-BA80-859726B90C4C}.Release|x86.Build.0 = Release|Any CPU
		{5D1B5805-429F-43E8-9EBC-C68F9432C189}.Debug|Any CPU.ActiveCfg = Debug|Any CPU
		{5D1B5805-429F-43E8-9EBC-C68F9432C189}.Debug|Any CPU.Build.0 = Debug|Any CPU
		{5D1B5805-429F-43E8-9EBC-C68F9432C189}.Debug|x64.ActiveCfg = Debug|Any CPU
		{5D1B5805-429F-43E8-9EBC-C68F9432C189}.Debug|x64.Build.0 = Debug|Any CPU
		{5D1B5805-429F-43E8-9EBC-C68F9432C189}.Debug|x86.ActiveCfg = Debug|Any CPU
		{5D1B5805-429F-43E8-9EBC-C68F9432C189}.Debug|x86.Build.0 = Debug|Any CPU
		{5D1B5805-429F-43E8-9EBC-C68F9432C189}.Release|Any CPU.ActiveCfg = Release|Any CPU
		{5D1B5805-429F-43E8-9EBC-C68F9432C189}.Release|Any CPU.Build.0 = Release|Any CPU
		{5D1B5805-429F-43E8-9EBC-C68F9432C189}.Release|x64.ActiveCfg = Release|Any CPU
		{5D1B5805-429F-43E8-9EBC-C68F9432C189}.Release|x64.Build.0 = Release|Any CPU
		{5D1B5805-429F-43E8-9EBC-C68F9432C189}.Release|x86.ActiveCfg = Release|Any CPU
		{5D1B5805-429F-43E8-9EBC-C68F9432C189}.Release|x86.Build.0 = Release|Any CPU
		{919FC9AB-4894-4EE9-A8C5-2850A51E1C37}.Debug|Any CPU.ActiveCfg = Debug|Any CPU
		{919FC9AB-4894-4EE9-A8C5-2850A51E1C37}.Debug|Any CPU.Build.0 = Debug|Any CPU
		{919FC9AB-4894-4EE9-A8C5-2850A51E1C37}.Debug|x64.ActiveCfg = Debug|Any CPU
		{919FC9AB-4894-4EE9-A8C5-2850A51E1C37}.Debug|x64.Build.0 = Debug|Any CPU
		{919FC9AB-4894-4EE9-A8C5-2850A51E1C37}.Debug|x86.ActiveCfg = Debug|Any CPU
		{919FC9AB-4894-4EE9-A8C5-2850A51E1C37}.Debug|x86.Build.0 = Debug|Any CPU
		{919FC9AB-4894-4EE9-A8C5-2850A51E1C37}.Release|Any CPU.ActiveCfg = Release|Any CPU
		{919FC9AB-4894-4EE9-A8C5-2850A51E1C37}.Release|Any CPU.Build.0 = Release|Any CPU
		{919FC9AB-4894-4EE9-A8C5-2850A51E1C37}.Release|x64.ActiveCfg = Release|Any CPU
		{919FC9AB-4894-4EE9-A8C5-2850A51E1C37}.Release|x64.Build.0 = Release|Any CPU
		{919FC9AB-4894-4EE9-A8C5-2850A51E1C37}.Release|x86.ActiveCfg = Release|Any CPU
		{919FC9AB-4894-4EE9-A8C5-2850A51E1C37}.Release|x86.Build.0 = Release|Any CPU
		{47F5D193-F062-4B03-8519-996E96D6FD15}.Debug|Any CPU.ActiveCfg = Debug|Any CPU
		{47F5D193-F062-4B03-8519-996E96D6FD15}.Debug|Any CPU.Build.0 = Debug|Any CPU
		{47F5D193-F062-4B03-8519-996E96D6FD15}.Debug|x64.ActiveCfg = Debug|Any CPU
		{47F5D193-F062-4B03-8519-996E96D6FD15}.Debug|x64.Build.0 = Debug|Any CPU
		{47F5D193-F062-4B03-8519-996E96D6FD15}.Debug|x86.ActiveCfg = Debug|Any CPU
		{47F5D193-F062-4B03-8519-996E96D6FD15}.Debug|x86.Build.0 = Debug|Any CPU
		{47F5D193-F062-4B03-8519-996E96D6FD15}.Release|Any CPU.ActiveCfg = Release|Any CPU
		{47F5D193-F062-4B03-8519-996E96D6FD15}.Release|Any CPU.Build.0 = Release|Any CPU
		{47F5D193-F062-4B03-8519-996E96D6FD15}.Release|x64.ActiveCfg = Release|Any CPU
		{47F5D193-F062-4B03-8519-996E96D6FD15}.Release|x64.Build.0 = Release|Any CPU
		{47F5D193-F062-4B03-8519-996E96D6FD15}.Release|x86.ActiveCfg = Release|Any CPU
		{47F5D193-F062-4B03-8519-996E96D6FD15}.Release|x86.Build.0 = Release|Any CPU
		{88891845-5A5A-47B3-8BEE-E8A7BA79D44C}.Debug|Any CPU.ActiveCfg = Debug|Any CPU
		{88891845-5A5A-47B3-8BEE-E8A7BA79D44C}.Debug|Any CPU.Build.0 = Debug|Any CPU
		{88891845-5A5A-47B3-8BEE-E8A7BA79D44C}.Debug|x64.ActiveCfg = Debug|Any CPU
		{88891845-5A5A-47B3-8BEE-E8A7BA79D44C}.Debug|x64.Build.0 = Debug|Any CPU
		{88891845-5A5A-47B3-8BEE-E8A7BA79D44C}.Debug|x86.ActiveCfg = Debug|Any CPU
		{88891845-5A5A-47B3-8BEE-E8A7BA79D44C}.Debug|x86.Build.0 = Debug|Any CPU
		{88891845-5A5A-47B3-8BEE-E8A7BA79D44C}.Release|Any CPU.ActiveCfg = Release|Any CPU
		{88891845-5A5A-47B3-8BEE-E8A7BA79D44C}.Release|Any CPU.Build.0 = Release|Any CPU
		{88891845-5A5A-47B3-8BEE-E8A7BA79D44C}.Release|x64.ActiveCfg = Release|Any CPU
		{88891845-5A5A-47B3-8BEE-E8A7BA79D44C}.Release|x64.Build.0 = Release|Any CPU
		{88891845-5A5A-47B3-8BEE-E8A7BA79D44C}.Release|x86.ActiveCfg = Release|Any CPU
		{88891845-5A5A-47B3-8BEE-E8A7BA79D44C}.Release|x86.Build.0 = Release|Any CPU
		{71FF4DD9-5DFF-4287-BF61-99037D8B4DFA}.Debug|Any CPU.ActiveCfg = Debug|Any CPU
		{71FF4DD9-5DFF-4287-BF61-99037D8B4DFA}.Debug|Any CPU.Build.0 = Debug|Any CPU
		{71FF4DD9-5DFF-4287-BF61-99037D8B4DFA}.Debug|x64.ActiveCfg = Debug|Any CPU
		{71FF4DD9-5DFF-4287-BF61-99037D8B4DFA}.Debug|x64.Build.0 = Debug|Any CPU
		{71FF4DD9-5DFF-4287-BF61-99037D8B4DFA}.Debug|x86.ActiveCfg = Debug|Any CPU
		{71FF4DD9-5DFF-4287-BF61-99037D8B4DFA}.Debug|x86.Build.0 = Debug|Any CPU
		{71FF4DD9-5DFF-4287-BF61-99037D8B4DFA}.Release|Any CPU.ActiveCfg = Release|Any CPU
		{71FF4DD9-5DFF-4287-BF61-99037D8B4DFA}.Release|Any CPU.Build.0 = Release|Any CPU
		{71FF4DD9-5DFF-4287-BF61-99037D8B4DFA}.Release|x64.ActiveCfg = Release|Any CPU
		{71FF4DD9-5DFF-4287-BF61-99037D8B4DFA}.Release|x64.Build.0 = Release|Any CPU
		{71FF4DD9-5DFF-4287-BF61-99037D8B4DFA}.Release|x86.ActiveCfg = Release|Any CPU
		{71FF4DD9-5DFF-4287-BF61-99037D8B4DFA}.Release|x86.Build.0 = Release|Any CPU
		{64601704-0D2B-4300-91B5-347B5B2A2F80}.Debug|Any CPU.ActiveCfg = Debug|Any CPU
		{64601704-0D2B-4300-91B5-347B5B2A2F80}.Debug|Any CPU.Build.0 = Debug|Any CPU
		{64601704-0D2B-4300-91B5-347B5B2A2F80}.Debug|x64.ActiveCfg = Debug|Any CPU
		{64601704-0D2B-4300-91B5-347B5B2A2F80}.Debug|x64.Build.0 = Debug|Any CPU
		{64601704-0D2B-4300-91B5-347B5B2A2F80}.Debug|x86.ActiveCfg = Debug|Any CPU
		{64601704-0D2B-4300-91B5-347B5B2A2F80}.Debug|x86.Build.0 = Debug|Any CPU
		{64601704-0D2B-4300-91B5-347B5B2A2F80}.Release|Any CPU.ActiveCfg = Release|Any CPU
		{64601704-0D2B-4300-91B5-347B5B2A2F80}.Release|Any CPU.Build.0 = Release|Any CPU
		{64601704-0D2B-4300-91B5-347B5B2A2F80}.Release|x64.ActiveCfg = Release|Any CPU
		{64601704-0D2B-4300-91B5-347B5B2A2F80}.Release|x64.Build.0 = Release|Any CPU
		{64601704-0D2B-4300-91B5-347B5B2A2F80}.Release|x86.ActiveCfg = Release|Any CPU
		{64601704-0D2B-4300-91B5-347B5B2A2F80}.Release|x86.Build.0 = Release|Any CPU
		{637A2C9B-93A1-44C6-8872-39AC42FCCEBB}.Debug|Any CPU.ActiveCfg = Debug|Any CPU
		{637A2C9B-93A1-44C6-8872-39AC42FCCEBB}.Debug|Any CPU.Build.0 = Debug|Any CPU
		{637A2C9B-93A1-44C6-8872-39AC42FCCEBB}.Debug|x64.ActiveCfg = Debug|Any CPU
		{637A2C9B-93A1-44C6-8872-39AC42FCCEBB}.Debug|x64.Build.0 = Debug|Any CPU
		{637A2C9B-93A1-44C6-8872-39AC42FCCEBB}.Debug|x86.ActiveCfg = Debug|Any CPU
		{637A2C9B-93A1-44C6-8872-39AC42FCCEBB}.Debug|x86.Build.0 = Debug|Any CPU
		{637A2C9B-93A1-44C6-8872-39AC42FCCEBB}.Release|Any CPU.ActiveCfg = Release|Any CPU
		{637A2C9B-93A1-44C6-8872-39AC42FCCEBB}.Release|Any CPU.Build.0 = Release|Any CPU
		{637A2C9B-93A1-44C6-8872-39AC42FCCEBB}.Release|x64.ActiveCfg = Release|Any CPU
		{637A2C9B-93A1-44C6-8872-39AC42FCCEBB}.Release|x64.Build.0 = Release|Any CPU
		{637A2C9B-93A1-44C6-8872-39AC42FCCEBB}.Release|x86.ActiveCfg = Release|Any CPU
		{637A2C9B-93A1-44C6-8872-39AC42FCCEBB}.Release|x86.Build.0 = Release|Any CPU
		{BA7A626D-3106-42E1-BFF1-9598D74588F8}.Debug|Any CPU.ActiveCfg = Debug|Any CPU
		{BA7A626D-3106-42E1-BFF1-9598D74588F8}.Debug|Any CPU.Build.0 = Debug|Any CPU
		{BA7A626D-3106-42E1-BFF1-9598D74588F8}.Debug|x64.ActiveCfg = Debug|Any CPU
		{BA7A626D-3106-42E1-BFF1-9598D74588F8}.Debug|x64.Build.0 = Debug|Any CPU
		{BA7A626D-3106-42E1-BFF1-9598D74588F8}.Debug|x86.ActiveCfg = Debug|Any CPU
		{BA7A626D-3106-42E1-BFF1-9598D74588F8}.Debug|x86.Build.0 = Debug|Any CPU
		{BA7A626D-3106-42E1-BFF1-9598D74588F8}.Release|Any CPU.ActiveCfg = Release|Any CPU
		{BA7A626D-3106-42E1-BFF1-9598D74588F8}.Release|Any CPU.Build.0 = Release|Any CPU
		{BA7A626D-3106-42E1-BFF1-9598D74588F8}.Release|x64.ActiveCfg = Release|Any CPU
		{BA7A626D-3106-42E1-BFF1-9598D74588F8}.Release|x64.Build.0 = Release|Any CPU
		{BA7A626D-3106-42E1-BFF1-9598D74588F8}.Release|x86.ActiveCfg = Release|Any CPU
		{BA7A626D-3106-42E1-BFF1-9598D74588F8}.Release|x86.Build.0 = Release|Any CPU
		{B8337AC1-AA1D-4E48-AC1C-FBAE2DF61BAD}.Debug|Any CPU.ActiveCfg = Debug|Any CPU
		{B8337AC1-AA1D-4E48-AC1C-FBAE2DF61BAD}.Debug|Any CPU.Build.0 = Debug|Any CPU
		{B8337AC1-AA1D-4E48-AC1C-FBAE2DF61BAD}.Debug|x64.ActiveCfg = Debug|Any CPU
		{B8337AC1-AA1D-4E48-AC1C-FBAE2DF61BAD}.Debug|x64.Build.0 = Debug|Any CPU
		{B8337AC1-AA1D-4E48-AC1C-FBAE2DF61BAD}.Debug|x86.ActiveCfg = Debug|Any CPU
		{B8337AC1-AA1D-4E48-AC1C-FBAE2DF61BAD}.Debug|x86.Build.0 = Debug|Any CPU
		{B8337AC1-AA1D-4E48-AC1C-FBAE2DF61BAD}.Release|Any CPU.ActiveCfg = Release|Any CPU
		{B8337AC1-AA1D-4E48-AC1C-FBAE2DF61BAD}.Release|Any CPU.Build.0 = Release|Any CPU
		{B8337AC1-AA1D-4E48-AC1C-FBAE2DF61BAD}.Release|x64.ActiveCfg = Release|Any CPU
		{B8337AC1-AA1D-4E48-AC1C-FBAE2DF61BAD}.Release|x64.Build.0 = Release|Any CPU
		{B8337AC1-AA1D-4E48-AC1C-FBAE2DF61BAD}.Release|x86.ActiveCfg = Release|Any CPU
		{B8337AC1-AA1D-4E48-AC1C-FBAE2DF61BAD}.Release|x86.Build.0 = Release|Any CPU
		{66579839-2033-4562-83A3-E2116FE7AA0B}.Debug|Any CPU.ActiveCfg = Debug|Any CPU
		{66579839-2033-4562-83A3-E2116FE7AA0B}.Debug|Any CPU.Build.0 = Debug|Any CPU
		{66579839-2033-4562-83A3-E2116FE7AA0B}.Debug|x64.ActiveCfg = Debug|Any CPU
		{66579839-2033-4562-83A3-E2116FE7AA0B}.Debug|x64.Build.0 = Debug|Any CPU
		{66579839-2033-4562-83A3-E2116FE7AA0B}.Debug|x86.ActiveCfg = Debug|Any CPU
		{66579839-2033-4562-83A3-E2116FE7AA0B}.Debug|x86.Build.0 = Debug|Any CPU
		{66579839-2033-4562-83A3-E2116FE7AA0B}.Release|Any CPU.ActiveCfg = Release|Any CPU
		{66579839-2033-4562-83A3-E2116FE7AA0B}.Release|Any CPU.Build.0 = Release|Any CPU
		{66579839-2033-4562-83A3-E2116FE7AA0B}.Release|x64.ActiveCfg = Release|Any CPU
		{66579839-2033-4562-83A3-E2116FE7AA0B}.Release|x64.Build.0 = Release|Any CPU
		{66579839-2033-4562-83A3-E2116FE7AA0B}.Release|x86.ActiveCfg = Release|Any CPU
		{66579839-2033-4562-83A3-E2116FE7AA0B}.Release|x86.Build.0 = Release|Any CPU
		{55B77A07-A9AA-4CC0-8E94-D798295657FD}.Debug|Any CPU.ActiveCfg = Debug|Any CPU
		{55B77A07-A9AA-4CC0-8E94-D798295657FD}.Debug|Any CPU.Build.0 = Debug|Any CPU
		{55B77A07-A9AA-4CC0-8E94-D798295657FD}.Debug|x64.ActiveCfg = Debug|Any CPU
		{55B77A07-A9AA-4CC0-8E94-D798295657FD}.Debug|x64.Build.0 = Debug|Any CPU
		{55B77A07-A9AA-4CC0-8E94-D798295657FD}.Debug|x86.ActiveCfg = Debug|Any CPU
		{55B77A07-A9AA-4CC0-8E94-D798295657FD}.Debug|x86.Build.0 = Debug|Any CPU
		{55B77A07-A9AA-4CC0-8E94-D798295657FD}.Release|Any CPU.ActiveCfg = Release|Any CPU
		{55B77A07-A9AA-4CC0-8E94-D798295657FD}.Release|Any CPU.Build.0 = Release|Any CPU
		{55B77A07-A9AA-4CC0-8E94-D798295657FD}.Release|x64.ActiveCfg = Release|Any CPU
		{55B77A07-A9AA-4CC0-8E94-D798295657FD}.Release|x64.Build.0 = Release|Any CPU
		{55B77A07-A9AA-4CC0-8E94-D798295657FD}.Release|x86.ActiveCfg = Release|Any CPU
		{55B77A07-A9AA-4CC0-8E94-D798295657FD}.Release|x86.Build.0 = Release|Any CPU
		{A34EA8A5-4F09-4602-B035-845DD5A1FC2B}.Debug|Any CPU.ActiveCfg = Debug|Any CPU
		{A34EA8A5-4F09-4602-B035-845DD5A1FC2B}.Debug|Any CPU.Build.0 = Debug|Any CPU
		{A34EA8A5-4F09-4602-B035-845DD5A1FC2B}.Debug|x64.ActiveCfg = Debug|Any CPU
		{A34EA8A5-4F09-4602-B035-845DD5A1FC2B}.Debug|x64.Build.0 = Debug|Any CPU
		{A34EA8A5-4F09-4602-B035-845DD5A1FC2B}.Debug|x86.ActiveCfg = Debug|Any CPU
		{A34EA8A5-4F09-4602-B035-845DD5A1FC2B}.Debug|x86.Build.0 = Debug|Any CPU
		{A34EA8A5-4F09-4602-B035-845DD5A1FC2B}.Release|Any CPU.ActiveCfg = Release|Any CPU
		{A34EA8A5-4F09-4602-B035-845DD5A1FC2B}.Release|Any CPU.Build.0 = Release|Any CPU
		{A34EA8A5-4F09-4602-B035-845DD5A1FC2B}.Release|x64.ActiveCfg = Release|Any CPU
		{A34EA8A5-4F09-4602-B035-845DD5A1FC2B}.Release|x64.Build.0 = Release|Any CPU
		{A34EA8A5-4F09-4602-B035-845DD5A1FC2B}.Release|x86.ActiveCfg = Release|Any CPU
		{A34EA8A5-4F09-4602-B035-845DD5A1FC2B}.Release|x86.Build.0 = Release|Any CPU
		{6E84B26F-1B05-4A2B-A07E-3813E648E426}.Debug|Any CPU.ActiveCfg = Debug|Any CPU
		{6E84B26F-1B05-4A2B-A07E-3813E648E426}.Debug|Any CPU.Build.0 = Debug|Any CPU
		{6E84B26F-1B05-4A2B-A07E-3813E648E426}.Debug|x64.ActiveCfg = Debug|Any CPU
		{6E84B26F-1B05-4A2B-A07E-3813E648E426}.Debug|x64.Build.0 = Debug|Any CPU
		{6E84B26F-1B05-4A2B-A07E-3813E648E426}.Debug|x86.ActiveCfg = Debug|Any CPU
		{6E84B26F-1B05-4A2B-A07E-3813E648E426}.Debug|x86.Build.0 = Debug|Any CPU
		{6E84B26F-1B05-4A2B-A07E-3813E648E426}.Release|Any CPU.ActiveCfg = Release|Any CPU
		{6E84B26F-1B05-4A2B-A07E-3813E648E426}.Release|Any CPU.Build.0 = Release|Any CPU
		{6E84B26F-1B05-4A2B-A07E-3813E648E426}.Release|x64.ActiveCfg = Release|Any CPU
		{6E84B26F-1B05-4A2B-A07E-3813E648E426}.Release|x64.Build.0 = Release|Any CPU
		{6E84B26F-1B05-4A2B-A07E-3813E648E426}.Release|x86.ActiveCfg = Release|Any CPU
		{6E84B26F-1B05-4A2B-A07E-3813E648E426}.Release|x86.Build.0 = Release|Any CPU
		{CFA61095-75D0-42E4-A9F4-338E3823BA42}.Debug|Any CPU.ActiveCfg = Debug|Any CPU
		{CFA61095-75D0-42E4-A9F4-338E3823BA42}.Debug|Any CPU.Build.0 = Debug|Any CPU
		{CFA61095-75D0-42E4-A9F4-338E3823BA42}.Debug|x64.ActiveCfg = Debug|Any CPU
		{CFA61095-75D0-42E4-A9F4-338E3823BA42}.Debug|x64.Build.0 = Debug|Any CPU
		{CFA61095-75D0-42E4-A9F4-338E3823BA42}.Debug|x86.ActiveCfg = Debug|Any CPU
		{CFA61095-75D0-42E4-A9F4-338E3823BA42}.Debug|x86.Build.0 = Debug|Any CPU
		{CFA61095-75D0-42E4-A9F4-338E3823BA42}.Release|Any CPU.ActiveCfg = Release|Any CPU
		{CFA61095-75D0-42E4-A9F4-338E3823BA42}.Release|Any CPU.Build.0 = Release|Any CPU
		{CFA61095-75D0-42E4-A9F4-338E3823BA42}.Release|x64.ActiveCfg = Release|Any CPU
		{CFA61095-75D0-42E4-A9F4-338E3823BA42}.Release|x64.Build.0 = Release|Any CPU
		{CFA61095-75D0-42E4-A9F4-338E3823BA42}.Release|x86.ActiveCfg = Release|Any CPU
		{CFA61095-75D0-42E4-A9F4-338E3823BA42}.Release|x86.Build.0 = Release|Any CPU
		{7FCEAD7E-6948-4E7F-9644-7B1B5DA51639}.Debug|Any CPU.ActiveCfg = Debug|Any CPU
		{7FCEAD7E-6948-4E7F-9644-7B1B5DA51639}.Debug|Any CPU.Build.0 = Debug|Any CPU
		{7FCEAD7E-6948-4E7F-9644-7B1B5DA51639}.Debug|x64.ActiveCfg = Debug|Any CPU
		{7FCEAD7E-6948-4E7F-9644-7B1B5DA51639}.Debug|x64.Build.0 = Debug|Any CPU
		{7FCEAD7E-6948-4E7F-9644-7B1B5DA51639}.Debug|x86.ActiveCfg = Debug|Any CPU
		{7FCEAD7E-6948-4E7F-9644-7B1B5DA51639}.Debug|x86.Build.0 = Debug|Any CPU
		{7FCEAD7E-6948-4E7F-9644-7B1B5DA51639}.Release|Any CPU.ActiveCfg = Release|Any CPU
		{7FCEAD7E-6948-4E7F-9644-7B1B5DA51639}.Release|Any CPU.Build.0 = Release|Any CPU
		{7FCEAD7E-6948-4E7F-9644-7B1B5DA51639}.Release|x64.ActiveCfg = Release|Any CPU
		{7FCEAD7E-6948-4E7F-9644-7B1B5DA51639}.Release|x64.Build.0 = Release|Any CPU
		{7FCEAD7E-6948-4E7F-9644-7B1B5DA51639}.Release|x86.ActiveCfg = Release|Any CPU
		{7FCEAD7E-6948-4E7F-9644-7B1B5DA51639}.Release|x86.Build.0 = Release|Any CPU
		{8E4FCE43-8B6E-4ECD-AE5F-9916E2E8C05C}.Debug|Any CPU.ActiveCfg = Debug|Any CPU
		{8E4FCE43-8B6E-4ECD-AE5F-9916E2E8C05C}.Debug|Any CPU.Build.0 = Debug|Any CPU
		{8E4FCE43-8B6E-4ECD-AE5F-9916E2E8C05C}.Debug|x64.ActiveCfg = Debug|Any CPU
		{8E4FCE43-8B6E-4ECD-AE5F-9916E2E8C05C}.Debug|x64.Build.0 = Debug|Any CPU
		{8E4FCE43-8B6E-4ECD-AE5F-9916E2E8C05C}.Debug|x86.ActiveCfg = Debug|Any CPU
		{8E4FCE43-8B6E-4ECD-AE5F-9916E2E8C05C}.Debug|x86.Build.0 = Debug|Any CPU
		{8E4FCE43-8B6E-4ECD-AE5F-9916E2E8C05C}.Release|Any CPU.ActiveCfg = Release|Any CPU
		{8E4FCE43-8B6E-4ECD-AE5F-9916E2E8C05C}.Release|Any CPU.Build.0 = Release|Any CPU
		{8E4FCE43-8B6E-4ECD-AE5F-9916E2E8C05C}.Release|x64.ActiveCfg = Release|Any CPU
		{8E4FCE43-8B6E-4ECD-AE5F-9916E2E8C05C}.Release|x64.Build.0 = Release|Any CPU
		{8E4FCE43-8B6E-4ECD-AE5F-9916E2E8C05C}.Release|x86.ActiveCfg = Release|Any CPU
		{8E4FCE43-8B6E-4ECD-AE5F-9916E2E8C05C}.Release|x86.Build.0 = Release|Any CPU
	EndGlobalSection
	GlobalSection(SolutionProperties) = preSolution
		HideSolutionNode = FALSE
	EndGlobalSection
	GlobalSection(NestedProjects) = preSolution
		{E6E28846-B8AD-49AC-8180-A0CF57E3CF99} = {3470156B-6097-49B5-9B50-2FD556068D68}
		{BE4D59A6-C9D8-49DC-8218-39313FA37DE2} = {CF437750-0943-400D-ACEF-C13008A5E125}
		{38205EC4-7972-42E1-B114-EE3B4C8F515C} = {CF437750-0943-400D-ACEF-C13008A5E125}
		{817ACAB4-0269-48F5-BA80-859726B90C4C} = {CF437750-0943-400D-ACEF-C13008A5E125}
		{5D1B5805-429F-43E8-9EBC-C68F9432C189} = {CF437750-0943-400D-ACEF-C13008A5E125}
		{919FC9AB-4894-4EE9-A8C5-2850A51E1C37} = {3470156B-6097-49B5-9B50-2FD556068D68}
		{47F5D193-F062-4B03-8519-996E96D6FD15} = {3470156B-6097-49B5-9B50-2FD556068D68}
		{88891845-5A5A-47B3-8BEE-E8A7BA79D44C} = {CF437750-0943-400D-ACEF-C13008A5E125}
		{71FF4DD9-5DFF-4287-BF61-99037D8B4DFA} = {3470156B-6097-49B5-9B50-2FD556068D68}
		{64601704-0D2B-4300-91B5-347B5B2A2F80} = {3470156B-6097-49B5-9B50-2FD556068D68}
		{637A2C9B-93A1-44C6-8872-39AC42FCCEBB} = {3470156B-6097-49B5-9B50-2FD556068D68}
		{BA7A626D-3106-42E1-BFF1-9598D74588F8} = {3470156B-6097-49B5-9B50-2FD556068D68}
		{B8337AC1-AA1D-4E48-AC1C-FBAE2DF61BAD} = {3470156B-6097-49B5-9B50-2FD556068D68}
		{66579839-2033-4562-83A3-E2116FE7AA0B} = {3470156B-6097-49B5-9B50-2FD556068D68}
		{55B77A07-A9AA-4CC0-8E94-D798295657FD} = {CF437750-0943-400D-ACEF-C13008A5E125}
		{A34EA8A5-4F09-4602-B035-845DD5A1FC2B} = {3470156B-6097-49B5-9B50-2FD556068D68}
		{6E84B26F-1B05-4A2B-A07E-3813E648E426} = {CF437750-0943-400D-ACEF-C13008A5E125}
		{CFA61095-75D0-42E4-A9F4-338E3823BA42} = {CF437750-0943-400D-ACEF-C13008A5E125}
		{7FCEAD7E-6948-4E7F-9644-7B1B5DA51639} = {3470156B-6097-49B5-9B50-2FD556068D68}
		{8E4FCE43-8B6E-4ECD-AE5F-9916E2E8C05C} = {CF437750-0943-400D-ACEF-C13008A5E125}
	EndGlobalSection
	GlobalSection(ExtensibilityGlobals) = postSolution
		SolutionGuid = {3C636CB0-46DF-41F3-971B-5A3C32935228}
	EndGlobalSection
EndGlobal
