
Microsoft Visual Studio Solution File, Format Version 12.00
# Visual Studio 15
VisualStudioVersion = 15.0.26730.10
MinimumVisualStudioVersion = 10.0.40219.1
Project("{9A19103F-16F7-4668-BE54-9A1E7A4F7556}") = "NIST.CVP.Crypto.DSA2", "..\..\crypto\src\NIST.CVP.Crypto.DSA2\NIST.CVP.Crypto.DSA2.csproj", "{6C0E5213-6CDE-41DF-AE88-C9504C290D6E}"
EndProject
Project("{9A19103F-16F7-4668-BE54-9A1E7A4F7556}") = "NIST.CVP.Crypto.SHA2", "..\..\crypto\src\NIST.CVP.Crypto.SHA2\NIST.CVP.Crypto.SHA2.csproj", "{CCA57620-AA1B-4870-B8AC-7FD773EDDBFF}"
EndProject
Project("{9A19103F-16F7-4668-BE54-9A1E7A4F7556}") = "NIST.CVP.Generation.Core", "..\..\common\src\NIST.CVP.Generation.Core\NIST.CVP.Generation.Core.csproj", "{D8F1A1EA-8E17-4012-B48B-FBF931D8D7B5}"
EndProject
Project("{9A19103F-16F7-4668-BE54-9A1E7A4F7556}") = "NIST.CVP.Math", "..\..\common\src\NIST.CVP.Math\NIST.CVP.Math.csproj", "{9D7947E7-B9AE-415B-BF18-E997BC3D7BCD}"
EndProject
Project("{2150E333-8FDC-42A3-9474-1A3956D46DE8}") = "src", "src", "{8A7FEA20-DFF5-4E1B-ADE9-349564E5FAAB}"
EndProject
Project("{2150E333-8FDC-42A3-9474-1A3956D46DE8}") = "test", "test", "{3A1064A5-ACA1-4488-AEEC-8B5A127AC7D0}"
EndProject
Project("{9A19103F-16F7-4668-BE54-9A1E7A4F7556}") = "NIST.CVP.Math.Tests", "..\..\common\test\NIST.CVP.Math.Tests\NIST.CVP.Math.Tests.csproj", "{E67D5436-03ED-41A6-8A14-C3578E73DE13}"
EndProject
Project("{9A19103F-16F7-4668-BE54-9A1E7A4F7556}") = "NIST.CVP.Generation.Core.Tests", "..\..\common\test\NIST.CVP.Generation.Core.Tests\NIST.CVP.Generation.Core.Tests.csproj", "{3F0E28C8-F532-44EE-A67B-0EECC18C75C7}"
EndProject
Project("{9A19103F-16F7-4668-BE54-9A1E7A4F7556}") = "NIST.CVP.Tests.Core", "..\..\common\test\NIST.CVP.Tests.Core\NIST.CVP.Tests.Core.csproj", "{A89FD06C-50FE-441F-8BD2-0D96C5638654}"
EndProject
Project("{9A19103F-16F7-4668-BE54-9A1E7A4F7556}") = "NIST.CVP.Crypto.DSA2.Tests", "..\..\crypto\test\NIST.CVP.Crypto.DSA2.Tests\NIST.CVP.Crypto.DSA2.Tests.csproj", "{A71CC6BF-D1A3-4F12-A76A-ECE3038C73DE}"
EndProject
Project("{9A19103F-16F7-4668-BE54-9A1E7A4F7556}") = "NIST.CVP.Crypto.SHA2.Tests", "..\..\crypto\test\NIST.CVP.Crypto.SHA2.Tests\NIST.CVP.Crypto.SHA2.Tests.csproj", "{EEE6F2BD-4DB8-4371-815A-4D04BEEA36EE}"
EndProject
Global
	GlobalSection(SolutionConfigurationPlatforms) = preSolution
		Debug|Any CPU = Debug|Any CPU
		Release|Any CPU = Release|Any CPU
	EndGlobalSection
	GlobalSection(ProjectConfigurationPlatforms) = postSolution
		{6C0E5213-6CDE-41DF-AE88-C9504C290D6E}.Debug|Any CPU.ActiveCfg = Debug|Any CPU
		{6C0E5213-6CDE-41DF-AE88-C9504C290D6E}.Debug|Any CPU.Build.0 = Debug|Any CPU
		{6C0E5213-6CDE-41DF-AE88-C9504C290D6E}.Release|Any CPU.ActiveCfg = Release|Any CPU
		{6C0E5213-6CDE-41DF-AE88-C9504C290D6E}.Release|Any CPU.Build.0 = Release|Any CPU
		{CCA57620-AA1B-4870-B8AC-7FD773EDDBFF}.Debug|Any CPU.ActiveCfg = Debug|Any CPU
		{CCA57620-AA1B-4870-B8AC-7FD773EDDBFF}.Debug|Any CPU.Build.0 = Debug|Any CPU
		{CCA57620-AA1B-4870-B8AC-7FD773EDDBFF}.Release|Any CPU.ActiveCfg = Release|Any CPU
		{CCA57620-AA1B-4870-B8AC-7FD773EDDBFF}.Release|Any CPU.Build.0 = Release|Any CPU
		{D8F1A1EA-8E17-4012-B48B-FBF931D8D7B5}.Debug|Any CPU.ActiveCfg = Debug|Any CPU
		{D8F1A1EA-8E17-4012-B48B-FBF931D8D7B5}.Debug|Any CPU.Build.0 = Debug|Any CPU
		{D8F1A1EA-8E17-4012-B48B-FBF931D8D7B5}.Release|Any CPU.ActiveCfg = Release|Any CPU
		{D8F1A1EA-8E17-4012-B48B-FBF931D8D7B5}.Release|Any CPU.Build.0 = Release|Any CPU
		{9D7947E7-B9AE-415B-BF18-E997BC3D7BCD}.Debug|Any CPU.ActiveCfg = Debug|Any CPU
		{9D7947E7-B9AE-415B-BF18-E997BC3D7BCD}.Debug|Any CPU.Build.0 = Debug|Any CPU
		{9D7947E7-B9AE-415B-BF18-E997BC3D7BCD}.Release|Any CPU.ActiveCfg = Release|Any CPU
		{9D7947E7-B9AE-415B-BF18-E997BC3D7BCD}.Release|Any CPU.Build.0 = Release|Any CPU
		{E67D5436-03ED-41A6-8A14-C3578E73DE13}.Debug|Any CPU.ActiveCfg = Debug|Any CPU
		{E67D5436-03ED-41A6-8A14-C3578E73DE13}.Debug|Any CPU.Build.0 = Debug|Any CPU
		{E67D5436-03ED-41A6-8A14-C3578E73DE13}.Release|Any CPU.ActiveCfg = Release|Any CPU
		{E67D5436-03ED-41A6-8A14-C3578E73DE13}.Release|Any CPU.Build.0 = Release|Any CPU
		{3F0E28C8-F532-44EE-A67B-0EECC18C75C7}.Debug|Any CPU.ActiveCfg = Debug|Any CPU
		{3F0E28C8-F532-44EE-A67B-0EECC18C75C7}.Debug|Any CPU.Build.0 = Debug|Any CPU
		{3F0E28C8-F532-44EE-A67B-0EECC18C75C7}.Release|Any CPU.ActiveCfg = Release|Any CPU
		{3F0E28C8-F532-44EE-A67B-0EECC18C75C7}.Release|Any CPU.Build.0 = Release|Any CPU
		{A89FD06C-50FE-441F-8BD2-0D96C5638654}.Debug|Any CPU.ActiveCfg = Debug|Any CPU
		{A89FD06C-50FE-441F-8BD2-0D96C5638654}.Debug|Any CPU.Build.0 = Debug|Any CPU
		{A89FD06C-50FE-441F-8BD2-0D96C5638654}.Release|Any CPU.ActiveCfg = Release|Any CPU
		{A89FD06C-50FE-441F-8BD2-0D96C5638654}.Release|Any CPU.Build.0 = Release|Any CPU
		{A71CC6BF-D1A3-4F12-A76A-ECE3038C73DE}.Debug|Any CPU.ActiveCfg = Debug|Any CPU
		{A71CC6BF-D1A3-4F12-A76A-ECE3038C73DE}.Debug|Any CPU.Build.0 = Debug|Any CPU
		{A71CC6BF-D1A3-4F12-A76A-ECE3038C73DE}.Release|Any CPU.ActiveCfg = Release|Any CPU
		{A71CC6BF-D1A3-4F12-A76A-ECE3038C73DE}.Release|Any CPU.Build.0 = Release|Any CPU
		{EEE6F2BD-4DB8-4371-815A-4D04BEEA36EE}.Debug|Any CPU.ActiveCfg = Debug|Any CPU
		{EEE6F2BD-4DB8-4371-815A-4D04BEEA36EE}.Debug|Any CPU.Build.0 = Debug|Any CPU
		{EEE6F2BD-4DB8-4371-815A-4D04BEEA36EE}.Release|Any CPU.ActiveCfg = Release|Any CPU
		{EEE6F2BD-4DB8-4371-815A-4D04BEEA36EE}.Release|Any CPU.Build.0 = Release|Any CPU
	EndGlobalSection
	GlobalSection(SolutionProperties) = preSolution
		HideSolutionNode = FALSE
	EndGlobalSection
	GlobalSection(NestedProjects) = preSolution
		{6C0E5213-6CDE-41DF-AE88-C9504C290D6E} = {8A7FEA20-DFF5-4E1B-ADE9-349564E5FAAB}
		{CCA57620-AA1B-4870-B8AC-7FD773EDDBFF} = {8A7FEA20-DFF5-4E1B-ADE9-349564E5FAAB}
		{D8F1A1EA-8E17-4012-B48B-FBF931D8D7B5} = {8A7FEA20-DFF5-4E1B-ADE9-349564E5FAAB}
		{9D7947E7-B9AE-415B-BF18-E997BC3D7BCD} = {8A7FEA20-DFF5-4E1B-ADE9-349564E5FAAB}
		{E67D5436-03ED-41A6-8A14-C3578E73DE13} = {3A1064A5-ACA1-4488-AEEC-8B5A127AC7D0}
		{3F0E28C8-F532-44EE-A67B-0EECC18C75C7} = {3A1064A5-ACA1-4488-AEEC-8B5A127AC7D0}
		{A89FD06C-50FE-441F-8BD2-0D96C5638654} = {3A1064A5-ACA1-4488-AEEC-8B5A127AC7D0}
		{A71CC6BF-D1A3-4F12-A76A-ECE3038C73DE} = {3A1064A5-ACA1-4488-AEEC-8B5A127AC7D0}
		{EEE6F2BD-4DB8-4371-815A-4D04BEEA36EE} = {3A1064A5-ACA1-4488-AEEC-8B5A127AC7D0}
	EndGlobalSection
	GlobalSection(ExtensibilityGlobals) = postSolution
		SolutionGuid = {B1FB7617-33CC-4073-8F8F-057BADD417C4}
	EndGlobalSection
EndGlobal
