
Microsoft Visual Studio Solution File, Format Version 12.00
# Visual Studio 15
VisualStudioVersion = 15.0.27130.2036
MinimumVisualStudioVersion = 10.0.40219.1
Project("{2150E333-8FDC-42A3-9474-1A3956D46DE8}") = "src", "src", "{6FBD67E5-0222-4BB6-B0D2-67636943A362}"
EndProject
Project("{2150E333-8FDC-42A3-9474-1A3956D46DE8}") = "test", "test", "{2900417F-03FA-4EF9-9640-9F1C67DEE621}"
EndProject
Project("{9A19103F-16F7-4668-BE54-9A1E7A4F7556}") = "NIST.CVP.Generation.Core", "..\..\common\src\NIST.CVP.Generation.Core\NIST.CVP.Generation.Core.csproj", "{84794187-F0F4-49E0-850C-3E3EFE97C279}"
EndProject
Project("{9A19103F-16F7-4668-BE54-9A1E7A4F7556}") = "NIST.CVP.Math", "..\..\common\src\NIST.CVP.Math\NIST.CVP.Math.csproj", "{FD959DB3-9E65-4504-A54B-940868CF3899}"
EndProject
Project("{9A19103F-16F7-4668-BE54-9A1E7A4F7556}") = "NIST.CVP.Tests.Core", "..\..\common\test\NIST.CVP.Tests.Core\NIST.CVP.Tests.Core.csproj", "{5C3D7A24-3267-4BF6-9413-0B7E8291B6A1}"
EndProject
Project("{9A19103F-16F7-4668-BE54-9A1E7A4F7556}") = "NIST.CVP.Math.Tests", "..\..\common\test\NIST.CVP.Math.Tests\NIST.CVP.Math.Tests.csproj", "{A3BDD4CF-B9E9-4E8A-856A-C757549F8817}"
EndProject
Project("{9A19103F-16F7-4668-BE54-9A1E7A4F7556}") = "NIST.CVP.Generation.TDES_CBC", "..\..\tdes-cbc\src\NIST.CVP.Generation.TDES_CBC\NIST.CVP.Generation.TDES_CBC.csproj", "{74A8BF70-7F7B-4FA0-A61F-61AFC4283964}"
EndProject
Project("{9A19103F-16F7-4668-BE54-9A1E7A4F7556}") = "NIST.CVP.Generation.TDES_CBC.Tests", "..\..\tdes-cbc\test\NIST.CVP.Generation.TDES_CBC.Tests\NIST.CVP.Generation.TDES_CBC.Tests.csproj", "{929B2F03-6900-48ED-B940-22CA3A0FD6E2}"
EndProject
Project("{9A19103F-16F7-4668-BE54-9A1E7A4F7556}") = "NIST.CVP.Generation.TDES_CBC.IntegrationTests", "..\..\tdes-cbc\test\NIST.CVP.Generation.TDES_CBC.IntegrationTests\NIST.CVP.Generation.TDES_CBC.IntegrationTests.csproj", "{2D14D888-8998-4505-870F-1B0E3CAB983D}"
EndProject
Project("{9A19103F-16F7-4668-BE54-9A1E7A4F7556}") = "NIST.CVP.Crypto.TDES_CBC.Tests", "..\..\crypto\test\NIST.CVP.Crypto.TDES_CBC.Tests\NIST.CVP.Crypto.TDES_CBC.Tests.csproj", "{FBB70B17-2BFB-435B-9F56-A68378D84827}"
EndProject
Project("{9A19103F-16F7-4668-BE54-9A1E7A4F7556}") = "NIST.CVP.Crypto.Common", "..\..\crypto\src\NIST.CVP.Crypto.Common\NIST.CVP.Crypto.Common.csproj", "{00DD85B9-FFB8-4529-A817-0D619259FCDE}"
EndProject
Project("{9A19103F-16F7-4668-BE54-9A1E7A4F7556}") = "NIST.CVP.Common", "..\..\common\src\NIST.CVP.Common\NIST.CVP.Common.csproj", "{714921E3-36EA-4CF5-BCFA-7DEE8698CA07}"
EndProject
Project("{9A19103F-16F7-4668-BE54-9A1E7A4F7556}") = "NIST.CVP.Common.Tests", "..\..\common\test\NIST.CVP.Common.Tests\NIST.CVP.Common.Tests.csproj", "{70F5268D-9CA9-4835-A1DD-E999E7714EE2}"
EndProject
Project("{9A19103F-16F7-4668-BE54-9A1E7A4F7556}") = "NIST.CVP.Generation.Core.Tests", "..\..\common\test\NIST.CVP.Generation.Core.Tests\NIST.CVP.Generation.Core.Tests.csproj", "{7FA6BBD5-97F7-41D2-AB41-DE52F4611A38}"
EndProject
Project("{9A19103F-16F7-4668-BE54-9A1E7A4F7556}") = "NIST.CVP.Crypto", "..\..\crypto\src\NIST.CVP.Crypto\NIST.CVP.Crypto.csproj", "{EEFE59A3-B654-48FA-AE70-A3B60F38A7D9}"
EndProject
Project("{9A19103F-16F7-4668-BE54-9A1E7A4F7556}") = "NIST.CVP.Common.Oracle", "..\..\oracle\src\NIST.CVP.Common.Oracle\NIST.CVP.Common.Oracle.csproj", "{898274EC-2C80-4E51-8232-0FB73A3172DD}"
EndProject
Project("{9A19103F-16F7-4668-BE54-9A1E7A4F7556}") = "NIST.CVP.Crypto.Oracle", "..\..\oracle\src\NIST.CVP.Crypto.Oracle\NIST.CVP.Crypto.Oracle.csproj", "{7FB43E41-6FA8-41AA-9980-CBD68168C037}"
EndProject
Project("{9A19103F-16F7-4668-BE54-9A1E7A4F7556}") = "NIST.CVP.Common.Oracle.Tests", "..\..\oracle\test\NIST.CVP.Oracle.Common.Tests\NIST.CVP.Common.Oracle.Tests.csproj", "{53394952-B365-4441-AFCC-89AF13114D5C}"
EndProject
Project("{FAE04EC0-301F-11D3-BF4B-00C04F79EFBC}") = "NIST.CVP.Orleans.Grains", "..\..\orleans\src\NIST.CVP.Orleans.Grains\NIST.CVP.Orleans.Grains.csproj", "{3502577D-5BD0-47EE-9129-F8F148CD8103}"
EndProject
Project("{FAE04EC0-301F-11D3-BF4B-00C04F79EFBC}") = "NIST.CVP.Orleans.Grains.Interfaces", "..\..\orleans\src\NIST.CVP.Orleans.Grains.Interfaces\NIST.CVP.Orleans.Grains.Interfaces.csproj", "{1446A9FB-1003-4F8C-B367-F917CB6117D6}"
EndProject
Project("{FAE04EC0-301F-11D3-BF4B-00C04F79EFBC}") = "NIST.CVP.Orleans.ServerHost", "..\..\orleans\src\NIST.CVP.Orleans.ServerHost\NIST.CVP.Orleans.ServerHost.csproj", "{A408866F-2665-4C4E-9DEE-18A7B3560D22}"
EndProject
Global
	GlobalSection(SolutionConfigurationPlatforms) = preSolution
		Debug|Any CPU = Debug|Any CPU
		Debug|x64 = Debug|x64
		Debug|x86 = Debug|x86
		Release|Any CPU = Release|Any CPU
		Release|x64 = Release|x64
		Release|x86 = Release|x86
	EndGlobalSection
	GlobalSection(ProjectConfigurationPlatforms) = postSolution
		{84794187-F0F4-49E0-850C-3E3EFE97C279}.Debug|Any CPU.ActiveCfg = Debug|Any CPU
		{84794187-F0F4-49E0-850C-3E3EFE97C279}.Debug|Any CPU.Build.0 = Debug|Any CPU
		{84794187-F0F4-49E0-850C-3E3EFE97C279}.Debug|x64.ActiveCfg = Debug|Any CPU
		{84794187-F0F4-49E0-850C-3E3EFE97C279}.Debug|x64.Build.0 = Debug|Any CPU
		{84794187-F0F4-49E0-850C-3E3EFE97C279}.Debug|x86.ActiveCfg = Debug|Any CPU
		{84794187-F0F4-49E0-850C-3E3EFE97C279}.Debug|x86.Build.0 = Debug|Any CPU
		{84794187-F0F4-49E0-850C-3E3EFE97C279}.Release|Any CPU.ActiveCfg = Release|Any CPU
		{84794187-F0F4-49E0-850C-3E3EFE97C279}.Release|Any CPU.Build.0 = Release|Any CPU
		{84794187-F0F4-49E0-850C-3E3EFE97C279}.Release|x64.ActiveCfg = Release|Any CPU
		{84794187-F0F4-49E0-850C-3E3EFE97C279}.Release|x64.Build.0 = Release|Any CPU
		{84794187-F0F4-49E0-850C-3E3EFE97C279}.Release|x86.ActiveCfg = Release|Any CPU
		{84794187-F0F4-49E0-850C-3E3EFE97C279}.Release|x86.Build.0 = Release|Any CPU
		{FD959DB3-9E65-4504-A54B-940868CF3899}.Debug|Any CPU.ActiveCfg = Debug|Any CPU
		{FD959DB3-9E65-4504-A54B-940868CF3899}.Debug|Any CPU.Build.0 = Debug|Any CPU
		{FD959DB3-9E65-4504-A54B-940868CF3899}.Debug|x64.ActiveCfg = Debug|Any CPU
		{FD959DB3-9E65-4504-A54B-940868CF3899}.Debug|x64.Build.0 = Debug|Any CPU
		{FD959DB3-9E65-4504-A54B-940868CF3899}.Debug|x86.ActiveCfg = Debug|Any CPU
		{FD959DB3-9E65-4504-A54B-940868CF3899}.Debug|x86.Build.0 = Debug|Any CPU
		{FD959DB3-9E65-4504-A54B-940868CF3899}.Release|Any CPU.ActiveCfg = Release|Any CPU
		{FD959DB3-9E65-4504-A54B-940868CF3899}.Release|Any CPU.Build.0 = Release|Any CPU
		{FD959DB3-9E65-4504-A54B-940868CF3899}.Release|x64.ActiveCfg = Release|Any CPU
		{FD959DB3-9E65-4504-A54B-940868CF3899}.Release|x64.Build.0 = Release|Any CPU
		{FD959DB3-9E65-4504-A54B-940868CF3899}.Release|x86.ActiveCfg = Release|Any CPU
		{FD959DB3-9E65-4504-A54B-940868CF3899}.Release|x86.Build.0 = Release|Any CPU
		{5C3D7A24-3267-4BF6-9413-0B7E8291B6A1}.Debug|Any CPU.ActiveCfg = Debug|Any CPU
		{5C3D7A24-3267-4BF6-9413-0B7E8291B6A1}.Debug|Any CPU.Build.0 = Debug|Any CPU
		{5C3D7A24-3267-4BF6-9413-0B7E8291B6A1}.Debug|x64.ActiveCfg = Debug|Any CPU
		{5C3D7A24-3267-4BF6-9413-0B7E8291B6A1}.Debug|x64.Build.0 = Debug|Any CPU
		{5C3D7A24-3267-4BF6-9413-0B7E8291B6A1}.Debug|x86.ActiveCfg = Debug|Any CPU
		{5C3D7A24-3267-4BF6-9413-0B7E8291B6A1}.Debug|x86.Build.0 = Debug|Any CPU
		{5C3D7A24-3267-4BF6-9413-0B7E8291B6A1}.Release|Any CPU.ActiveCfg = Release|Any CPU
		{5C3D7A24-3267-4BF6-9413-0B7E8291B6A1}.Release|Any CPU.Build.0 = Release|Any CPU
		{5C3D7A24-3267-4BF6-9413-0B7E8291B6A1}.Release|x64.ActiveCfg = Release|Any CPU
		{5C3D7A24-3267-4BF6-9413-0B7E8291B6A1}.Release|x64.Build.0 = Release|Any CPU
		{5C3D7A24-3267-4BF6-9413-0B7E8291B6A1}.Release|x86.ActiveCfg = Release|Any CPU
		{5C3D7A24-3267-4BF6-9413-0B7E8291B6A1}.Release|x86.Build.0 = Release|Any CPU
		{A3BDD4CF-B9E9-4E8A-856A-C757549F8817}.Debug|Any CPU.ActiveCfg = Debug|Any CPU
		{A3BDD4CF-B9E9-4E8A-856A-C757549F8817}.Debug|Any CPU.Build.0 = Debug|Any CPU
		{A3BDD4CF-B9E9-4E8A-856A-C757549F8817}.Debug|x64.ActiveCfg = Debug|Any CPU
		{A3BDD4CF-B9E9-4E8A-856A-C757549F8817}.Debug|x64.Build.0 = Debug|Any CPU
		{A3BDD4CF-B9E9-4E8A-856A-C757549F8817}.Debug|x86.ActiveCfg = Debug|Any CPU
		{A3BDD4CF-B9E9-4E8A-856A-C757549F8817}.Debug|x86.Build.0 = Debug|Any CPU
		{A3BDD4CF-B9E9-4E8A-856A-C757549F8817}.Release|Any CPU.ActiveCfg = Release|Any CPU
		{A3BDD4CF-B9E9-4E8A-856A-C757549F8817}.Release|Any CPU.Build.0 = Release|Any CPU
		{A3BDD4CF-B9E9-4E8A-856A-C757549F8817}.Release|x64.ActiveCfg = Release|Any CPU
		{A3BDD4CF-B9E9-4E8A-856A-C757549F8817}.Release|x64.Build.0 = Release|Any CPU
		{A3BDD4CF-B9E9-4E8A-856A-C757549F8817}.Release|x86.ActiveCfg = Release|Any CPU
		{A3BDD4CF-B9E9-4E8A-856A-C757549F8817}.Release|x86.Build.0 = Release|Any CPU
		{74A8BF70-7F7B-4FA0-A61F-61AFC4283964}.Debug|Any CPU.ActiveCfg = Debug|Any CPU
		{74A8BF70-7F7B-4FA0-A61F-61AFC4283964}.Debug|Any CPU.Build.0 = Debug|Any CPU
		{74A8BF70-7F7B-4FA0-A61F-61AFC4283964}.Debug|x64.ActiveCfg = Debug|Any CPU
		{74A8BF70-7F7B-4FA0-A61F-61AFC4283964}.Debug|x64.Build.0 = Debug|Any CPU
		{74A8BF70-7F7B-4FA0-A61F-61AFC4283964}.Debug|x86.ActiveCfg = Debug|Any CPU
		{74A8BF70-7F7B-4FA0-A61F-61AFC4283964}.Debug|x86.Build.0 = Debug|Any CPU
		{74A8BF70-7F7B-4FA0-A61F-61AFC4283964}.Release|Any CPU.ActiveCfg = Release|Any CPU
		{74A8BF70-7F7B-4FA0-A61F-61AFC4283964}.Release|Any CPU.Build.0 = Release|Any CPU
		{74A8BF70-7F7B-4FA0-A61F-61AFC4283964}.Release|x64.ActiveCfg = Release|Any CPU
		{74A8BF70-7F7B-4FA0-A61F-61AFC4283964}.Release|x64.Build.0 = Release|Any CPU
		{74A8BF70-7F7B-4FA0-A61F-61AFC4283964}.Release|x86.ActiveCfg = Release|Any CPU
		{74A8BF70-7F7B-4FA0-A61F-61AFC4283964}.Release|x86.Build.0 = Release|Any CPU
		{929B2F03-6900-48ED-B940-22CA3A0FD6E2}.Debug|Any CPU.ActiveCfg = Debug|Any CPU
		{929B2F03-6900-48ED-B940-22CA3A0FD6E2}.Debug|Any CPU.Build.0 = Debug|Any CPU
		{929B2F03-6900-48ED-B940-22CA3A0FD6E2}.Debug|x64.ActiveCfg = Debug|Any CPU
		{929B2F03-6900-48ED-B940-22CA3A0FD6E2}.Debug|x64.Build.0 = Debug|Any CPU
		{929B2F03-6900-48ED-B940-22CA3A0FD6E2}.Debug|x86.ActiveCfg = Debug|Any CPU
		{929B2F03-6900-48ED-B940-22CA3A0FD6E2}.Debug|x86.Build.0 = Debug|Any CPU
		{929B2F03-6900-48ED-B940-22CA3A0FD6E2}.Release|Any CPU.ActiveCfg = Release|Any CPU
		{929B2F03-6900-48ED-B940-22CA3A0FD6E2}.Release|Any CPU.Build.0 = Release|Any CPU
		{929B2F03-6900-48ED-B940-22CA3A0FD6E2}.Release|x64.ActiveCfg = Release|Any CPU
		{929B2F03-6900-48ED-B940-22CA3A0FD6E2}.Release|x64.Build.0 = Release|Any CPU
		{929B2F03-6900-48ED-B940-22CA3A0FD6E2}.Release|x86.ActiveCfg = Release|Any CPU
		{929B2F03-6900-48ED-B940-22CA3A0FD6E2}.Release|x86.Build.0 = Release|Any CPU
		{2D14D888-8998-4505-870F-1B0E3CAB983D}.Debug|Any CPU.ActiveCfg = Debug|Any CPU
		{2D14D888-8998-4505-870F-1B0E3CAB983D}.Debug|Any CPU.Build.0 = Debug|Any CPU
		{2D14D888-8998-4505-870F-1B0E3CAB983D}.Debug|x64.ActiveCfg = Debug|Any CPU
		{2D14D888-8998-4505-870F-1B0E3CAB983D}.Debug|x64.Build.0 = Debug|Any CPU
		{2D14D888-8998-4505-870F-1B0E3CAB983D}.Debug|x86.ActiveCfg = Debug|Any CPU
		{2D14D888-8998-4505-870F-1B0E3CAB983D}.Debug|x86.Build.0 = Debug|Any CPU
		{2D14D888-8998-4505-870F-1B0E3CAB983D}.Release|Any CPU.ActiveCfg = Release|Any CPU
		{2D14D888-8998-4505-870F-1B0E3CAB983D}.Release|Any CPU.Build.0 = Release|Any CPU
		{2D14D888-8998-4505-870F-1B0E3CAB983D}.Release|x64.ActiveCfg = Release|Any CPU
		{2D14D888-8998-4505-870F-1B0E3CAB983D}.Release|x64.Build.0 = Release|Any CPU
		{2D14D888-8998-4505-870F-1B0E3CAB983D}.Release|x86.ActiveCfg = Release|Any CPU
		{2D14D888-8998-4505-870F-1B0E3CAB983D}.Release|x86.Build.0 = Release|Any CPU
		{FBB70B17-2BFB-435B-9F56-A68378D84827}.Debug|Any CPU.ActiveCfg = Debug|Any CPU
		{FBB70B17-2BFB-435B-9F56-A68378D84827}.Debug|Any CPU.Build.0 = Debug|Any CPU
		{FBB70B17-2BFB-435B-9F56-A68378D84827}.Debug|x64.ActiveCfg = Debug|Any CPU
		{FBB70B17-2BFB-435B-9F56-A68378D84827}.Debug|x64.Build.0 = Debug|Any CPU
		{FBB70B17-2BFB-435B-9F56-A68378D84827}.Debug|x86.ActiveCfg = Debug|Any CPU
		{FBB70B17-2BFB-435B-9F56-A68378D84827}.Debug|x86.Build.0 = Debug|Any CPU
		{FBB70B17-2BFB-435B-9F56-A68378D84827}.Release|Any CPU.ActiveCfg = Release|Any CPU
		{FBB70B17-2BFB-435B-9F56-A68378D84827}.Release|Any CPU.Build.0 = Release|Any CPU
		{FBB70B17-2BFB-435B-9F56-A68378D84827}.Release|x64.ActiveCfg = Release|Any CPU
		{FBB70B17-2BFB-435B-9F56-A68378D84827}.Release|x64.Build.0 = Release|Any CPU
		{FBB70B17-2BFB-435B-9F56-A68378D84827}.Release|x86.ActiveCfg = Release|Any CPU
		{FBB70B17-2BFB-435B-9F56-A68378D84827}.Release|x86.Build.0 = Release|Any CPU
		{00DD85B9-FFB8-4529-A817-0D619259FCDE}.Debug|Any CPU.ActiveCfg = Debug|Any CPU
		{00DD85B9-FFB8-4529-A817-0D619259FCDE}.Debug|Any CPU.Build.0 = Debug|Any CPU
		{00DD85B9-FFB8-4529-A817-0D619259FCDE}.Debug|x64.ActiveCfg = Debug|Any CPU
		{00DD85B9-FFB8-4529-A817-0D619259FCDE}.Debug|x64.Build.0 = Debug|Any CPU
		{00DD85B9-FFB8-4529-A817-0D619259FCDE}.Debug|x86.ActiveCfg = Debug|Any CPU
		{00DD85B9-FFB8-4529-A817-0D619259FCDE}.Debug|x86.Build.0 = Debug|Any CPU
		{00DD85B9-FFB8-4529-A817-0D619259FCDE}.Release|Any CPU.ActiveCfg = Release|Any CPU
		{00DD85B9-FFB8-4529-A817-0D619259FCDE}.Release|Any CPU.Build.0 = Release|Any CPU
		{00DD85B9-FFB8-4529-A817-0D619259FCDE}.Release|x64.ActiveCfg = Release|Any CPU
		{00DD85B9-FFB8-4529-A817-0D619259FCDE}.Release|x64.Build.0 = Release|Any CPU
		{00DD85B9-FFB8-4529-A817-0D619259FCDE}.Release|x86.ActiveCfg = Release|Any CPU
		{00DD85B9-FFB8-4529-A817-0D619259FCDE}.Release|x86.Build.0 = Release|Any CPU
		{714921E3-36EA-4CF5-BCFA-7DEE8698CA07}.Debug|Any CPU.ActiveCfg = Debug|Any CPU
		{714921E3-36EA-4CF5-BCFA-7DEE8698CA07}.Debug|Any CPU.Build.0 = Debug|Any CPU
		{714921E3-36EA-4CF5-BCFA-7DEE8698CA07}.Debug|x64.ActiveCfg = Debug|Any CPU
		{714921E3-36EA-4CF5-BCFA-7DEE8698CA07}.Debug|x64.Build.0 = Debug|Any CPU
		{714921E3-36EA-4CF5-BCFA-7DEE8698CA07}.Debug|x86.ActiveCfg = Debug|Any CPU
		{714921E3-36EA-4CF5-BCFA-7DEE8698CA07}.Debug|x86.Build.0 = Debug|Any CPU
		{714921E3-36EA-4CF5-BCFA-7DEE8698CA07}.Release|Any CPU.ActiveCfg = Release|Any CPU
		{714921E3-36EA-4CF5-BCFA-7DEE8698CA07}.Release|Any CPU.Build.0 = Release|Any CPU
		{714921E3-36EA-4CF5-BCFA-7DEE8698CA07}.Release|x64.ActiveCfg = Release|Any CPU
		{714921E3-36EA-4CF5-BCFA-7DEE8698CA07}.Release|x64.Build.0 = Release|Any CPU
		{714921E3-36EA-4CF5-BCFA-7DEE8698CA07}.Release|x86.ActiveCfg = Release|Any CPU
		{714921E3-36EA-4CF5-BCFA-7DEE8698CA07}.Release|x86.Build.0 = Release|Any CPU
		{70F5268D-9CA9-4835-A1DD-E999E7714EE2}.Debug|Any CPU.ActiveCfg = Debug|Any CPU
		{70F5268D-9CA9-4835-A1DD-E999E7714EE2}.Debug|Any CPU.Build.0 = Debug|Any CPU
		{70F5268D-9CA9-4835-A1DD-E999E7714EE2}.Debug|x64.ActiveCfg = Debug|Any CPU
		{70F5268D-9CA9-4835-A1DD-E999E7714EE2}.Debug|x64.Build.0 = Debug|Any CPU
		{70F5268D-9CA9-4835-A1DD-E999E7714EE2}.Debug|x86.ActiveCfg = Debug|Any CPU
		{70F5268D-9CA9-4835-A1DD-E999E7714EE2}.Debug|x86.Build.0 = Debug|Any CPU
		{70F5268D-9CA9-4835-A1DD-E999E7714EE2}.Release|Any CPU.ActiveCfg = Release|Any CPU
		{70F5268D-9CA9-4835-A1DD-E999E7714EE2}.Release|Any CPU.Build.0 = Release|Any CPU
		{70F5268D-9CA9-4835-A1DD-E999E7714EE2}.Release|x64.ActiveCfg = Release|Any CPU
		{70F5268D-9CA9-4835-A1DD-E999E7714EE2}.Release|x64.Build.0 = Release|Any CPU
		{70F5268D-9CA9-4835-A1DD-E999E7714EE2}.Release|x86.ActiveCfg = Release|Any CPU
		{70F5268D-9CA9-4835-A1DD-E999E7714EE2}.Release|x86.Build.0 = Release|Any CPU
		{7FA6BBD5-97F7-41D2-AB41-DE52F4611A38}.Debug|Any CPU.ActiveCfg = Debug|Any CPU
		{7FA6BBD5-97F7-41D2-AB41-DE52F4611A38}.Debug|Any CPU.Build.0 = Debug|Any CPU
		{7FA6BBD5-97F7-41D2-AB41-DE52F4611A38}.Debug|x64.ActiveCfg = Debug|Any CPU
		{7FA6BBD5-97F7-41D2-AB41-DE52F4611A38}.Debug|x64.Build.0 = Debug|Any CPU
		{7FA6BBD5-97F7-41D2-AB41-DE52F4611A38}.Debug|x86.ActiveCfg = Debug|Any CPU
		{7FA6BBD5-97F7-41D2-AB41-DE52F4611A38}.Debug|x86.Build.0 = Debug|Any CPU
		{7FA6BBD5-97F7-41D2-AB41-DE52F4611A38}.Release|Any CPU.ActiveCfg = Release|Any CPU
		{7FA6BBD5-97F7-41D2-AB41-DE52F4611A38}.Release|Any CPU.Build.0 = Release|Any CPU
		{7FA6BBD5-97F7-41D2-AB41-DE52F4611A38}.Release|x64.ActiveCfg = Release|Any CPU
		{7FA6BBD5-97F7-41D2-AB41-DE52F4611A38}.Release|x64.Build.0 = Release|Any CPU
		{7FA6BBD5-97F7-41D2-AB41-DE52F4611A38}.Release|x86.ActiveCfg = Release|Any CPU
		{7FA6BBD5-97F7-41D2-AB41-DE52F4611A38}.Release|x86.Build.0 = Release|Any CPU
		{EEFE59A3-B654-48FA-AE70-A3B60F38A7D9}.Debug|Any CPU.ActiveCfg = Debug|Any CPU
		{EEFE59A3-B654-48FA-AE70-A3B60F38A7D9}.Debug|Any CPU.Build.0 = Debug|Any CPU
		{EEFE59A3-B654-48FA-AE70-A3B60F38A7D9}.Debug|x64.ActiveCfg = Debug|Any CPU
		{EEFE59A3-B654-48FA-AE70-A3B60F38A7D9}.Debug|x64.Build.0 = Debug|Any CPU
		{EEFE59A3-B654-48FA-AE70-A3B60F38A7D9}.Debug|x86.ActiveCfg = Debug|Any CPU
		{EEFE59A3-B654-48FA-AE70-A3B60F38A7D9}.Debug|x86.Build.0 = Debug|Any CPU
		{EEFE59A3-B654-48FA-AE70-A3B60F38A7D9}.Release|Any CPU.ActiveCfg = Release|Any CPU
		{EEFE59A3-B654-48FA-AE70-A3B60F38A7D9}.Release|Any CPU.Build.0 = Release|Any CPU
		{EEFE59A3-B654-48FA-AE70-A3B60F38A7D9}.Release|x64.ActiveCfg = Release|Any CPU
		{EEFE59A3-B654-48FA-AE70-A3B60F38A7D9}.Release|x64.Build.0 = Release|Any CPU
		{EEFE59A3-B654-48FA-AE70-A3B60F38A7D9}.Release|x86.ActiveCfg = Release|Any CPU
		{EEFE59A3-B654-48FA-AE70-A3B60F38A7D9}.Release|x86.Build.0 = Release|Any CPU
		{898274EC-2C80-4E51-8232-0FB73A3172DD}.Debug|Any CPU.ActiveCfg = Debug|Any CPU
		{898274EC-2C80-4E51-8232-0FB73A3172DD}.Debug|Any CPU.Build.0 = Debug|Any CPU
		{898274EC-2C80-4E51-8232-0FB73A3172DD}.Debug|x64.ActiveCfg = Debug|Any CPU
		{898274EC-2C80-4E51-8232-0FB73A3172DD}.Debug|x64.Build.0 = Debug|Any CPU
		{898274EC-2C80-4E51-8232-0FB73A3172DD}.Debug|x86.ActiveCfg = Debug|Any CPU
		{898274EC-2C80-4E51-8232-0FB73A3172DD}.Debug|x86.Build.0 = Debug|Any CPU
		{898274EC-2C80-4E51-8232-0FB73A3172DD}.Release|Any CPU.ActiveCfg = Release|Any CPU
		{898274EC-2C80-4E51-8232-0FB73A3172DD}.Release|Any CPU.Build.0 = Release|Any CPU
		{898274EC-2C80-4E51-8232-0FB73A3172DD}.Release|x64.ActiveCfg = Release|Any CPU
		{898274EC-2C80-4E51-8232-0FB73A3172DD}.Release|x64.Build.0 = Release|Any CPU
		{898274EC-2C80-4E51-8232-0FB73A3172DD}.Release|x86.ActiveCfg = Release|Any CPU
		{898274EC-2C80-4E51-8232-0FB73A3172DD}.Release|x86.Build.0 = Release|Any CPU
		{7FB43E41-6FA8-41AA-9980-CBD68168C037}.Debug|Any CPU.ActiveCfg = Debug|Any CPU
		{7FB43E41-6FA8-41AA-9980-CBD68168C037}.Debug|Any CPU.Build.0 = Debug|Any CPU
		{7FB43E41-6FA8-41AA-9980-CBD68168C037}.Debug|x64.ActiveCfg = Debug|Any CPU
		{7FB43E41-6FA8-41AA-9980-CBD68168C037}.Debug|x64.Build.0 = Debug|Any CPU
		{7FB43E41-6FA8-41AA-9980-CBD68168C037}.Debug|x86.ActiveCfg = Debug|Any CPU
		{7FB43E41-6FA8-41AA-9980-CBD68168C037}.Debug|x86.Build.0 = Debug|Any CPU
		{7FB43E41-6FA8-41AA-9980-CBD68168C037}.Release|Any CPU.ActiveCfg = Release|Any CPU
		{7FB43E41-6FA8-41AA-9980-CBD68168C037}.Release|Any CPU.Build.0 = Release|Any CPU
		{7FB43E41-6FA8-41AA-9980-CBD68168C037}.Release|x64.ActiveCfg = Release|Any CPU
		{7FB43E41-6FA8-41AA-9980-CBD68168C037}.Release|x64.Build.0 = Release|Any CPU
		{7FB43E41-6FA8-41AA-9980-CBD68168C037}.Release|x86.ActiveCfg = Release|Any CPU
		{7FB43E41-6FA8-41AA-9980-CBD68168C037}.Release|x86.Build.0 = Release|Any CPU
		{53394952-B365-4441-AFCC-89AF13114D5C}.Debug|Any CPU.ActiveCfg = Debug|Any CPU
		{53394952-B365-4441-AFCC-89AF13114D5C}.Debug|Any CPU.Build.0 = Debug|Any CPU
		{53394952-B365-4441-AFCC-89AF13114D5C}.Debug|x64.ActiveCfg = Debug|Any CPU
		{53394952-B365-4441-AFCC-89AF13114D5C}.Debug|x64.Build.0 = Debug|Any CPU
		{53394952-B365-4441-AFCC-89AF13114D5C}.Debug|x86.ActiveCfg = Debug|Any CPU
		{53394952-B365-4441-AFCC-89AF13114D5C}.Debug|x86.Build.0 = Debug|Any CPU
		{53394952-B365-4441-AFCC-89AF13114D5C}.Release|Any CPU.ActiveCfg = Release|Any CPU
		{53394952-B365-4441-AFCC-89AF13114D5C}.Release|Any CPU.Build.0 = Release|Any CPU
		{53394952-B365-4441-AFCC-89AF13114D5C}.Release|x64.ActiveCfg = Release|Any CPU
		{53394952-B365-4441-AFCC-89AF13114D5C}.Release|x64.Build.0 = Release|Any CPU
		{53394952-B365-4441-AFCC-89AF13114D5C}.Release|x86.ActiveCfg = Release|Any CPU
		{53394952-B365-4441-AFCC-89AF13114D5C}.Release|x86.Build.0 = Release|Any CPU
		{3502577D-5BD0-47EE-9129-F8F148CD8103}.Debug|Any CPU.ActiveCfg = Debug|Any CPU
		{3502577D-5BD0-47EE-9129-F8F148CD8103}.Debug|Any CPU.Build.0 = Debug|Any CPU
		{3502577D-5BD0-47EE-9129-F8F148CD8103}.Debug|x64.ActiveCfg = Debug|Any CPU
		{3502577D-5BD0-47EE-9129-F8F148CD8103}.Debug|x64.Build.0 = Debug|Any CPU
		{3502577D-5BD0-47EE-9129-F8F148CD8103}.Debug|x86.ActiveCfg = Debug|Any CPU
		{3502577D-5BD0-47EE-9129-F8F148CD8103}.Debug|x86.Build.0 = Debug|Any CPU
		{3502577D-5BD0-47EE-9129-F8F148CD8103}.Release|Any CPU.ActiveCfg = Release|Any CPU
		{3502577D-5BD0-47EE-9129-F8F148CD8103}.Release|Any CPU.Build.0 = Release|Any CPU
		{3502577D-5BD0-47EE-9129-F8F148CD8103}.Release|x64.ActiveCfg = Release|Any CPU
		{3502577D-5BD0-47EE-9129-F8F148CD8103}.Release|x64.Build.0 = Release|Any CPU
		{3502577D-5BD0-47EE-9129-F8F148CD8103}.Release|x86.ActiveCfg = Release|Any CPU
		{3502577D-5BD0-47EE-9129-F8F148CD8103}.Release|x86.Build.0 = Release|Any CPU
		{1446A9FB-1003-4F8C-B367-F917CB6117D6}.Debug|Any CPU.ActiveCfg = Debug|Any CPU
		{1446A9FB-1003-4F8C-B367-F917CB6117D6}.Debug|Any CPU.Build.0 = Debug|Any CPU
		{1446A9FB-1003-4F8C-B367-F917CB6117D6}.Debug|x64.ActiveCfg = Debug|Any CPU
		{1446A9FB-1003-4F8C-B367-F917CB6117D6}.Debug|x64.Build.0 = Debug|Any CPU
		{1446A9FB-1003-4F8C-B367-F917CB6117D6}.Debug|x86.ActiveCfg = Debug|Any CPU
		{1446A9FB-1003-4F8C-B367-F917CB6117D6}.Debug|x86.Build.0 = Debug|Any CPU
		{1446A9FB-1003-4F8C-B367-F917CB6117D6}.Release|Any CPU.ActiveCfg = Release|Any CPU
		{1446A9FB-1003-4F8C-B367-F917CB6117D6}.Release|Any CPU.Build.0 = Release|Any CPU
		{1446A9FB-1003-4F8C-B367-F917CB6117D6}.Release|x64.ActiveCfg = Release|Any CPU
		{1446A9FB-1003-4F8C-B367-F917CB6117D6}.Release|x64.Build.0 = Release|Any CPU
		{1446A9FB-1003-4F8C-B367-F917CB6117D6}.Release|x86.ActiveCfg = Release|Any CPU
		{1446A9FB-1003-4F8C-B367-F917CB6117D6}.Release|x86.Build.0 = Release|Any CPU
		{A408866F-2665-4C4E-9DEE-18A7B3560D22}.Debug|Any CPU.ActiveCfg = Debug|Any CPU
		{A408866F-2665-4C4E-9DEE-18A7B3560D22}.Debug|Any CPU.Build.0 = Debug|Any CPU
		{A408866F-2665-4C4E-9DEE-18A7B3560D22}.Debug|x64.ActiveCfg = Debug|Any CPU
		{A408866F-2665-4C4E-9DEE-18A7B3560D22}.Debug|x64.Build.0 = Debug|Any CPU
		{A408866F-2665-4C4E-9DEE-18A7B3560D22}.Debug|x86.ActiveCfg = Debug|Any CPU
		{A408866F-2665-4C4E-9DEE-18A7B3560D22}.Debug|x86.Build.0 = Debug|Any CPU
		{A408866F-2665-4C4E-9DEE-18A7B3560D22}.Release|Any CPU.ActiveCfg = Release|Any CPU
		{A408866F-2665-4C4E-9DEE-18A7B3560D22}.Release|Any CPU.Build.0 = Release|Any CPU
		{A408866F-2665-4C4E-9DEE-18A7B3560D22}.Release|x64.ActiveCfg = Release|Any CPU
		{A408866F-2665-4C4E-9DEE-18A7B3560D22}.Release|x64.Build.0 = Release|Any CPU
		{A408866F-2665-4C4E-9DEE-18A7B3560D22}.Release|x86.ActiveCfg = Release|Any CPU
		{A408866F-2665-4C4E-9DEE-18A7B3560D22}.Release|x86.Build.0 = Release|Any CPU
	EndGlobalSection
	GlobalSection(SolutionProperties) = preSolution
		HideSolutionNode = FALSE
	EndGlobalSection
	GlobalSection(NestedProjects) = preSolution
		{84794187-F0F4-49E0-850C-3E3EFE97C279} = {6FBD67E5-0222-4BB6-B0D2-67636943A362}
		{FD959DB3-9E65-4504-A54B-940868CF3899} = {6FBD67E5-0222-4BB6-B0D2-67636943A362}
		{5C3D7A24-3267-4BF6-9413-0B7E8291B6A1} = {2900417F-03FA-4EF9-9640-9F1C67DEE621}
		{A3BDD4CF-B9E9-4E8A-856A-C757549F8817} = {2900417F-03FA-4EF9-9640-9F1C67DEE621}
		{74A8BF70-7F7B-4FA0-A61F-61AFC4283964} = {6FBD67E5-0222-4BB6-B0D2-67636943A362}
		{929B2F03-6900-48ED-B940-22CA3A0FD6E2} = {2900417F-03FA-4EF9-9640-9F1C67DEE621}
		{2D14D888-8998-4505-870F-1B0E3CAB983D} = {2900417F-03FA-4EF9-9640-9F1C67DEE621}
		{FBB70B17-2BFB-435B-9F56-A68378D84827} = {2900417F-03FA-4EF9-9640-9F1C67DEE621}
		{00DD85B9-FFB8-4529-A817-0D619259FCDE} = {6FBD67E5-0222-4BB6-B0D2-67636943A362}
		{714921E3-36EA-4CF5-BCFA-7DEE8698CA07} = {6FBD67E5-0222-4BB6-B0D2-67636943A362}
		{70F5268D-9CA9-4835-A1DD-E999E7714EE2} = {2900417F-03FA-4EF9-9640-9F1C67DEE621}
		{7FA6BBD5-97F7-41D2-AB41-DE52F4611A38} = {2900417F-03FA-4EF9-9640-9F1C67DEE621}
		{EEFE59A3-B654-48FA-AE70-A3B60F38A7D9} = {6FBD67E5-0222-4BB6-B0D2-67636943A362}
		{898274EC-2C80-4E51-8232-0FB73A3172DD} = {6FBD67E5-0222-4BB6-B0D2-67636943A362}
		{7FB43E41-6FA8-41AA-9980-CBD68168C037} = {6FBD67E5-0222-4BB6-B0D2-67636943A362}
		{53394952-B365-4441-AFCC-89AF13114D5C} = {2900417F-03FA-4EF9-9640-9F1C67DEE621}
	EndGlobalSection
	GlobalSection(ExtensibilityGlobals) = postSolution
		SolutionGuid = {4488F74A-2784-40F0-B7FE-8FFB901C3F75}
	EndGlobalSection
EndGlobal
