
Microsoft Visual Studio Solution File, Format Version 12.00
# Visual Studio 15
VisualStudioVersion = 15.0.27703.2042
MinimumVisualStudioVersion = 10.0.40219.1
Project("{2150E333-8FDC-42A3-9474-1A3956D46DE8}") = "src", "src", "{3BE3514F-0788-4496-B7A5-90B0E24C92AC}"
EndProject
Project("{2150E333-8FDC-42A3-9474-1A3956D46DE8}") = "test", "test", "{2A2257E8-9E66-41D9-A48A-DD57EAE15C9A}"
EndProject
Project("{9A19103F-16F7-4668-BE54-9A1E7A4F7556}") = "NIST.CVP.Generation.Core", "..\..\common\src\NIST.CVP.Generation.Core\NIST.CVP.Generation.Core.csproj", "{215D0BD2-3B16-4474-A068-3C9F96136053}"
EndProject
Project("{9A19103F-16F7-4668-BE54-9A1E7A4F7556}") = "NIST.CVP.Math", "..\..\common\src\NIST.CVP.Math\NIST.CVP.Math.csproj", "{8B880E58-D457-4042-B10B-EC3A418385B6}"
EndProject
Project("{9A19103F-16F7-4668-BE54-9A1E7A4F7556}") = "NIST.CVP.Common", "..\..\common\src\NIST.CVP.Common\NIST.CVP.Common.csproj", "{6DFCB02F-BE7B-46F9-B8F1-78504170CC39}"
EndProject
Project("{9A19103F-16F7-4668-BE54-9A1E7A4F7556}") = "NIST.CVP.Common.Tests", "..\..\common\test\NIST.CVP.Common.Tests\NIST.CVP.Common.Tests.csproj", "{AB8C8972-9084-4AFE-8B25-A3457FBD06BC}"
EndProject
Project("{9A19103F-16F7-4668-BE54-9A1E7A4F7556}") = "NIST.CVP.Generation.Core.Tests", "..\..\common\test\NIST.CVP.Generation.Core.Tests\NIST.CVP.Generation.Core.Tests.csproj", "{14FA210C-3235-49B0-B445-8565879F8994}"
EndProject
Project("{9A19103F-16F7-4668-BE54-9A1E7A4F7556}") = "NIST.CVP.Math.Tests", "..\..\common\test\NIST.CVP.Math.Tests\NIST.CVP.Math.Tests.csproj", "{80FE7FAC-6A13-4FB9-8820-BA2369F36570}"
EndProject
Project("{9A19103F-16F7-4668-BE54-9A1E7A4F7556}") = "NIST.CVP.Tests.Core", "..\..\common\test\NIST.CVP.Tests.Core\NIST.CVP.Tests.Core.csproj", "{608D382B-E9E3-4DAF-BD24-89E6B360039C}"
EndProject
Project("{9A19103F-16F7-4668-BE54-9A1E7A4F7556}") = "NIST.CVP.Common.Oracle", "..\..\oracle\src\NIST.CVP.Common.Oracle\NIST.CVP.Common.Oracle.csproj", "{A9E7DE93-C50C-4385-A406-424FD24016D9}"
EndProject
Project("{9A19103F-16F7-4668-BE54-9A1E7A4F7556}") = "NIST.CVP.Crypto.Oracle", "..\..\oracle\src\NIST.CVP.Crypto.Oracle\NIST.CVP.Crypto.Oracle.csproj", "{BDD98159-DC13-4678-8B92-EAD040AA5C49}"
EndProject
Project("{9A19103F-16F7-4668-BE54-9A1E7A4F7556}") = "NIST.CVP.Common.Oracle.Tests", "..\..\oracle\test\NIST.CVP.Oracle.Common.Tests\NIST.CVP.Common.Oracle.Tests.csproj", "{32136486-5C36-4743-BF09-B6D9EE9A7BCE}"
EndProject
Project("{9A19103F-16F7-4668-BE54-9A1E7A4F7556}") = "NIST.CVP.Crypto", "..\..\crypto\src\NIST.CVP.Crypto\NIST.CVP.Crypto.csproj", "{0FCB24FB-BE68-4D6F-9D58-E490EA0102EA}"
EndProject
Project("{9A19103F-16F7-4668-BE54-9A1E7A4F7556}") = "NIST.CVP.Crypto.Common", "..\..\crypto\src\NIST.CVP.Crypto.Common\NIST.CVP.Crypto.Common.csproj", "{FAAFD287-C8D5-4DAC-B58F-8FDED9FB19D0}"
EndProject
Project("{9A19103F-16F7-4668-BE54-9A1E7A4F7556}") = "NIST.CVP.Crypto.SHA3.Tests", "..\..\crypto\test\NIST.CVP.Crypto.SHA3.Tests\NIST.CVP.Crypto.SHA3.Tests.csproj", "{C77B1BDD-C57A-466F-8A92-C6AD139A1CC7}"
EndProject
Project("{9A19103F-16F7-4668-BE54-9A1E7A4F7556}") = "NIST.CVP.Crypto.DSA.Ed.Tests", "..\..\crypto\test\NIST.CVP.Crypto.DSA.Ed.Tests\NIST.CVP.Crypto.DSA.Ed.Tests.csproj", "{F360BEC7-5632-402F-A8B5-BA3E7F91D7CC}"
EndProject
Project("{9A19103F-16F7-4668-BE54-9A1E7A4F7556}") = "NIST.CVP.Crypto.SHA2.Tests", "..\..\crypto\test\NIST.CVP.Crypto.SHA2.Tests\NIST.CVP.Crypto.SHA2.Tests.csproj", "{AD0A5E48-01AC-423F-94B3-28A6C8F54872}"
EndProject
Project("{9A19103F-16F7-4668-BE54-9A1E7A4F7556}") = "NIST.CVP.Crypto.SHAWrapper.Tests", "..\..\crypto\test\NIST.CVP.Crypto.SHAWrapper.Tests\NIST.CVP.Crypto.SHAWrapper.Tests.csproj", "{F1C7A330-3DBE-499E-8A88-1F227870B060}"
EndProject
Project("{9A19103F-16F7-4668-BE54-9A1E7A4F7556}") = "NIST.CVP.Generation.DSA.Ed.SigGen", "..\..\eddsa\src\NIST.CVP.Generation.DSA.Ed.SigGen\NIST.CVP.Generation.DSA.Ed.SigGen.csproj", "{A04E59D0-5873-426E-99A4-F8FB8F9089CE}"
EndProject
Project("{9A19103F-16F7-4668-BE54-9A1E7A4F7556}") = "NIST.CVP.Generation.DSA.Ed.SigGen.Tests", "..\..\eddsa\test\NIST.CVP.Generation.DSA.Ed.SigGen.Tests\NIST.CVP.Generation.DSA.Ed.SigGen.Tests.csproj", "{6F7E277C-ED84-4A31-A240-C34EBC2A0278}"
EndProject
Project("{9A19103F-16F7-4668-BE54-9A1E7A4F7556}") = "NIST.CVP.Generation.DSA.Ed.SigGen.IntegrationTests", "..\..\eddsa\test\NIST.CVP.Generation.DSA.Ed.SigGen.IntegrationTests\NIST.CVP.Generation.DSA.Ed.SigGen.IntegrationTests.csproj", "{5425D86D-E990-440C-8FA5-9EED1C17ABB4}"
EndProject
Project("{9A19103F-16F7-4668-BE54-9A1E7A4F7556}") = "NIST.CVP.Generation.DSA.Ed.SigVer", "..\..\eddsa\src\NIST.CVP.Generation.DSA.Ed.SigVer\NIST.CVP.Generation.DSA.Ed.SigVer.csproj", "{AD62ADCA-E021-4F4F-8B29-3B6E092B70AA}"
EndProject
Project("{9A19103F-16F7-4668-BE54-9A1E7A4F7556}") = "NIST.CVP.Generation.DSA.Ed.KeyGen", "..\..\eddsa\src\NIST.CVP.Generation.DSA.Ed.KeyGen\NIST.CVP.Generation.DSA.Ed.KeyGen.csproj", "{20574E75-BE3B-4CCF-BDAB-9C6A745D30BA}"
EndProject
Project("{9A19103F-16F7-4668-BE54-9A1E7A4F7556}") = "NIST.CVP.Generation.DSA.Ed.KeyVer", "..\..\eddsa\src\NIST.CVP.Generation.DSA.Ed.KeyVer\NIST.CVP.Generation.DSA.Ed.KeyVer.csproj", "{08CB10E7-ED8C-4DE3-BF31-AD032C270051}"
EndProject
Project("{9A19103F-16F7-4668-BE54-9A1E7A4F7556}") = "NIST.CVP.Generation.DSA.Ed.SigVer.Tests", "..\..\eddsa\test\NIST.CVP.Generation.DSA.Ed.SigVer.Tests\NIST.CVP.Generation.DSA.Ed.SigVer.Tests.csproj", "{F8FC4D6C-A234-4BD7-B54E-5450FC600628}"
EndProject
Project("{9A19103F-16F7-4668-BE54-9A1E7A4F7556}") = "NIST.CVP.Generation.DSA.Ed.SigVer.IntegrationTests", "..\..\eddsa\test\NIST.CVP.Generation.DSA.Ed.SigVer.IntegrationTests\NIST.CVP.Generation.DSA.Ed.SigVer.IntegrationTests.csproj", "{4CBF9603-C66A-4E5A-BEA8-87F93FC415D6}"
EndProject
Project("{9A19103F-16F7-4668-BE54-9A1E7A4F7556}") = "NIST.CVP.Generation.DSA.Ed.KeyGen.Tests", "..\..\eddsa\test\NIST.CVP.Generation.DSA.Ed.KeyGen.Tests\NIST.CVP.Generation.DSA.Ed.KeyGen.Tests.csproj", "{550E8808-084B-41FC-AB2F-884A68A7C3D9}"
EndProject
Project("{9A19103F-16F7-4668-BE54-9A1E7A4F7556}") = "NIST.CVP.Generation.DSA.Ed.KeyGen.IntegrationTests", "..\..\eddsa\test\NIST.CVP.Generation.DSA.Ed.KeyGen.IntegrationTests\NIST.CVP.Generation.DSA.Ed.KeyGen.IntegrationTests.csproj", "{826E4D4D-5EF9-4365-9D36-9612DC2AA6FB}"
EndProject
Project("{9A19103F-16F7-4668-BE54-9A1E7A4F7556}") = "NIST.CVP.Generation.DSA.Ed.KeyVer.Tests", "..\..\eddsa\test\NIST.CVP.Generation.DSA.Ed.KeyVer.Tests\NIST.CVP.Generation.DSA.Ed.KeyVer.Tests.csproj", "{DB51AF8E-1CCD-4025-9260-6C2CFB22FFE6}"
EndProject
Project("{9A19103F-16F7-4668-BE54-9A1E7A4F7556}") = "NIST.CVP.Generation.DSA.Ed.KeyVer.IntegrationTests", "..\..\eddsa\test\NIST.CVP.Generation.DSA.Ed.KeyVer.IntegrationTests\NIST.CVP.Generation.DSA.Ed.KeyVer.IntegrationTests.csproj", "{2C82B07A-79E2-4E77-BF92-1560BAAF5674}"
EndProject
Project("{9A19103F-16F7-4668-BE54-9A1E7A4F7556}") = "NIST.CVP.Orleans.Grains", "..\..\orleans\src\NIST.CVP.Orleans.Grains\NIST.CVP.Orleans.Grains.csproj", "{25FCC86E-2DB2-4FD2-BF12-AF4B458703AD}"
EndProject
Project("{9A19103F-16F7-4668-BE54-9A1E7A4F7556}") = "NIST.CVP.Orleans.Grains.Interfaces", "..\..\orleans\src\NIST.CVP.Orleans.Grains.Interfaces\NIST.CVP.Orleans.Grains.Interfaces.csproj", "{9D7612FE-BFFA-4985-A964-607A3CEB8F3C}"
EndProject
Project("{9A19103F-16F7-4668-BE54-9A1E7A4F7556}") = "NIST.CVP.Orleans.ServerHost", "..\..\orleans\src\NIST.CVP.Orleans.ServerHost\NIST.CVP.Orleans.ServerHost.csproj", "{BF635B4A-27E6-4A8F-8334-2923556519AA}"
EndProject
Global
	GlobalSection(SolutionConfigurationPlatforms) = preSolution
		Debug|Any CPU = Debug|Any CPU
		Release|Any CPU = Release|Any CPU
	EndGlobalSection
	GlobalSection(ProjectConfigurationPlatforms) = postSolution
		{215D0BD2-3B16-4474-A068-3C9F96136053}.Debug|Any CPU.ActiveCfg = Debug|Any CPU
		{215D0BD2-3B16-4474-A068-3C9F96136053}.Debug|Any CPU.Build.0 = Debug|Any CPU
		{215D0BD2-3B16-4474-A068-3C9F96136053}.Release|Any CPU.ActiveCfg = Release|Any CPU
		{215D0BD2-3B16-4474-A068-3C9F96136053}.Release|Any CPU.Build.0 = Release|Any CPU
		{8B880E58-D457-4042-B10B-EC3A418385B6}.Debug|Any CPU.ActiveCfg = Debug|Any CPU
		{8B880E58-D457-4042-B10B-EC3A418385B6}.Debug|Any CPU.Build.0 = Debug|Any CPU
		{8B880E58-D457-4042-B10B-EC3A418385B6}.Release|Any CPU.ActiveCfg = Release|Any CPU
		{8B880E58-D457-4042-B10B-EC3A418385B6}.Release|Any CPU.Build.0 = Release|Any CPU
		{6DFCB02F-BE7B-46F9-B8F1-78504170CC39}.Debug|Any CPU.ActiveCfg = Debug|Any CPU
		{6DFCB02F-BE7B-46F9-B8F1-78504170CC39}.Debug|Any CPU.Build.0 = Debug|Any CPU
		{6DFCB02F-BE7B-46F9-B8F1-78504170CC39}.Release|Any CPU.ActiveCfg = Release|Any CPU
		{6DFCB02F-BE7B-46F9-B8F1-78504170CC39}.Release|Any CPU.Build.0 = Release|Any CPU
		{AB8C8972-9084-4AFE-8B25-A3457FBD06BC}.Debug|Any CPU.ActiveCfg = Debug|Any CPU
		{AB8C8972-9084-4AFE-8B25-A3457FBD06BC}.Debug|Any CPU.Build.0 = Debug|Any CPU
		{AB8C8972-9084-4AFE-8B25-A3457FBD06BC}.Release|Any CPU.ActiveCfg = Release|Any CPU
		{AB8C8972-9084-4AFE-8B25-A3457FBD06BC}.Release|Any CPU.Build.0 = Release|Any CPU
		{14FA210C-3235-49B0-B445-8565879F8994}.Debug|Any CPU.ActiveCfg = Debug|Any CPU
		{14FA210C-3235-49B0-B445-8565879F8994}.Debug|Any CPU.Build.0 = Debug|Any CPU
		{14FA210C-3235-49B0-B445-8565879F8994}.Release|Any CPU.ActiveCfg = Release|Any CPU
		{14FA210C-3235-49B0-B445-8565879F8994}.Release|Any CPU.Build.0 = Release|Any CPU
		{80FE7FAC-6A13-4FB9-8820-BA2369F36570}.Debug|Any CPU.ActiveCfg = Debug|Any CPU
		{80FE7FAC-6A13-4FB9-8820-BA2369F36570}.Debug|Any CPU.Build.0 = Debug|Any CPU
		{80FE7FAC-6A13-4FB9-8820-BA2369F36570}.Release|Any CPU.ActiveCfg = Release|Any CPU
		{80FE7FAC-6A13-4FB9-8820-BA2369F36570}.Release|Any CPU.Build.0 = Release|Any CPU
		{608D382B-E9E3-4DAF-BD24-89E6B360039C}.Debug|Any CPU.ActiveCfg = Debug|Any CPU
		{608D382B-E9E3-4DAF-BD24-89E6B360039C}.Debug|Any CPU.Build.0 = Debug|Any CPU
		{608D382B-E9E3-4DAF-BD24-89E6B360039C}.Release|Any CPU.ActiveCfg = Release|Any CPU
		{608D382B-E9E3-4DAF-BD24-89E6B360039C}.Release|Any CPU.Build.0 = Release|Any CPU
		{A9E7DE93-C50C-4385-A406-424FD24016D9}.Debug|Any CPU.ActiveCfg = Debug|Any CPU
		{A9E7DE93-C50C-4385-A406-424FD24016D9}.Debug|Any CPU.Build.0 = Debug|Any CPU
		{A9E7DE93-C50C-4385-A406-424FD24016D9}.Release|Any CPU.ActiveCfg = Release|Any CPU
		{A9E7DE93-C50C-4385-A406-424FD24016D9}.Release|Any CPU.Build.0 = Release|Any CPU
		{BDD98159-DC13-4678-8B92-EAD040AA5C49}.Debug|Any CPU.ActiveCfg = Debug|Any CPU
		{BDD98159-DC13-4678-8B92-EAD040AA5C49}.Debug|Any CPU.Build.0 = Debug|Any CPU
		{BDD98159-DC13-4678-8B92-EAD040AA5C49}.Release|Any CPU.ActiveCfg = Release|Any CPU
		{BDD98159-DC13-4678-8B92-EAD040AA5C49}.Release|Any CPU.Build.0 = Release|Any CPU
		{32136486-5C36-4743-BF09-B6D9EE9A7BCE}.Debug|Any CPU.ActiveCfg = Debug|Any CPU
		{32136486-5C36-4743-BF09-B6D9EE9A7BCE}.Debug|Any CPU.Build.0 = Debug|Any CPU
		{32136486-5C36-4743-BF09-B6D9EE9A7BCE}.Release|Any CPU.ActiveCfg = Release|Any CPU
		{32136486-5C36-4743-BF09-B6D9EE9A7BCE}.Release|Any CPU.Build.0 = Release|Any CPU
		{0FCB24FB-BE68-4D6F-9D58-E490EA0102EA}.Debug|Any CPU.ActiveCfg = Debug|Any CPU
		{0FCB24FB-BE68-4D6F-9D58-E490EA0102EA}.Debug|Any CPU.Build.0 = Debug|Any CPU
		{0FCB24FB-BE68-4D6F-9D58-E490EA0102EA}.Release|Any CPU.ActiveCfg = Release|Any CPU
		{0FCB24FB-BE68-4D6F-9D58-E490EA0102EA}.Release|Any CPU.Build.0 = Release|Any CPU
		{FAAFD287-C8D5-4DAC-B58F-8FDED9FB19D0}.Debug|Any CPU.ActiveCfg = Debug|Any CPU
		{FAAFD287-C8D5-4DAC-B58F-8FDED9FB19D0}.Debug|Any CPU.Build.0 = Debug|Any CPU
		{FAAFD287-C8D5-4DAC-B58F-8FDED9FB19D0}.Release|Any CPU.ActiveCfg = Release|Any CPU
		{FAAFD287-C8D5-4DAC-B58F-8FDED9FB19D0}.Release|Any CPU.Build.0 = Release|Any CPU
		{C77B1BDD-C57A-466F-8A92-C6AD139A1CC7}.Debug|Any CPU.ActiveCfg = Debug|Any CPU
		{C77B1BDD-C57A-466F-8A92-C6AD139A1CC7}.Debug|Any CPU.Build.0 = Debug|Any CPU
		{C77B1BDD-C57A-466F-8A92-C6AD139A1CC7}.Release|Any CPU.ActiveCfg = Release|Any CPU
		{C77B1BDD-C57A-466F-8A92-C6AD139A1CC7}.Release|Any CPU.Build.0 = Release|Any CPU
		{F360BEC7-5632-402F-A8B5-BA3E7F91D7CC}.Debug|Any CPU.ActiveCfg = Debug|Any CPU
		{F360BEC7-5632-402F-A8B5-BA3E7F91D7CC}.Debug|Any CPU.Build.0 = Debug|Any CPU
		{F360BEC7-5632-402F-A8B5-BA3E7F91D7CC}.Release|Any CPU.ActiveCfg = Release|Any CPU
		{F360BEC7-5632-402F-A8B5-BA3E7F91D7CC}.Release|Any CPU.Build.0 = Release|Any CPU
		{AD0A5E48-01AC-423F-94B3-28A6C8F54872}.Debug|Any CPU.ActiveCfg = Debug|Any CPU
		{AD0A5E48-01AC-423F-94B3-28A6C8F54872}.Debug|Any CPU.Build.0 = Debug|Any CPU
		{AD0A5E48-01AC-423F-94B3-28A6C8F54872}.Release|Any CPU.ActiveCfg = Release|Any CPU
		{AD0A5E48-01AC-423F-94B3-28A6C8F54872}.Release|Any CPU.Build.0 = Release|Any CPU
		{F1C7A330-3DBE-499E-8A88-1F227870B060}.Debug|Any CPU.ActiveCfg = Debug|Any CPU
		{F1C7A330-3DBE-499E-8A88-1F227870B060}.Debug|Any CPU.Build.0 = Debug|Any CPU
		{F1C7A330-3DBE-499E-8A88-1F227870B060}.Release|Any CPU.ActiveCfg = Release|Any CPU
		{F1C7A330-3DBE-499E-8A88-1F227870B060}.Release|Any CPU.Build.0 = Release|Any CPU
		{A04E59D0-5873-426E-99A4-F8FB8F9089CE}.Debug|Any CPU.ActiveCfg = Debug|Any CPU
		{A04E59D0-5873-426E-99A4-F8FB8F9089CE}.Debug|Any CPU.Build.0 = Debug|Any CPU
		{A04E59D0-5873-426E-99A4-F8FB8F9089CE}.Release|Any CPU.ActiveCfg = Release|Any CPU
		{A04E59D0-5873-426E-99A4-F8FB8F9089CE}.Release|Any CPU.Build.0 = Release|Any CPU
		{6F7E277C-ED84-4A31-A240-C34EBC2A0278}.Debug|Any CPU.ActiveCfg = Debug|Any CPU
		{6F7E277C-ED84-4A31-A240-C34EBC2A0278}.Debug|Any CPU.Build.0 = Debug|Any CPU
		{6F7E277C-ED84-4A31-A240-C34EBC2A0278}.Release|Any CPU.ActiveCfg = Release|Any CPU
		{6F7E277C-ED84-4A31-A240-C34EBC2A0278}.Release|Any CPU.Build.0 = Release|Any CPU
		{5425D86D-E990-440C-8FA5-9EED1C17ABB4}.Debug|Any CPU.ActiveCfg = Debug|Any CPU
		{5425D86D-E990-440C-8FA5-9EED1C17ABB4}.Debug|Any CPU.Build.0 = Debug|Any CPU
		{5425D86D-E990-440C-8FA5-9EED1C17ABB4}.Release|Any CPU.ActiveCfg = Release|Any CPU
		{5425D86D-E990-440C-8FA5-9EED1C17ABB4}.Release|Any CPU.Build.0 = Release|Any CPU
		{AD62ADCA-E021-4F4F-8B29-3B6E092B70AA}.Debug|Any CPU.ActiveCfg = Debug|Any CPU
		{AD62ADCA-E021-4F4F-8B29-3B6E092B70AA}.Debug|Any CPU.Build.0 = Debug|Any CPU
		{AD62ADCA-E021-4F4F-8B29-3B6E092B70AA}.Release|Any CPU.ActiveCfg = Release|Any CPU
		{AD62ADCA-E021-4F4F-8B29-3B6E092B70AA}.Release|Any CPU.Build.0 = Release|Any CPU
		{20574E75-BE3B-4CCF-BDAB-9C6A745D30BA}.Debug|Any CPU.ActiveCfg = Debug|Any CPU
		{20574E75-BE3B-4CCF-BDAB-9C6A745D30BA}.Debug|Any CPU.Build.0 = Debug|Any CPU
		{20574E75-BE3B-4CCF-BDAB-9C6A745D30BA}.Release|Any CPU.ActiveCfg = Release|Any CPU
		{20574E75-BE3B-4CCF-BDAB-9C6A745D30BA}.Release|Any CPU.Build.0 = Release|Any CPU
		{08CB10E7-ED8C-4DE3-BF31-AD032C270051}.Debug|Any CPU.ActiveCfg = Debug|Any CPU
		{08CB10E7-ED8C-4DE3-BF31-AD032C270051}.Debug|Any CPU.Build.0 = Debug|Any CPU
		{08CB10E7-ED8C-4DE3-BF31-AD032C270051}.Release|Any CPU.ActiveCfg = Release|Any CPU
		{08CB10E7-ED8C-4DE3-BF31-AD032C270051}.Release|Any CPU.Build.0 = Release|Any CPU
		{F8FC4D6C-A234-4BD7-B54E-5450FC600628}.Debug|Any CPU.ActiveCfg = Debug|Any CPU
		{F8FC4D6C-A234-4BD7-B54E-5450FC600628}.Debug|Any CPU.Build.0 = Debug|Any CPU
		{F8FC4D6C-A234-4BD7-B54E-5450FC600628}.Release|Any CPU.ActiveCfg = Release|Any CPU
		{F8FC4D6C-A234-4BD7-B54E-5450FC600628}.Release|Any CPU.Build.0 = Release|Any CPU
		{4CBF9603-C66A-4E5A-BEA8-87F93FC415D6}.Debug|Any CPU.ActiveCfg = Debug|Any CPU
		{4CBF9603-C66A-4E5A-BEA8-87F93FC415D6}.Debug|Any CPU.Build.0 = Debug|Any CPU
		{4CBF9603-C66A-4E5A-BEA8-87F93FC415D6}.Release|Any CPU.ActiveCfg = Release|Any CPU
		{4CBF9603-C66A-4E5A-BEA8-87F93FC415D6}.Release|Any CPU.Build.0 = Release|Any CPU
		{550E8808-084B-41FC-AB2F-884A68A7C3D9}.Debug|Any CPU.ActiveCfg = Debug|Any CPU
		{550E8808-084B-41FC-AB2F-884A68A7C3D9}.Debug|Any CPU.Build.0 = Debug|Any CPU
		{550E8808-084B-41FC-AB2F-884A68A7C3D9}.Release|Any CPU.ActiveCfg = Release|Any CPU
		{550E8808-084B-41FC-AB2F-884A68A7C3D9}.Release|Any CPU.Build.0 = Release|Any CPU
		{826E4D4D-5EF9-4365-9D36-9612DC2AA6FB}.Debug|Any CPU.ActiveCfg = Debug|Any CPU
		{826E4D4D-5EF9-4365-9D36-9612DC2AA6FB}.Debug|Any CPU.Build.0 = Debug|Any CPU
		{826E4D4D-5EF9-4365-9D36-9612DC2AA6FB}.Release|Any CPU.ActiveCfg = Release|Any CPU
		{826E4D4D-5EF9-4365-9D36-9612DC2AA6FB}.Release|Any CPU.Build.0 = Release|Any CPU
		{DB51AF8E-1CCD-4025-9260-6C2CFB22FFE6}.Debug|Any CPU.ActiveCfg = Debug|Any CPU
		{DB51AF8E-1CCD-4025-9260-6C2CFB22FFE6}.Debug|Any CPU.Build.0 = Debug|Any CPU
		{DB51AF8E-1CCD-4025-9260-6C2CFB22FFE6}.Release|Any CPU.ActiveCfg = Release|Any CPU
		{DB51AF8E-1CCD-4025-9260-6C2CFB22FFE6}.Release|Any CPU.Build.0 = Release|Any CPU
		{2C82B07A-79E2-4E77-BF92-1560BAAF5674}.Debug|Any CPU.ActiveCfg = Debug|Any CPU
		{2C82B07A-79E2-4E77-BF92-1560BAAF5674}.Debug|Any CPU.Build.0 = Debug|Any CPU
		{2C82B07A-79E2-4E77-BF92-1560BAAF5674}.Release|Any CPU.ActiveCfg = Release|Any CPU
		{2C82B07A-79E2-4E77-BF92-1560BAAF5674}.Release|Any CPU.Build.0 = Release|Any CPU
		{25FCC86E-2DB2-4FD2-BF12-AF4B458703AD}.Debug|Any CPU.ActiveCfg = Debug|Any CPU
		{25FCC86E-2DB2-4FD2-BF12-AF4B458703AD}.Debug|Any CPU.Build.0 = Debug|Any CPU
		{25FCC86E-2DB2-4FD2-BF12-AF4B458703AD}.Release|Any CPU.ActiveCfg = Release|Any CPU
		{25FCC86E-2DB2-4FD2-BF12-AF4B458703AD}.Release|Any CPU.Build.0 = Release|Any CPU
		{9D7612FE-BFFA-4985-A964-607A3CEB8F3C}.Debug|Any CPU.ActiveCfg = Debug|Any CPU
		{9D7612FE-BFFA-4985-A964-607A3CEB8F3C}.Debug|Any CPU.Build.0 = Debug|Any CPU
		{9D7612FE-BFFA-4985-A964-607A3CEB8F3C}.Release|Any CPU.ActiveCfg = Release|Any CPU
		{9D7612FE-BFFA-4985-A964-607A3CEB8F3C}.Release|Any CPU.Build.0 = Release|Any CPU
		{BF635B4A-27E6-4A8F-8334-2923556519AA}.Debug|Any CPU.ActiveCfg = Debug|Any CPU
		{BF635B4A-27E6-4A8F-8334-2923556519AA}.Debug|Any CPU.Build.0 = Debug|Any CPU
		{BF635B4A-27E6-4A8F-8334-2923556519AA}.Release|Any CPU.ActiveCfg = Release|Any CPU
		{BF635B4A-27E6-4A8F-8334-2923556519AA}.Release|Any CPU.Build.0 = Release|Any CPU
	EndGlobalSection
	GlobalSection(SolutionProperties) = preSolution
		HideSolutionNode = FALSE
	EndGlobalSection
	GlobalSection(NestedProjects) = preSolution
		{215D0BD2-3B16-4474-A068-3C9F96136053} = {3BE3514F-0788-4496-B7A5-90B0E24C92AC}
		{8B880E58-D457-4042-B10B-EC3A418385B6} = {3BE3514F-0788-4496-B7A5-90B0E24C92AC}
		{6DFCB02F-BE7B-46F9-B8F1-78504170CC39} = {3BE3514F-0788-4496-B7A5-90B0E24C92AC}
		{AB8C8972-9084-4AFE-8B25-A3457FBD06BC} = {2A2257E8-9E66-41D9-A48A-DD57EAE15C9A}
		{14FA210C-3235-49B0-B445-8565879F8994} = {2A2257E8-9E66-41D9-A48A-DD57EAE15C9A}
		{80FE7FAC-6A13-4FB9-8820-BA2369F36570} = {2A2257E8-9E66-41D9-A48A-DD57EAE15C9A}
		{608D382B-E9E3-4DAF-BD24-89E6B360039C} = {2A2257E8-9E66-41D9-A48A-DD57EAE15C9A}
		{A9E7DE93-C50C-4385-A406-424FD24016D9} = {3BE3514F-0788-4496-B7A5-90B0E24C92AC}
		{BDD98159-DC13-4678-8B92-EAD040AA5C49} = {3BE3514F-0788-4496-B7A5-90B0E24C92AC}
		{32136486-5C36-4743-BF09-B6D9EE9A7BCE} = {2A2257E8-9E66-41D9-A48A-DD57EAE15C9A}
		{0FCB24FB-BE68-4D6F-9D58-E490EA0102EA} = {3BE3514F-0788-4496-B7A5-90B0E24C92AC}
		{FAAFD287-C8D5-4DAC-B58F-8FDED9FB19D0} = {3BE3514F-0788-4496-B7A5-90B0E24C92AC}
		{C77B1BDD-C57A-466F-8A92-C6AD139A1CC7} = {2A2257E8-9E66-41D9-A48A-DD57EAE15C9A}
		{F360BEC7-5632-402F-A8B5-BA3E7F91D7CC} = {2A2257E8-9E66-41D9-A48A-DD57EAE15C9A}
		{AD0A5E48-01AC-423F-94B3-28A6C8F54872} = {2A2257E8-9E66-41D9-A48A-DD57EAE15C9A}
		{F1C7A330-3DBE-499E-8A88-1F227870B060} = {2A2257E8-9E66-41D9-A48A-DD57EAE15C9A}
		{A04E59D0-5873-426E-99A4-F8FB8F9089CE} = {3BE3514F-0788-4496-B7A5-90B0E24C92AC}
		{6F7E277C-ED84-4A31-A240-C34EBC2A0278} = {2A2257E8-9E66-41D9-A48A-DD57EAE15C9A}
		{5425D86D-E990-440C-8FA5-9EED1C17ABB4} = {2A2257E8-9E66-41D9-A48A-DD57EAE15C9A}
		{AD62ADCA-E021-4F4F-8B29-3B6E092B70AA} = {3BE3514F-0788-4496-B7A5-90B0E24C92AC}
		{20574E75-BE3B-4CCF-BDAB-9C6A745D30BA} = {3BE3514F-0788-4496-B7A5-90B0E24C92AC}
		{08CB10E7-ED8C-4DE3-BF31-AD032C270051} = {3BE3514F-0788-4496-B7A5-90B0E24C92AC}
		{F8FC4D6C-A234-4BD7-B54E-5450FC600628} = {2A2257E8-9E66-41D9-A48A-DD57EAE15C9A}
		{4CBF9603-C66A-4E5A-BEA8-87F93FC415D6} = {2A2257E8-9E66-41D9-A48A-DD57EAE15C9A}
		{550E8808-084B-41FC-AB2F-884A68A7C3D9} = {2A2257E8-9E66-41D9-A48A-DD57EAE15C9A}
		{826E4D4D-5EF9-4365-9D36-9612DC2AA6FB} = {2A2257E8-9E66-41D9-A48A-DD57EAE15C9A}
		{DB51AF8E-1CCD-4025-9260-6C2CFB22FFE6} = {2A2257E8-9E66-41D9-A48A-DD57EAE15C9A}
		{2C82B07A-79E2-4E77-BF92-1560BAAF5674} = {2A2257E8-9E66-41D9-A48A-DD57EAE15C9A}
		{25FCC86E-2DB2-4FD2-BF12-AF4B458703AD} = {3BE3514F-0788-4496-B7A5-90B0E24C92AC}
		{9D7612FE-BFFA-4985-A964-607A3CEB8F3C} = {3BE3514F-0788-4496-B7A5-90B0E24C92AC}
		{BF635B4A-27E6-4A8F-8334-2923556519AA} = {3BE3514F-0788-4496-B7A5-90B0E24C92AC}
	EndGlobalSection
	GlobalSection(ExtensibilityGlobals) = postSolution
		SolutionGuid = {76747C5F-8014-4582-B609-C94D95F8E6FE}
	EndGlobalSection
EndGlobal
