
Microsoft Visual Studio Solution File, Format Version 12.00
# Visual Studio 15
VisualStudioVersion = 15.0.27205.0
MinimumVisualStudioVersion = 10.0.40219.1
Project("{2150E333-8FDC-42A3-9474-1A3956D46DE8}") = "src", "src", "{AF52C914-4641-4E18-B64E-3DD7A2640530}"
EndProject
Project("{2150E333-8FDC-42A3-9474-1A3956D46DE8}") = "test", "test", "{6F1E9903-8D87-461A-A87E-E0FCC7C40DE9}"
EndProject
Project("{9A19103F-16F7-4668-BE54-9A1E7A4F7556}") = "NIST.CVP.Common", "..\..\common\src\NIST.CVP.Common\NIST.CVP.Common.csproj", "{986782EF-AE99-49BA-AA7C-306A6E53CBF5}"
EndProject
Project("{9A19103F-16F7-4668-BE54-9A1E7A4F7556}") = "NIST.CVP.Generation.Core", "..\..\common\src\NIST.CVP.Generation.Core\NIST.CVP.Generation.Core.csproj", "{B56CAFF9-6ECF-428B-BC71-72986784158E}"
EndProject
Project("{9A19103F-16F7-4668-BE54-9A1E7A4F7556}") = "NIST.CVP.Math", "..\..\common\src\NIST.CVP.Math\NIST.CVP.Math.csproj", "{A4A7E335-D6C1-4DAE-B058-F8DEFBDAA9C4}"
EndProject
Project("{9A19103F-16F7-4668-BE54-9A1E7A4F7556}") = "NIST.CVP.Crypto.TDES", "..\..\crypto\src\NIST.CVP.Crypto.TDES\NIST.CVP.Crypto.TDES.csproj", "{D8B559EC-175D-44CE-A0CE-B4CDC49C8467}"
EndProject
Project("{9A19103F-16F7-4668-BE54-9A1E7A4F7556}") = "NIST.CVP.Crypto.Common", "..\..\crypto\src\NIST.CVP.Crypto.Common\NIST.CVP.Crypto.Common.csproj", "{1434BCB7-C9F0-4182-8283-B286B2477022}"
EndProject
Project("{9A19103F-16F7-4668-BE54-9A1E7A4F7556}") = "NIST.CVP.Crypto.Core.Tests", "..\..\tdes-cfb\test\NIST.CVP.Crypto.Core.Tests\NIST.CVP.Crypto.Core.Tests.csproj", "{2A3201A3-0832-4394-957D-6081CD75B9DD}"
EndProject
Project("{9A19103F-16F7-4668-BE54-9A1E7A4F7556}") = "NIST.CVP.Crypto.TDES.Tests", "..\..\crypto\test\NIST.CVP.Crypto.TDES.Tests\NIST.CVP.Crypto.TDES.Tests.csproj", "{E54ECDEA-51BD-4FC2-AE0F-15BEFE1F3C8A}"
EndProject
Project("{9A19103F-16F7-4668-BE54-9A1E7A4F7556}") = "NIST.CVP.Generation.Core.Tests", "..\..\common\test\NIST.CVP.Generation.Core.Tests\NIST.CVP.Generation.Core.Tests.csproj", "{E1BF6ED7-3236-4601-841D-5A274B93DDAC}"
EndProject
Project("{9A19103F-16F7-4668-BE54-9A1E7A4F7556}") = "NIST.CVP.Math.Tests", "..\..\common\test\NIST.CVP.Math.Tests\NIST.CVP.Math.Tests.csproj", "{96F2C699-2B26-4795-9659-2C602BF13133}"
EndProject
Project("{9A19103F-16F7-4668-BE54-9A1E7A4F7556}") = "NIST.CVP.Tests.Core", "..\..\common\test\NIST.CVP.Tests.Core\NIST.CVP.Tests.Core.csproj", "{33E93045-CD58-4817-806C-5437AE1D9777}"
EndProject
Project("{FAE04EC0-301F-11D3-BF4B-00C04F79EFBC}") = "NIST.CVP.Crypto.TDES_OFBI.Tests", "..\..\tdes-ofbi\test\NIST.CVP.Crypto.TDES_OFBI.Tests\NIST.CVP.Crypto.TDES_OFBI.Tests.csproj", "{8C54E7FD-C42C-4CE2-95FA-92E9FAB196A6}"
EndProject
Project("{FAE04EC0-301F-11D3-BF4B-00C04F79EFBC}") = "NIST.CVP.Generation.TDES_OFBI.IntegrationTests", "..\..\tdes-ofbi\test\NIST.CVP.Generation.TDES_OFBI.IntegrationTests\NIST.CVP.Generation.TDES_OFBI.IntegrationTests.csproj", "{4DE0AC07-5C33-4C6E-AA3A-B36FBEAF5911}"
EndProject
Project("{FAE04EC0-301F-11D3-BF4B-00C04F79EFBC}") = "NIST.CVP.Generation.TDES_OFBI.Tests", "..\..\tdes-ofbi\test\NIST.CVP.Generation.TDES_OFBI.Tests\NIST.CVP.Generation.TDES_OFBI.Tests.csproj", "{8B98AD72-B8B8-4DF6-B534-EE884BC3165C}"
EndProject
Project("{9A19103F-16F7-4668-BE54-9A1E7A4F7556}") = "NIST.CVP.Generation.TDES_OFBI", "..\..\tdes-ofbi\src\NIST.CVP.Generation.TDES_OFBI\NIST.CVP.Generation.TDES_OFBI.csproj", "{B89F84FF-015A-4E26-BB24-320063C74DF9}"
EndProject
Project("{9A19103F-16F7-4668-BE54-9A1E7A4F7556}") = "TDES_OFBI", "..\..\tdes-ofbi\src\TDES_OFBI\TDES_OFBI.csproj", "{B998AB75-0EA1-4B55-95FB-136DC6DFFC73}"
EndProject
Project("{9A19103F-16F7-4668-BE54-9A1E7A4F7556}") = "TDES_OFBI_Val", "..\..\tdes-ofbi\src\TDES_OFBI_Val\TDES_OFBI_Val.csproj", "{BE9B14C9-9B56-49A3-AD2F-A76C54187661}"
EndProject
Project("{9A19103F-16F7-4668-BE54-9A1E7A4F7556}") = "NIST.CVP.Crypto.TDES_OFBI", "..\..\crypto\src\NIST.CVP.Crypto.TDES_OFBI\NIST.CVP.Crypto.TDES_OFBI.csproj", "{4BC0E141-BA1D-43B6-A1B3-615450B7F73E}"
EndProject
Global
	GlobalSection(SolutionConfigurationPlatforms) = preSolution
		Debug|Any CPU = Debug|Any CPU
		Release|Any CPU = Release|Any CPU
	EndGlobalSection
	GlobalSection(ProjectConfigurationPlatforms) = postSolution
		{986782EF-AE99-49BA-AA7C-306A6E53CBF5}.Debug|Any CPU.ActiveCfg = Debug|Any CPU
		{986782EF-AE99-49BA-AA7C-306A6E53CBF5}.Debug|Any CPU.Build.0 = Debug|Any CPU
		{986782EF-AE99-49BA-AA7C-306A6E53CBF5}.Release|Any CPU.ActiveCfg = Release|Any CPU
		{986782EF-AE99-49BA-AA7C-306A6E53CBF5}.Release|Any CPU.Build.0 = Release|Any CPU
		{B56CAFF9-6ECF-428B-BC71-72986784158E}.Debug|Any CPU.ActiveCfg = Debug|Any CPU
		{B56CAFF9-6ECF-428B-BC71-72986784158E}.Debug|Any CPU.Build.0 = Debug|Any CPU
		{B56CAFF9-6ECF-428B-BC71-72986784158E}.Release|Any CPU.ActiveCfg = Release|Any CPU
		{B56CAFF9-6ECF-428B-BC71-72986784158E}.Release|Any CPU.Build.0 = Release|Any CPU
		{A4A7E335-D6C1-4DAE-B058-F8DEFBDAA9C4}.Debug|Any CPU.ActiveCfg = Debug|Any CPU
		{A4A7E335-D6C1-4DAE-B058-F8DEFBDAA9C4}.Debug|Any CPU.Build.0 = Debug|Any CPU
		{A4A7E335-D6C1-4DAE-B058-F8DEFBDAA9C4}.Release|Any CPU.ActiveCfg = Release|Any CPU
		{A4A7E335-D6C1-4DAE-B058-F8DEFBDAA9C4}.Release|Any CPU.Build.0 = Release|Any CPU
		{D8B559EC-175D-44CE-A0CE-B4CDC49C8467}.Debug|Any CPU.ActiveCfg = Debug|Any CPU
		{D8B559EC-175D-44CE-A0CE-B4CDC49C8467}.Debug|Any CPU.Build.0 = Debug|Any CPU
		{D8B559EC-175D-44CE-A0CE-B4CDC49C8467}.Release|Any CPU.ActiveCfg = Release|Any CPU
		{D8B559EC-175D-44CE-A0CE-B4CDC49C8467}.Release|Any CPU.Build.0 = Release|Any CPU
		{1434BCB7-C9F0-4182-8283-B286B2477022}.Debug|Any CPU.ActiveCfg = Debug|Any CPU
		{1434BCB7-C9F0-4182-8283-B286B2477022}.Debug|Any CPU.Build.0 = Debug|Any CPU
		{1434BCB7-C9F0-4182-8283-B286B2477022}.Release|Any CPU.ActiveCfg = Release|Any CPU
		{1434BCB7-C9F0-4182-8283-B286B2477022}.Release|Any CPU.Build.0 = Release|Any CPU
		{2A3201A3-0832-4394-957D-6081CD75B9DD}.Debug|Any CPU.ActiveCfg = Debug|Any CPU
		{2A3201A3-0832-4394-957D-6081CD75B9DD}.Debug|Any CPU.Build.0 = Debug|Any CPU
		{2A3201A3-0832-4394-957D-6081CD75B9DD}.Release|Any CPU.ActiveCfg = Release|Any CPU
		{2A3201A3-0832-4394-957D-6081CD75B9DD}.Release|Any CPU.Build.0 = Release|Any CPU
		{E54ECDEA-51BD-4FC2-AE0F-15BEFE1F3C8A}.Debug|Any CPU.ActiveCfg = Debug|Any CPU
		{E54ECDEA-51BD-4FC2-AE0F-15BEFE1F3C8A}.Debug|Any CPU.Build.0 = Debug|Any CPU
		{E54ECDEA-51BD-4FC2-AE0F-15BEFE1F3C8A}.Release|Any CPU.ActiveCfg = Release|Any CPU
		{E54ECDEA-51BD-4FC2-AE0F-15BEFE1F3C8A}.Release|Any CPU.Build.0 = Release|Any CPU
		{E1BF6ED7-3236-4601-841D-5A274B93DDAC}.Debug|Any CPU.ActiveCfg = Debug|Any CPU
		{E1BF6ED7-3236-4601-841D-5A274B93DDAC}.Debug|Any CPU.Build.0 = Debug|Any CPU
		{E1BF6ED7-3236-4601-841D-5A274B93DDAC}.Release|Any CPU.ActiveCfg = Release|Any CPU
		{E1BF6ED7-3236-4601-841D-5A274B93DDAC}.Release|Any CPU.Build.0 = Release|Any CPU
		{96F2C699-2B26-4795-9659-2C602BF13133}.Debug|Any CPU.ActiveCfg = Debug|Any CPU
		{96F2C699-2B26-4795-9659-2C602BF13133}.Debug|Any CPU.Build.0 = Debug|Any CPU
		{96F2C699-2B26-4795-9659-2C602BF13133}.Release|Any CPU.ActiveCfg = Release|Any CPU
		{96F2C699-2B26-4795-9659-2C602BF13133}.Release|Any CPU.Build.0 = Release|Any CPU
		{33E93045-CD58-4817-806C-5437AE1D9777}.Debug|Any CPU.ActiveCfg = Debug|Any CPU
		{33E93045-CD58-4817-806C-5437AE1D9777}.Debug|Any CPU.Build.0 = Debug|Any CPU
		{33E93045-CD58-4817-806C-5437AE1D9777}.Release|Any CPU.ActiveCfg = Release|Any CPU
		{33E93045-CD58-4817-806C-5437AE1D9777}.Release|Any CPU.Build.0 = Release|Any CPU
		{8C54E7FD-C42C-4CE2-95FA-92E9FAB196A6}.Debug|Any CPU.ActiveCfg = Debug|Any CPU
		{8C54E7FD-C42C-4CE2-95FA-92E9FAB196A6}.Debug|Any CPU.Build.0 = Debug|Any CPU
		{8C54E7FD-C42C-4CE2-95FA-92E9FAB196A6}.Release|Any CPU.ActiveCfg = Release|Any CPU
		{8C54E7FD-C42C-4CE2-95FA-92E9FAB196A6}.Release|Any CPU.Build.0 = Release|Any CPU
		{4DE0AC07-5C33-4C6E-AA3A-B36FBEAF5911}.Debug|Any CPU.ActiveCfg = Debug|Any CPU
		{4DE0AC07-5C33-4C6E-AA3A-B36FBEAF5911}.Debug|Any CPU.Build.0 = Debug|Any CPU
		{4DE0AC07-5C33-4C6E-AA3A-B36FBEAF5911}.Release|Any CPU.ActiveCfg = Release|Any CPU
		{4DE0AC07-5C33-4C6E-AA3A-B36FBEAF5911}.Release|Any CPU.Build.0 = Release|Any CPU
		{8B98AD72-B8B8-4DF6-B534-EE884BC3165C}.Debug|Any CPU.ActiveCfg = Debug|Any CPU
		{8B98AD72-B8B8-4DF6-B534-EE884BC3165C}.Debug|Any CPU.Build.0 = Debug|Any CPU
		{8B98AD72-B8B8-4DF6-B534-EE884BC3165C}.Release|Any CPU.ActiveCfg = Release|Any CPU
		{8B98AD72-B8B8-4DF6-B534-EE884BC3165C}.Release|Any CPU.Build.0 = Release|Any CPU
		{B89F84FF-015A-4E26-BB24-320063C74DF9}.Debug|Any CPU.ActiveCfg = Debug|Any CPU
		{B89F84FF-015A-4E26-BB24-320063C74DF9}.Debug|Any CPU.Build.0 = Debug|Any CPU
		{B89F84FF-015A-4E26-BB24-320063C74DF9}.Release|Any CPU.ActiveCfg = Release|Any CPU
		{B89F84FF-015A-4E26-BB24-320063C74DF9}.Release|Any CPU.Build.0 = Release|Any CPU
		{B998AB75-0EA1-4B55-95FB-136DC6DFFC73}.Debug|Any CPU.ActiveCfg = Debug|Any CPU
		{B998AB75-0EA1-4B55-95FB-136DC6DFFC73}.Debug|Any CPU.Build.0 = Debug|Any CPU
		{B998AB75-0EA1-4B55-95FB-136DC6DFFC73}.Release|Any CPU.ActiveCfg = Release|Any CPU
		{B998AB75-0EA1-4B55-95FB-136DC6DFFC73}.Release|Any CPU.Build.0 = Release|Any CPU
		{BE9B14C9-9B56-49A3-AD2F-A76C54187661}.Debug|Any CPU.ActiveCfg = Debug|Any CPU
		{BE9B14C9-9B56-49A3-AD2F-A76C54187661}.Debug|Any CPU.Build.0 = Debug|Any CPU
		{BE9B14C9-9B56-49A3-AD2F-A76C54187661}.Release|Any CPU.ActiveCfg = Release|Any CPU
		{BE9B14C9-9B56-49A3-AD2F-A76C54187661}.Release|Any CPU.Build.0 = Release|Any CPU
		{4BC0E141-BA1D-43B6-A1B3-615450B7F73E}.Debug|Any CPU.ActiveCfg = Debug|Any CPU
		{4BC0E141-BA1D-43B6-A1B3-615450B7F73E}.Debug|Any CPU.Build.0 = Debug|Any CPU
		{4BC0E141-BA1D-43B6-A1B3-615450B7F73E}.Release|Any CPU.ActiveCfg = Release|Any CPU
		{4BC0E141-BA1D-43B6-A1B3-615450B7F73E}.Release|Any CPU.Build.0 = Release|Any CPU
	EndGlobalSection
	GlobalSection(SolutionProperties) = preSolution
		HideSolutionNode = FALSE
	EndGlobalSection
	GlobalSection(NestedProjects) = preSolution
		{986782EF-AE99-49BA-AA7C-306A6E53CBF5} = {AF52C914-4641-4E18-B64E-3DD7A2640530}
		{B56CAFF9-6ECF-428B-BC71-72986784158E} = {AF52C914-4641-4E18-B64E-3DD7A2640530}
		{A4A7E335-D6C1-4DAE-B058-F8DEFBDAA9C4} = {AF52C914-4641-4E18-B64E-3DD7A2640530}
		{D8B559EC-175D-44CE-A0CE-B4CDC49C8467} = {AF52C914-4641-4E18-B64E-3DD7A2640530}
		{1434BCB7-C9F0-4182-8283-B286B2477022} = {AF52C914-4641-4E18-B64E-3DD7A2640530}
		{2A3201A3-0832-4394-957D-6081CD75B9DD} = {6F1E9903-8D87-461A-A87E-E0FCC7C40DE9}
		{E54ECDEA-51BD-4FC2-AE0F-15BEFE1F3C8A} = {6F1E9903-8D87-461A-A87E-E0FCC7C40DE9}
		{E1BF6ED7-3236-4601-841D-5A274B93DDAC} = {6F1E9903-8D87-461A-A87E-E0FCC7C40DE9}
		{96F2C699-2B26-4795-9659-2C602BF13133} = {6F1E9903-8D87-461A-A87E-E0FCC7C40DE9}
		{33E93045-CD58-4817-806C-5437AE1D9777} = {6F1E9903-8D87-461A-A87E-E0FCC7C40DE9}
		{8C54E7FD-C42C-4CE2-95FA-92E9FAB196A6} = {6F1E9903-8D87-461A-A87E-E0FCC7C40DE9}
		{4DE0AC07-5C33-4C6E-AA3A-B36FBEAF5911} = {6F1E9903-8D87-461A-A87E-E0FCC7C40DE9}
		{8B98AD72-B8B8-4DF6-B534-EE884BC3165C} = {6F1E9903-8D87-461A-A87E-E0FCC7C40DE9}
		{B89F84FF-015A-4E26-BB24-320063C74DF9} = {AF52C914-4641-4E18-B64E-3DD7A2640530}
		{B998AB75-0EA1-4B55-95FB-136DC6DFFC73} = {AF52C914-4641-4E18-B64E-3DD7A2640530}
		{BE9B14C9-9B56-49A3-AD2F-A76C54187661} = {AF52C914-4641-4E18-B64E-3DD7A2640530}
		{4BC0E141-BA1D-43B6-A1B3-615450B7F73E} = {AF52C914-4641-4E18-B64E-3DD7A2640530}
	EndGlobalSection
	GlobalSection(ExtensibilityGlobals) = postSolution
		SolutionGuid = {109EF264-8D1E-4D82-BBE4-15875AFDDE2F}
	EndGlobalSection
EndGlobal
