
Microsoft Visual Studio Solution File, Format Version 12.00
# Visual Studio 15
VisualStudioVersion = 15.0.27130.2036
MinimumVisualStudioVersion = 10.0.40219.1
Project("{2150E333-8FDC-42A3-9474-1A3956D46DE8}") = "src", "src", "{EF8BDEE9-117A-4D27-A4B1-2E89092ECD24}"
EndProject
Project("{2150E333-8FDC-42A3-9474-1A3956D46DE8}") = "test", "test", "{C984665F-2545-46E9-9ED9-7F2D0AEEBFBC}"
EndProject
Project("{9A19103F-16F7-4668-BE54-9A1E7A4F7556}") = "NIST.CVP.Math", "..\..\common\src\NIST.CVP.Math\NIST.CVP.Math.csproj", "{FD959DB3-9E65-4504-A54B-940868CF3899}"
EndProject
Project("{9A19103F-16F7-4668-BE54-9A1E7A4F7556}") = "NIST.CVP.Tests.Core", "..\..\common\test\NIST.CVP.Tests.Core\NIST.CVP.Tests.Core.csproj", "{5C3D7A24-3267-4BF6-9413-0B7E8291B6A1}"
EndProject
Project("{9A19103F-16F7-4668-BE54-9A1E7A4F7556}") = "NIST.CVP.Math.Tests", "..\..\common\test\NIST.CVP.Math.Tests\NIST.CVP.Math.Tests.csproj", "{A3BDD4CF-B9E9-4E8A-856A-C757549F8817}"
EndProject
Project("{9A19103F-16F7-4668-BE54-9A1E7A4F7556}") = "NIST.CVP.Crypto.SHA2.Tests", "..\..\crypto\test\NIST.CVP.Crypto.SHA2.Tests\NIST.CVP.Crypto.SHA2.Tests.csproj", "{9961A171-64A8-46C0-B9AE-E0D50143F2DF}"
EndProject
Project("{9A19103F-16F7-4668-BE54-9A1E7A4F7556}") = "NIST.CVP.Crypto.Common", "..\..\crypto\src\NIST.CVP.Crypto.Common\NIST.CVP.Crypto.Common.csproj", "{0EEB30F1-8F51-48F7-BC8F-65F30F78F3F3}"
EndProject
Project("{9A19103F-16F7-4668-BE54-9A1E7A4F7556}") = "NIST.CVP.Common", "..\..\common\src\NIST.CVP.Common\NIST.CVP.Common.csproj", "{CBD18309-3C74-4F40-B8A9-1977F3A0FF80}"
EndProject
Project("{9A19103F-16F7-4668-BE54-9A1E7A4F7556}") = "NIST.CVP.Common.Tests", "..\..\common\test\NIST.CVP.Common.Tests\NIST.CVP.Common.Tests.csproj", "{42054F67-874B-4844-B91D-04CC143F0822}"
EndProject
Project("{9A19103F-16F7-4668-BE54-9A1E7A4F7556}") = "NIST.CVP.Crypto", "..\..\crypto\src\NIST.CVP.Crypto\NIST.CVP.Crypto.csproj", "{EC4D0382-2F1C-43DE-8C02-63871504F6F3}"
EndProject
Project("{9A19103F-16F7-4668-BE54-9A1E7A4F7556}") = "NIST.CVP.Common.Oracle", "..\..\oracle\src\NIST.CVP.Common.Oracle\NIST.CVP.Common.Oracle.csproj", "{9004FC3B-E463-4C9A-94A9-82CF742533D4}"
EndProject
Project("{9A19103F-16F7-4668-BE54-9A1E7A4F7556}") = "NIST.CVP.Crypto.Oracle", "..\..\oracle\src\NIST.CVP.Crypto.Oracle\NIST.CVP.Crypto.Oracle.csproj", "{48AC184A-5DBC-498A-AC9D-57C252A98B35}"
EndProject
Project("{9A19103F-16F7-4668-BE54-9A1E7A4F7556}") = "NIST.CVP.Common.Oracle.Tests", "..\..\oracle\test\NIST.CVP.Oracle.Common.Tests\NIST.CVP.Common.Oracle.Tests.csproj", "{21EE8848-40F7-4B76-8E36-77B5EBC35703}"
EndProject
Project("{9A19103F-16F7-4668-BE54-9A1E7A4F7556}") = "NIST.CVP.Pools", "..\..\pools\src\NIST.CVP.Pools\NIST.CVP.Pools.csproj", "{8D7B5C70-CA2C-49BE-BC2A-D46E140BC348}"
EndProject
Project("{9A19103F-16F7-4668-BE54-9A1E7A4F7556}") = "NIST.CVP.Orleans.Grains", "..\..\orleans\src\NIST.CVP.Orleans.Grains\NIST.CVP.Orleans.Grains.csproj", "{CEBC1643-8448-44C5-B229-8AC4AAEB50CD}"
EndProject
Project("{9A19103F-16F7-4668-BE54-9A1E7A4F7556}") = "NIST.CVP.Orleans.Grains.Interfaces", "..\..\orleans\src\NIST.CVP.Orleans.Grains.Interfaces\NIST.CVP.Orleans.Grains.Interfaces.csproj", "{0181A168-6775-47D9-A87D-714AFBCCF2F2}"
EndProject
Project("{9A19103F-16F7-4668-BE54-9A1E7A4F7556}") = "NIST.CVP.Orleans.ServerHost", "..\..\orleans\src\NIST.CVP.Orleans.ServerHost\NIST.CVP.Orleans.ServerHost.csproj", "{2AC4CCD2-BDB0-4C10-AA1E-D39A0784764F}"
EndProject
Project("{FAE04EC0-301F-11D3-BF4B-00C04F79EFBC}") = "NIST.CVP.Generation.Core", "..\..\generation\src\NIST.CVP.Generation.Core\NIST.CVP.Generation.Core.csproj", "{A17A0193-EDAB-4AC8-9A2C-DFD0D6207F8B}"
EndProject
Project("{FAE04EC0-301F-11D3-BF4B-00C04F79EFBC}") = "NIST.CVP.Generation.Core.Tests", "..\..\generation\test\NIST.CVP.Generation.Core.Tests\NIST.CVP.Generation.Core.Tests.csproj", "{AE80CC88-EE12-4B20-8265-6B794934DA4A}"
EndProject
Project("{FAE04EC0-301F-11D3-BF4B-00C04F79EFBC}") = "NIST.CVP.Generation", "..\..\generation\src\NIST.CVP.Generation\NIST.CVP.Generation.csproj", "{FA93F96E-1407-4733-875C-9C8B7FD8FB0E}"
EndProject
Project("{FAE04EC0-301F-11D3-BF4B-00C04F79EFBC}") = "NIST.CVP.Generation.SHA2.Tests", "..\..\generation\test\NIST.CVP.Generation.SHA2.Tests\NIST.CVP.Generation.SHA2.Tests.csproj", "{193E64E6-7077-41FD-A30A-499DCA5C3518}"
EndProject
Project("{FAE04EC0-301F-11D3-BF4B-00C04F79EFBC}") = "NIST.CVP.Generation.SHA2.IntegrationTests", "..\..\generation\test\NIST.CVP.Generation.SHA2.IntegrationTests\NIST.CVP.Generation.SHA2.IntegrationTests.csproj", "{E0EFEF79-362D-403F-A0BE-E4794700CC91}"
EndProject
Global
	GlobalSection(SolutionConfigurationPlatforms) = preSolution
		Debug|Any CPU = Debug|Any CPU
		Debug|x64 = Debug|x64
		Debug|x86 = Debug|x86
		Release|Any CPU = Release|Any CPU
		Release|x64 = Release|x64
		Release|x86 = Release|x86
	EndGlobalSection
	GlobalSection(ProjectConfigurationPlatforms) = postSolution
		{FD959DB3-9E65-4504-A54B-940868CF3899}.Debug|Any CPU.ActiveCfg = Debug|Any CPU
		{FD959DB3-9E65-4504-A54B-940868CF3899}.Debug|Any CPU.Build.0 = Debug|Any CPU
		{FD959DB3-9E65-4504-A54B-940868CF3899}.Debug|x64.ActiveCfg = Debug|Any CPU
		{FD959DB3-9E65-4504-A54B-940868CF3899}.Debug|x64.Build.0 = Debug|Any CPU
		{FD959DB3-9E65-4504-A54B-940868CF3899}.Debug|x86.ActiveCfg = Debug|Any CPU
		{FD959DB3-9E65-4504-A54B-940868CF3899}.Debug|x86.Build.0 = Debug|Any CPU
		{FD959DB3-9E65-4504-A54B-940868CF3899}.Release|Any CPU.ActiveCfg = Release|Any CPU
		{FD959DB3-9E65-4504-A54B-940868CF3899}.Release|Any CPU.Build.0 = Release|Any CPU
		{FD959DB3-9E65-4504-A54B-940868CF3899}.Release|x64.ActiveCfg = Release|Any CPU
		{FD959DB3-9E65-4504-A54B-940868CF3899}.Release|x64.Build.0 = Release|Any CPU
		{FD959DB3-9E65-4504-A54B-940868CF3899}.Release|x86.ActiveCfg = Release|Any CPU
		{FD959DB3-9E65-4504-A54B-940868CF3899}.Release|x86.Build.0 = Release|Any CPU
		{5C3D7A24-3267-4BF6-9413-0B7E8291B6A1}.Debug|Any CPU.ActiveCfg = Debug|Any CPU
		{5C3D7A24-3267-4BF6-9413-0B7E8291B6A1}.Debug|Any CPU.Build.0 = Debug|Any CPU
		{5C3D7A24-3267-4BF6-9413-0B7E8291B6A1}.Debug|x64.ActiveCfg = Debug|Any CPU
		{5C3D7A24-3267-4BF6-9413-0B7E8291B6A1}.Debug|x64.Build.0 = Debug|Any CPU
		{5C3D7A24-3267-4BF6-9413-0B7E8291B6A1}.Debug|x86.ActiveCfg = Debug|Any CPU
		{5C3D7A24-3267-4BF6-9413-0B7E8291B6A1}.Debug|x86.Build.0 = Debug|Any CPU
		{5C3D7A24-3267-4BF6-9413-0B7E8291B6A1}.Release|Any CPU.ActiveCfg = Release|Any CPU
		{5C3D7A24-3267-4BF6-9413-0B7E8291B6A1}.Release|Any CPU.Build.0 = Release|Any CPU
		{5C3D7A24-3267-4BF6-9413-0B7E8291B6A1}.Release|x64.ActiveCfg = Release|Any CPU
		{5C3D7A24-3267-4BF6-9413-0B7E8291B6A1}.Release|x64.Build.0 = Release|Any CPU
		{5C3D7A24-3267-4BF6-9413-0B7E8291B6A1}.Release|x86.ActiveCfg = Release|Any CPU
		{5C3D7A24-3267-4BF6-9413-0B7E8291B6A1}.Release|x86.Build.0 = Release|Any CPU
		{A3BDD4CF-B9E9-4E8A-856A-C757549F8817}.Debug|Any CPU.ActiveCfg = Debug|Any CPU
		{A3BDD4CF-B9E9-4E8A-856A-C757549F8817}.Debug|Any CPU.Build.0 = Debug|Any CPU
		{A3BDD4CF-B9E9-4E8A-856A-C757549F8817}.Debug|x64.ActiveCfg = Debug|Any CPU
		{A3BDD4CF-B9E9-4E8A-856A-C757549F8817}.Debug|x64.Build.0 = Debug|Any CPU
		{A3BDD4CF-B9E9-4E8A-856A-C757549F8817}.Debug|x86.ActiveCfg = Debug|Any CPU
		{A3BDD4CF-B9E9-4E8A-856A-C757549F8817}.Debug|x86.Build.0 = Debug|Any CPU
		{A3BDD4CF-B9E9-4E8A-856A-C757549F8817}.Release|Any CPU.ActiveCfg = Release|Any CPU
		{A3BDD4CF-B9E9-4E8A-856A-C757549F8817}.Release|Any CPU.Build.0 = Release|Any CPU
		{A3BDD4CF-B9E9-4E8A-856A-C757549F8817}.Release|x64.ActiveCfg = Release|Any CPU
		{A3BDD4CF-B9E9-4E8A-856A-C757549F8817}.Release|x64.Build.0 = Release|Any CPU
		{A3BDD4CF-B9E9-4E8A-856A-C757549F8817}.Release|x86.ActiveCfg = Release|Any CPU
		{A3BDD4CF-B9E9-4E8A-856A-C757549F8817}.Release|x86.Build.0 = Release|Any CPU
		{9961A171-64A8-46C0-B9AE-E0D50143F2DF}.Debug|Any CPU.ActiveCfg = Debug|Any CPU
		{9961A171-64A8-46C0-B9AE-E0D50143F2DF}.Debug|Any CPU.Build.0 = Debug|Any CPU
		{9961A171-64A8-46C0-B9AE-E0D50143F2DF}.Debug|x64.ActiveCfg = Debug|Any CPU
		{9961A171-64A8-46C0-B9AE-E0D50143F2DF}.Debug|x64.Build.0 = Debug|Any CPU
		{9961A171-64A8-46C0-B9AE-E0D50143F2DF}.Debug|x86.ActiveCfg = Debug|Any CPU
		{9961A171-64A8-46C0-B9AE-E0D50143F2DF}.Debug|x86.Build.0 = Debug|Any CPU
		{9961A171-64A8-46C0-B9AE-E0D50143F2DF}.Release|Any CPU.ActiveCfg = Release|Any CPU
		{9961A171-64A8-46C0-B9AE-E0D50143F2DF}.Release|Any CPU.Build.0 = Release|Any CPU
		{9961A171-64A8-46C0-B9AE-E0D50143F2DF}.Release|x64.ActiveCfg = Release|Any CPU
		{9961A171-64A8-46C0-B9AE-E0D50143F2DF}.Release|x64.Build.0 = Release|Any CPU
		{9961A171-64A8-46C0-B9AE-E0D50143F2DF}.Release|x86.ActiveCfg = Release|Any CPU
		{9961A171-64A8-46C0-B9AE-E0D50143F2DF}.Release|x86.Build.0 = Release|Any CPU
		{0EEB30F1-8F51-48F7-BC8F-65F30F78F3F3}.Debug|Any CPU.ActiveCfg = Debug|Any CPU
		{0EEB30F1-8F51-48F7-BC8F-65F30F78F3F3}.Debug|Any CPU.Build.0 = Debug|Any CPU
		{0EEB30F1-8F51-48F7-BC8F-65F30F78F3F3}.Debug|x64.ActiveCfg = Debug|Any CPU
		{0EEB30F1-8F51-48F7-BC8F-65F30F78F3F3}.Debug|x64.Build.0 = Debug|Any CPU
		{0EEB30F1-8F51-48F7-BC8F-65F30F78F3F3}.Debug|x86.ActiveCfg = Debug|Any CPU
		{0EEB30F1-8F51-48F7-BC8F-65F30F78F3F3}.Debug|x86.Build.0 = Debug|Any CPU
		{0EEB30F1-8F51-48F7-BC8F-65F30F78F3F3}.Release|Any CPU.ActiveCfg = Release|Any CPU
		{0EEB30F1-8F51-48F7-BC8F-65F30F78F3F3}.Release|Any CPU.Build.0 = Release|Any CPU
		{0EEB30F1-8F51-48F7-BC8F-65F30F78F3F3}.Release|x64.ActiveCfg = Release|Any CPU
		{0EEB30F1-8F51-48F7-BC8F-65F30F78F3F3}.Release|x64.Build.0 = Release|Any CPU
		{0EEB30F1-8F51-48F7-BC8F-65F30F78F3F3}.Release|x86.ActiveCfg = Release|Any CPU
		{0EEB30F1-8F51-48F7-BC8F-65F30F78F3F3}.Release|x86.Build.0 = Release|Any CPU
		{CBD18309-3C74-4F40-B8A9-1977F3A0FF80}.Debug|Any CPU.ActiveCfg = Debug|Any CPU
		{CBD18309-3C74-4F40-B8A9-1977F3A0FF80}.Debug|Any CPU.Build.0 = Debug|Any CPU
		{CBD18309-3C74-4F40-B8A9-1977F3A0FF80}.Debug|x64.ActiveCfg = Debug|Any CPU
		{CBD18309-3C74-4F40-B8A9-1977F3A0FF80}.Debug|x64.Build.0 = Debug|Any CPU
		{CBD18309-3C74-4F40-B8A9-1977F3A0FF80}.Debug|x86.ActiveCfg = Debug|Any CPU
		{CBD18309-3C74-4F40-B8A9-1977F3A0FF80}.Debug|x86.Build.0 = Debug|Any CPU
		{CBD18309-3C74-4F40-B8A9-1977F3A0FF80}.Release|Any CPU.ActiveCfg = Release|Any CPU
		{CBD18309-3C74-4F40-B8A9-1977F3A0FF80}.Release|Any CPU.Build.0 = Release|Any CPU
		{CBD18309-3C74-4F40-B8A9-1977F3A0FF80}.Release|x64.ActiveCfg = Release|Any CPU
		{CBD18309-3C74-4F40-B8A9-1977F3A0FF80}.Release|x64.Build.0 = Release|Any CPU
		{CBD18309-3C74-4F40-B8A9-1977F3A0FF80}.Release|x86.ActiveCfg = Release|Any CPU
		{CBD18309-3C74-4F40-B8A9-1977F3A0FF80}.Release|x86.Build.0 = Release|Any CPU
		{42054F67-874B-4844-B91D-04CC143F0822}.Debug|Any CPU.ActiveCfg = Debug|Any CPU
		{42054F67-874B-4844-B91D-04CC143F0822}.Debug|Any CPU.Build.0 = Debug|Any CPU
		{42054F67-874B-4844-B91D-04CC143F0822}.Debug|x64.ActiveCfg = Debug|Any CPU
		{42054F67-874B-4844-B91D-04CC143F0822}.Debug|x64.Build.0 = Debug|Any CPU
		{42054F67-874B-4844-B91D-04CC143F0822}.Debug|x86.ActiveCfg = Debug|Any CPU
		{42054F67-874B-4844-B91D-04CC143F0822}.Debug|x86.Build.0 = Debug|Any CPU
		{42054F67-874B-4844-B91D-04CC143F0822}.Release|Any CPU.ActiveCfg = Release|Any CPU
		{42054F67-874B-4844-B91D-04CC143F0822}.Release|Any CPU.Build.0 = Release|Any CPU
		{42054F67-874B-4844-B91D-04CC143F0822}.Release|x64.ActiveCfg = Release|Any CPU
		{42054F67-874B-4844-B91D-04CC143F0822}.Release|x64.Build.0 = Release|Any CPU
		{42054F67-874B-4844-B91D-04CC143F0822}.Release|x86.ActiveCfg = Release|Any CPU
		{42054F67-874B-4844-B91D-04CC143F0822}.Release|x86.Build.0 = Release|Any CPU
		{EC4D0382-2F1C-43DE-8C02-63871504F6F3}.Debug|Any CPU.ActiveCfg = Debug|Any CPU
		{EC4D0382-2F1C-43DE-8C02-63871504F6F3}.Debug|Any CPU.Build.0 = Debug|Any CPU
		{EC4D0382-2F1C-43DE-8C02-63871504F6F3}.Debug|x64.ActiveCfg = Debug|Any CPU
		{EC4D0382-2F1C-43DE-8C02-63871504F6F3}.Debug|x64.Build.0 = Debug|Any CPU
		{EC4D0382-2F1C-43DE-8C02-63871504F6F3}.Debug|x86.ActiveCfg = Debug|Any CPU
		{EC4D0382-2F1C-43DE-8C02-63871504F6F3}.Debug|x86.Build.0 = Debug|Any CPU
		{EC4D0382-2F1C-43DE-8C02-63871504F6F3}.Release|Any CPU.ActiveCfg = Release|Any CPU
		{EC4D0382-2F1C-43DE-8C02-63871504F6F3}.Release|Any CPU.Build.0 = Release|Any CPU
		{EC4D0382-2F1C-43DE-8C02-63871504F6F3}.Release|x64.ActiveCfg = Release|Any CPU
		{EC4D0382-2F1C-43DE-8C02-63871504F6F3}.Release|x64.Build.0 = Release|Any CPU
		{EC4D0382-2F1C-43DE-8C02-63871504F6F3}.Release|x86.ActiveCfg = Release|Any CPU
		{EC4D0382-2F1C-43DE-8C02-63871504F6F3}.Release|x86.Build.0 = Release|Any CPU
		{9004FC3B-E463-4C9A-94A9-82CF742533D4}.Debug|Any CPU.ActiveCfg = Debug|Any CPU
		{9004FC3B-E463-4C9A-94A9-82CF742533D4}.Debug|Any CPU.Build.0 = Debug|Any CPU
		{9004FC3B-E463-4C9A-94A9-82CF742533D4}.Debug|x64.ActiveCfg = Debug|Any CPU
		{9004FC3B-E463-4C9A-94A9-82CF742533D4}.Debug|x64.Build.0 = Debug|Any CPU
		{9004FC3B-E463-4C9A-94A9-82CF742533D4}.Debug|x86.ActiveCfg = Debug|Any CPU
		{9004FC3B-E463-4C9A-94A9-82CF742533D4}.Debug|x86.Build.0 = Debug|Any CPU
		{9004FC3B-E463-4C9A-94A9-82CF742533D4}.Release|Any CPU.ActiveCfg = Release|Any CPU
		{9004FC3B-E463-4C9A-94A9-82CF742533D4}.Release|Any CPU.Build.0 = Release|Any CPU
		{9004FC3B-E463-4C9A-94A9-82CF742533D4}.Release|x64.ActiveCfg = Release|Any CPU
		{9004FC3B-E463-4C9A-94A9-82CF742533D4}.Release|x64.Build.0 = Release|Any CPU
		{9004FC3B-E463-4C9A-94A9-82CF742533D4}.Release|x86.ActiveCfg = Release|Any CPU
		{9004FC3B-E463-4C9A-94A9-82CF742533D4}.Release|x86.Build.0 = Release|Any CPU
		{48AC184A-5DBC-498A-AC9D-57C252A98B35}.Debug|Any CPU.ActiveCfg = Debug|Any CPU
		{48AC184A-5DBC-498A-AC9D-57C252A98B35}.Debug|Any CPU.Build.0 = Debug|Any CPU
		{48AC184A-5DBC-498A-AC9D-57C252A98B35}.Debug|x64.ActiveCfg = Debug|Any CPU
		{48AC184A-5DBC-498A-AC9D-57C252A98B35}.Debug|x64.Build.0 = Debug|Any CPU
		{48AC184A-5DBC-498A-AC9D-57C252A98B35}.Debug|x86.ActiveCfg = Debug|Any CPU
		{48AC184A-5DBC-498A-AC9D-57C252A98B35}.Debug|x86.Build.0 = Debug|Any CPU
		{48AC184A-5DBC-498A-AC9D-57C252A98B35}.Release|Any CPU.ActiveCfg = Release|Any CPU
		{48AC184A-5DBC-498A-AC9D-57C252A98B35}.Release|Any CPU.Build.0 = Release|Any CPU
		{48AC184A-5DBC-498A-AC9D-57C252A98B35}.Release|x64.ActiveCfg = Release|Any CPU
		{48AC184A-5DBC-498A-AC9D-57C252A98B35}.Release|x64.Build.0 = Release|Any CPU
		{48AC184A-5DBC-498A-AC9D-57C252A98B35}.Release|x86.ActiveCfg = Release|Any CPU
		{48AC184A-5DBC-498A-AC9D-57C252A98B35}.Release|x86.Build.0 = Release|Any CPU
		{21EE8848-40F7-4B76-8E36-77B5EBC35703}.Debug|Any CPU.ActiveCfg = Debug|Any CPU
		{21EE8848-40F7-4B76-8E36-77B5EBC35703}.Debug|Any CPU.Build.0 = Debug|Any CPU
		{21EE8848-40F7-4B76-8E36-77B5EBC35703}.Debug|x64.ActiveCfg = Debug|Any CPU
		{21EE8848-40F7-4B76-8E36-77B5EBC35703}.Debug|x64.Build.0 = Debug|Any CPU
		{21EE8848-40F7-4B76-8E36-77B5EBC35703}.Debug|x86.ActiveCfg = Debug|Any CPU
		{21EE8848-40F7-4B76-8E36-77B5EBC35703}.Debug|x86.Build.0 = Debug|Any CPU
		{21EE8848-40F7-4B76-8E36-77B5EBC35703}.Release|Any CPU.ActiveCfg = Release|Any CPU
		{21EE8848-40F7-4B76-8E36-77B5EBC35703}.Release|Any CPU.Build.0 = Release|Any CPU
		{21EE8848-40F7-4B76-8E36-77B5EBC35703}.Release|x64.ActiveCfg = Release|Any CPU
		{21EE8848-40F7-4B76-8E36-77B5EBC35703}.Release|x64.Build.0 = Release|Any CPU
		{21EE8848-40F7-4B76-8E36-77B5EBC35703}.Release|x86.ActiveCfg = Release|Any CPU
		{21EE8848-40F7-4B76-8E36-77B5EBC35703}.Release|x86.Build.0 = Release|Any CPU
		{8D7B5C70-CA2C-49BE-BC2A-D46E140BC348}.Debug|Any CPU.ActiveCfg = Debug|Any CPU
		{8D7B5C70-CA2C-49BE-BC2A-D46E140BC348}.Debug|Any CPU.Build.0 = Debug|Any CPU
		{8D7B5C70-CA2C-49BE-BC2A-D46E140BC348}.Debug|x64.ActiveCfg = Debug|Any CPU
		{8D7B5C70-CA2C-49BE-BC2A-D46E140BC348}.Debug|x64.Build.0 = Debug|Any CPU
		{8D7B5C70-CA2C-49BE-BC2A-D46E140BC348}.Debug|x86.ActiveCfg = Debug|Any CPU
		{8D7B5C70-CA2C-49BE-BC2A-D46E140BC348}.Debug|x86.Build.0 = Debug|Any CPU
		{8D7B5C70-CA2C-49BE-BC2A-D46E140BC348}.Release|Any CPU.ActiveCfg = Release|Any CPU
		{8D7B5C70-CA2C-49BE-BC2A-D46E140BC348}.Release|Any CPU.Build.0 = Release|Any CPU
		{8D7B5C70-CA2C-49BE-BC2A-D46E140BC348}.Release|x64.ActiveCfg = Release|Any CPU
		{8D7B5C70-CA2C-49BE-BC2A-D46E140BC348}.Release|x64.Build.0 = Release|Any CPU
		{8D7B5C70-CA2C-49BE-BC2A-D46E140BC348}.Release|x86.ActiveCfg = Release|Any CPU
		{8D7B5C70-CA2C-49BE-BC2A-D46E140BC348}.Release|x86.Build.0 = Release|Any CPU
		{CEBC1643-8448-44C5-B229-8AC4AAEB50CD}.Debug|Any CPU.ActiveCfg = Debug|Any CPU
		{CEBC1643-8448-44C5-B229-8AC4AAEB50CD}.Debug|Any CPU.Build.0 = Debug|Any CPU
		{CEBC1643-8448-44C5-B229-8AC4AAEB50CD}.Debug|x64.ActiveCfg = Debug|Any CPU
		{CEBC1643-8448-44C5-B229-8AC4AAEB50CD}.Debug|x64.Build.0 = Debug|Any CPU
		{CEBC1643-8448-44C5-B229-8AC4AAEB50CD}.Debug|x86.ActiveCfg = Debug|Any CPU
		{CEBC1643-8448-44C5-B229-8AC4AAEB50CD}.Debug|x86.Build.0 = Debug|Any CPU
		{CEBC1643-8448-44C5-B229-8AC4AAEB50CD}.Release|Any CPU.ActiveCfg = Release|Any CPU
		{CEBC1643-8448-44C5-B229-8AC4AAEB50CD}.Release|Any CPU.Build.0 = Release|Any CPU
		{CEBC1643-8448-44C5-B229-8AC4AAEB50CD}.Release|x64.ActiveCfg = Release|Any CPU
		{CEBC1643-8448-44C5-B229-8AC4AAEB50CD}.Release|x64.Build.0 = Release|Any CPU
		{CEBC1643-8448-44C5-B229-8AC4AAEB50CD}.Release|x86.ActiveCfg = Release|Any CPU
		{CEBC1643-8448-44C5-B229-8AC4AAEB50CD}.Release|x86.Build.0 = Release|Any CPU
		{0181A168-6775-47D9-A87D-714AFBCCF2F2}.Debug|Any CPU.ActiveCfg = Debug|Any CPU
		{0181A168-6775-47D9-A87D-714AFBCCF2F2}.Debug|Any CPU.Build.0 = Debug|Any CPU
		{0181A168-6775-47D9-A87D-714AFBCCF2F2}.Debug|x64.ActiveCfg = Debug|Any CPU
		{0181A168-6775-47D9-A87D-714AFBCCF2F2}.Debug|x64.Build.0 = Debug|Any CPU
		{0181A168-6775-47D9-A87D-714AFBCCF2F2}.Debug|x86.ActiveCfg = Debug|Any CPU
		{0181A168-6775-47D9-A87D-714AFBCCF2F2}.Debug|x86.Build.0 = Debug|Any CPU
		{0181A168-6775-47D9-A87D-714AFBCCF2F2}.Release|Any CPU.ActiveCfg = Release|Any CPU
		{0181A168-6775-47D9-A87D-714AFBCCF2F2}.Release|Any CPU.Build.0 = Release|Any CPU
		{0181A168-6775-47D9-A87D-714AFBCCF2F2}.Release|x64.ActiveCfg = Release|Any CPU
		{0181A168-6775-47D9-A87D-714AFBCCF2F2}.Release|x64.Build.0 = Release|Any CPU
		{0181A168-6775-47D9-A87D-714AFBCCF2F2}.Release|x86.ActiveCfg = Release|Any CPU
		{0181A168-6775-47D9-A87D-714AFBCCF2F2}.Release|x86.Build.0 = Release|Any CPU
		{2AC4CCD2-BDB0-4C10-AA1E-D39A0784764F}.Debug|Any CPU.ActiveCfg = Debug|Any CPU
		{2AC4CCD2-BDB0-4C10-AA1E-D39A0784764F}.Debug|Any CPU.Build.0 = Debug|Any CPU
		{2AC4CCD2-BDB0-4C10-AA1E-D39A0784764F}.Debug|x64.ActiveCfg = Debug|Any CPU
		{2AC4CCD2-BDB0-4C10-AA1E-D39A0784764F}.Debug|x64.Build.0 = Debug|Any CPU
		{2AC4CCD2-BDB0-4C10-AA1E-D39A0784764F}.Debug|x86.ActiveCfg = Debug|Any CPU
		{2AC4CCD2-BDB0-4C10-AA1E-D39A0784764F}.Debug|x86.Build.0 = Debug|Any CPU
		{2AC4CCD2-BDB0-4C10-AA1E-D39A0784764F}.Release|Any CPU.ActiveCfg = Release|Any CPU
		{2AC4CCD2-BDB0-4C10-AA1E-D39A0784764F}.Release|Any CPU.Build.0 = Release|Any CPU
		{2AC4CCD2-BDB0-4C10-AA1E-D39A0784764F}.Release|x64.ActiveCfg = Release|Any CPU
		{2AC4CCD2-BDB0-4C10-AA1E-D39A0784764F}.Release|x64.Build.0 = Release|Any CPU
		{2AC4CCD2-BDB0-4C10-AA1E-D39A0784764F}.Release|x86.ActiveCfg = Release|Any CPU
		{2AC4CCD2-BDB0-4C10-AA1E-D39A0784764F}.Release|x86.Build.0 = Release|Any CPU
		{A17A0193-EDAB-4AC8-9A2C-DFD0D6207F8B}.Debug|Any CPU.ActiveCfg = Debug|Any CPU
		{A17A0193-EDAB-4AC8-9A2C-DFD0D6207F8B}.Debug|Any CPU.Build.0 = Debug|Any CPU
		{A17A0193-EDAB-4AC8-9A2C-DFD0D6207F8B}.Debug|x64.ActiveCfg = Debug|Any CPU
		{A17A0193-EDAB-4AC8-9A2C-DFD0D6207F8B}.Debug|x64.Build.0 = Debug|Any CPU
		{A17A0193-EDAB-4AC8-9A2C-DFD0D6207F8B}.Debug|x86.ActiveCfg = Debug|Any CPU
		{A17A0193-EDAB-4AC8-9A2C-DFD0D6207F8B}.Debug|x86.Build.0 = Debug|Any CPU
		{A17A0193-EDAB-4AC8-9A2C-DFD0D6207F8B}.Release|Any CPU.ActiveCfg = Release|Any CPU
		{A17A0193-EDAB-4AC8-9A2C-DFD0D6207F8B}.Release|Any CPU.Build.0 = Release|Any CPU
		{A17A0193-EDAB-4AC8-9A2C-DFD0D6207F8B}.Release|x64.ActiveCfg = Release|Any CPU
		{A17A0193-EDAB-4AC8-9A2C-DFD0D6207F8B}.Release|x64.Build.0 = Release|Any CPU
		{A17A0193-EDAB-4AC8-9A2C-DFD0D6207F8B}.Release|x86.ActiveCfg = Release|Any CPU
		{A17A0193-EDAB-4AC8-9A2C-DFD0D6207F8B}.Release|x86.Build.0 = Release|Any CPU
		{AE80CC88-EE12-4B20-8265-6B794934DA4A}.Debug|Any CPU.ActiveCfg = Debug|Any CPU
		{AE80CC88-EE12-4B20-8265-6B794934DA4A}.Debug|Any CPU.Build.0 = Debug|Any CPU
		{AE80CC88-EE12-4B20-8265-6B794934DA4A}.Debug|x64.ActiveCfg = Debug|Any CPU
		{AE80CC88-EE12-4B20-8265-6B794934DA4A}.Debug|x64.Build.0 = Debug|Any CPU
		{AE80CC88-EE12-4B20-8265-6B794934DA4A}.Debug|x86.ActiveCfg = Debug|Any CPU
		{AE80CC88-EE12-4B20-8265-6B794934DA4A}.Debug|x86.Build.0 = Debug|Any CPU
		{AE80CC88-EE12-4B20-8265-6B794934DA4A}.Release|Any CPU.ActiveCfg = Release|Any CPU
		{AE80CC88-EE12-4B20-8265-6B794934DA4A}.Release|Any CPU.Build.0 = Release|Any CPU
		{AE80CC88-EE12-4B20-8265-6B794934DA4A}.Release|x64.ActiveCfg = Release|Any CPU
		{AE80CC88-EE12-4B20-8265-6B794934DA4A}.Release|x64.Build.0 = Release|Any CPU
		{AE80CC88-EE12-4B20-8265-6B794934DA4A}.Release|x86.ActiveCfg = Release|Any CPU
		{AE80CC88-EE12-4B20-8265-6B794934DA4A}.Release|x86.Build.0 = Release|Any CPU
		{FA93F96E-1407-4733-875C-9C8B7FD8FB0E}.Debug|Any CPU.ActiveCfg = Debug|Any CPU
		{FA93F96E-1407-4733-875C-9C8B7FD8FB0E}.Debug|Any CPU.Build.0 = Debug|Any CPU
		{FA93F96E-1407-4733-875C-9C8B7FD8FB0E}.Debug|x64.ActiveCfg = Debug|Any CPU
		{FA93F96E-1407-4733-875C-9C8B7FD8FB0E}.Debug|x64.Build.0 = Debug|Any CPU
		{FA93F96E-1407-4733-875C-9C8B7FD8FB0E}.Debug|x86.ActiveCfg = Debug|Any CPU
		{FA93F96E-1407-4733-875C-9C8B7FD8FB0E}.Debug|x86.Build.0 = Debug|Any CPU
		{FA93F96E-1407-4733-875C-9C8B7FD8FB0E}.Release|Any CPU.ActiveCfg = Release|Any CPU
		{FA93F96E-1407-4733-875C-9C8B7FD8FB0E}.Release|Any CPU.Build.0 = Release|Any CPU
		{FA93F96E-1407-4733-875C-9C8B7FD8FB0E}.Release|x64.ActiveCfg = Release|Any CPU
		{FA93F96E-1407-4733-875C-9C8B7FD8FB0E}.Release|x64.Build.0 = Release|Any CPU
		{FA93F96E-1407-4733-875C-9C8B7FD8FB0E}.Release|x86.ActiveCfg = Release|Any CPU
		{FA93F96E-1407-4733-875C-9C8B7FD8FB0E}.Release|x86.Build.0 = Release|Any CPU
		{193E64E6-7077-41FD-A30A-499DCA5C3518}.Debug|Any CPU.ActiveCfg = Debug|Any CPU
		{193E64E6-7077-41FD-A30A-499DCA5C3518}.Debug|Any CPU.Build.0 = Debug|Any CPU
		{193E64E6-7077-41FD-A30A-499DCA5C3518}.Debug|x64.ActiveCfg = Debug|Any CPU
		{193E64E6-7077-41FD-A30A-499DCA5C3518}.Debug|x64.Build.0 = Debug|Any CPU
		{193E64E6-7077-41FD-A30A-499DCA5C3518}.Debug|x86.ActiveCfg = Debug|Any CPU
		{193E64E6-7077-41FD-A30A-499DCA5C3518}.Debug|x86.Build.0 = Debug|Any CPU
		{193E64E6-7077-41FD-A30A-499DCA5C3518}.Release|Any CPU.ActiveCfg = Release|Any CPU
		{193E64E6-7077-41FD-A30A-499DCA5C3518}.Release|Any CPU.Build.0 = Release|Any CPU
		{193E64E6-7077-41FD-A30A-499DCA5C3518}.Release|x64.ActiveCfg = Release|Any CPU
		{193E64E6-7077-41FD-A30A-499DCA5C3518}.Release|x64.Build.0 = Release|Any CPU
		{193E64E6-7077-41FD-A30A-499DCA5C3518}.Release|x86.ActiveCfg = Release|Any CPU
		{193E64E6-7077-41FD-A30A-499DCA5C3518}.Release|x86.Build.0 = Release|Any CPU
		{E0EFEF79-362D-403F-A0BE-E4794700CC91}.Debug|Any CPU.ActiveCfg = Debug|Any CPU
		{E0EFEF79-362D-403F-A0BE-E4794700CC91}.Debug|Any CPU.Build.0 = Debug|Any CPU
		{E0EFEF79-362D-403F-A0BE-E4794700CC91}.Debug|x64.ActiveCfg = Debug|Any CPU
		{E0EFEF79-362D-403F-A0BE-E4794700CC91}.Debug|x64.Build.0 = Debug|Any CPU
		{E0EFEF79-362D-403F-A0BE-E4794700CC91}.Debug|x86.ActiveCfg = Debug|Any CPU
		{E0EFEF79-362D-403F-A0BE-E4794700CC91}.Debug|x86.Build.0 = Debug|Any CPU
		{E0EFEF79-362D-403F-A0BE-E4794700CC91}.Release|Any CPU.ActiveCfg = Release|Any CPU
		{E0EFEF79-362D-403F-A0BE-E4794700CC91}.Release|Any CPU.Build.0 = Release|Any CPU
		{E0EFEF79-362D-403F-A0BE-E4794700CC91}.Release|x64.ActiveCfg = Release|Any CPU
		{E0EFEF79-362D-403F-A0BE-E4794700CC91}.Release|x64.Build.0 = Release|Any CPU
		{E0EFEF79-362D-403F-A0BE-E4794700CC91}.Release|x86.ActiveCfg = Release|Any CPU
		{E0EFEF79-362D-403F-A0BE-E4794700CC91}.Release|x86.Build.0 = Release|Any CPU
	EndGlobalSection
	GlobalSection(SolutionProperties) = preSolution
		HideSolutionNode = FALSE
	EndGlobalSection
	GlobalSection(NestedProjects) = preSolution
		{FD959DB3-9E65-4504-A54B-940868CF3899} = {EF8BDEE9-117A-4D27-A4B1-2E89092ECD24}
		{5C3D7A24-3267-4BF6-9413-0B7E8291B6A1} = {C984665F-2545-46E9-9ED9-7F2D0AEEBFBC}
		{A3BDD4CF-B9E9-4E8A-856A-C757549F8817} = {C984665F-2545-46E9-9ED9-7F2D0AEEBFBC}
		{9961A171-64A8-46C0-B9AE-E0D50143F2DF} = {C984665F-2545-46E9-9ED9-7F2D0AEEBFBC}
		{0EEB30F1-8F51-48F7-BC8F-65F30F78F3F3} = {EF8BDEE9-117A-4D27-A4B1-2E89092ECD24}
		{CBD18309-3C74-4F40-B8A9-1977F3A0FF80} = {EF8BDEE9-117A-4D27-A4B1-2E89092ECD24}
		{42054F67-874B-4844-B91D-04CC143F0822} = {C984665F-2545-46E9-9ED9-7F2D0AEEBFBC}
		{EC4D0382-2F1C-43DE-8C02-63871504F6F3} = {EF8BDEE9-117A-4D27-A4B1-2E89092ECD24}
		{9004FC3B-E463-4C9A-94A9-82CF742533D4} = {EF8BDEE9-117A-4D27-A4B1-2E89092ECD24}
		{48AC184A-5DBC-498A-AC9D-57C252A98B35} = {EF8BDEE9-117A-4D27-A4B1-2E89092ECD24}
		{21EE8848-40F7-4B76-8E36-77B5EBC35703} = {C984665F-2545-46E9-9ED9-7F2D0AEEBFBC}
		{8D7B5C70-CA2C-49BE-BC2A-D46E140BC348} = {EF8BDEE9-117A-4D27-A4B1-2E89092ECD24}
		{CEBC1643-8448-44C5-B229-8AC4AAEB50CD} = {EF8BDEE9-117A-4D27-A4B1-2E89092ECD24}
		{0181A168-6775-47D9-A87D-714AFBCCF2F2} = {EF8BDEE9-117A-4D27-A4B1-2E89092ECD24}
		{2AC4CCD2-BDB0-4C10-AA1E-D39A0784764F} = {EF8BDEE9-117A-4D27-A4B1-2E89092ECD24}
		{A17A0193-EDAB-4AC8-9A2C-DFD0D6207F8B} = {EF8BDEE9-117A-4D27-A4B1-2E89092ECD24}
		{AE80CC88-EE12-4B20-8265-6B794934DA4A} = {C984665F-2545-46E9-9ED9-7F2D0AEEBFBC}
		{FA93F96E-1407-4733-875C-9C8B7FD8FB0E} = {EF8BDEE9-117A-4D27-A4B1-2E89092ECD24}
		{193E64E6-7077-41FD-A30A-499DCA5C3518} = {C984665F-2545-46E9-9ED9-7F2D0AEEBFBC}
		{E0EFEF79-362D-403F-A0BE-E4794700CC91} = {C984665F-2545-46E9-9ED9-7F2D0AEEBFBC}
	EndGlobalSection
	GlobalSection(ExtensibilityGlobals) = postSolution
		SolutionGuid = {C3625F4B-3660-41ED-9255-5FB1A50F4D79}
	EndGlobalSection
EndGlobal
