
Microsoft Visual Studio Solution File, Format Version 12.00
# Visual Studio 15
VisualStudioVersion = 15.0.27130.2036
MinimumVisualStudioVersion = 10.0.40219.1
Project("{2150E333-8FDC-42A3-9474-1A3956D46DE8}") = "src", "src", "{E4AFAA09-238E-4702-9534-3520C9DAE860}"
EndProject
Project("{2150E333-8FDC-42A3-9474-1A3956D46DE8}") = "test", "test", "{7D91911F-608E-4C44-A5A6-76D83EC88ECA}"
EndProject
Project("{9A19103F-16F7-4668-BE54-9A1E7A4F7556}") = "NIST.CVP.ACVTS.Libraries.Crypto.DSA.ECC.Tests", "..\..\crypto\test\NIST.CVP.ACVTS.Libraries.Crypto.DSA.ECC.Tests\NIST.CVP.ACVTS.Libraries.Crypto.DSA.ECC.Tests.csproj", "{9937A32A-80C3-4005-A15C-76EB71186252}"
EndProject
Project("{9A19103F-16F7-4668-BE54-9A1E7A4F7556}") = "NIST.CVP.ACVTS.Libraries.Math", "..\..\common\src\NIST.CVP.ACVTS.Libraries.Math\NIST.CVP.ACVTS.Libraries.Math.csproj", "{37C01566-CF40-49B2-9BC3-6C9EB7518588}"
EndProject
Project("{9A19103F-16F7-4668-BE54-9A1E7A4F7556}") = "NIST.CVP.ACVTS.Libraries.Math.Tests", "..\..\common\test\NIST.CVP.ACVTS.Libraries.Math.Tests\NIST.CVP.ACVTS.Libraries.Math.Tests.csproj", "{F09750CA-C682-45E8-A9D2-EB0288428BD4}"
EndProject
Project("{9A19103F-16F7-4668-BE54-9A1E7A4F7556}") = "NIST.CVP.ACVTS.Tests.Core", "..\..\common\test\NIST.CVP.ACVTS.Tests.Core\NIST.CVP.ACVTS.Tests.Core.csproj", "{4E2D6BBF-9E1E-4212-B90B-E362BAF9EB23}"
EndProject
Project("{9A19103F-16F7-4668-BE54-9A1E7A4F7556}") = "NIST.CVP.ACVTS.Libraries.Crypto.Common", "..\..\crypto\src\NIST.CVP.ACVTS.Libraries.Crypto.Common\NIST.CVP.ACVTS.Libraries.Crypto.Common.csproj", "{2CE55695-E9FF-4D54-B71A-9190B7B13507}"
EndProject
Project("{9A19103F-16F7-4668-BE54-9A1E7A4F7556}") = "NIST.CVP.ACVTS.Libraries.Crypto.Math.Tests", "..\..\crypto\test\NIST.CVP.ACVTS.Libraries.Crypto.Math.Tests\NIST.CVP.ACVTS.Libraries.Crypto.Math.Tests.csproj", "{5F060637-ECCA-4552-B7A8-D626A195EE22}"
EndProject
Project("{9A19103F-16F7-4668-BE54-9A1E7A4F7556}") = "NIST.CVP.ACVTS.Libraries.Common", "..\..\common\src\NIST.CVP.ACVTS.Libraries.Common\NIST.CVP.ACVTS.Libraries.Common.csproj", "{16FAB0A0-F6F9-443C-B4BC-DC353234987B}"
EndProject
Project("{9A19103F-16F7-4668-BE54-9A1E7A4F7556}") = "NIST.CVP.ACVTS.Libraries.Common.Tests", "..\..\common\test\NIST.CVP.ACVTS.Libraries.Common.Tests\NIST.CVP.ACVTS.Libraries.Common.Tests.csproj", "{2AD766B1-CC3B-4DD9-AF57-1F6F7527EEF7}"
EndProject
Project("{9A19103F-16F7-4668-BE54-9A1E7A4F7556}") = "NIST.CVP.ACVTS.Libraries.Crypto", "..\..\crypto\src\NIST.CVP.ACVTS.Libraries.Crypto\NIST.CVP.ACVTS.Libraries.Crypto.csproj", "{97AF0ACA-54AA-4B25-9782-157E44F65457}"
EndProject
Project("{9A19103F-16F7-4668-BE54-9A1E7A4F7556}") = "NIST.CVP.ACVTS.Libraries.Crypto.Oracle", "..\..\oracle\src\NIST.CVP.ACVTS.Libraries.Crypto.Oracle\NIST.CVP.ACVTS.Libraries.Crypto.Oracle.csproj", "{62E8328B-A235-462B-BC07-6FF8CB4B7275}"
EndProject
Project("{9A19103F-16F7-4668-BE54-9A1E7A4F7556}") = "NIST.CVP.ACVTS.Libraries.Orleans.Grains", "..\..\orleans\src\NIST.CVP.ACVTS.Libraries.Orleans.Grains\NIST.CVP.ACVTS.Libraries.Orleans.Grains.csproj", "{FA84725C-A338-4E10-B6E7-CFDF08100548}"
EndProject
Project("{9A19103F-16F7-4668-BE54-9A1E7A4F7556}") = "NIST.CVP.ACVTS.Libraries.Orleans.Grains.Interfaces", "..\..\orleans\src\NIST.CVP.ACVTS.Libraries.Orleans.Grains.Interfaces\NIST.CVP.ACVTS.Libraries.Orleans.Grains.Interfaces.csproj", "{892A072E-790B-4779-AAB7-A838D23F23CC}"
EndProject
Project("{9A19103F-16F7-4668-BE54-9A1E7A4F7556}") = "NIST.CVP.ACVTS.Orleans.ServerHost", "..\..\..\samples\NIST.CVP.ACVTS.Orleans.ServerHost\NIST.CVP.ACVTS.Orleans.ServerHost.csproj", "{113767B3-3A4B-4DAF-844C-20364EBEDF93}"
EndProject
Project("{9A19103F-16F7-4668-BE54-9A1E7A4F7556}") = "NIST.CVP.ACVTS.Libraries.Crypto.SP800-106.Tests", "..\..\crypto\test\NIST.CVP.ACVTS.Libraries.Crypto.SP800-106.Tests\NIST.CVP.ACVTS.Libraries.Crypto.SP800-106.Tests.csproj", "{AACF77CD-AAAE-45A0-9506-DB84A474E004}"
EndProject
Project("{FAE04EC0-301F-11D3-BF4B-00C04F79EFBC}") = "NIST.CVP.ACVTS.Libraries.Generation.Core", "..\..\generation\src\NIST.CVP.ACVTS.Libraries.Generation.Core\NIST.CVP.ACVTS.Libraries.Generation.Core.csproj", "{D8A99619-3277-497C-87D8-CBBC56216FB0}"
EndProject
Project("{FAE04EC0-301F-11D3-BF4B-00C04F79EFBC}") = "NIST.CVP.ACVTS.Libraries.Generation.Core.Tests", "..\..\generation\test\NIST.CVP.ACVTS.Libraries.Generation.Core.Tests\NIST.CVP.ACVTS.Libraries.Generation.Core.Tests.csproj", "{8B89B924-52CE-409D-8C68-37E746E2B9B1}"
EndProject
Project("{FAE04EC0-301F-11D3-BF4B-00C04F79EFBC}") = "NIST.CVP.ACVTS.Libraries.Generation", "..\..\generation\src\NIST.CVP.ACVTS.Libraries.Generation\NIST.CVP.ACVTS.Libraries.Generation.csproj", "{0D479020-3445-44E0-81F3-3CCEB9F7FD8A}"
EndProject
Project("{FAE04EC0-301F-11D3-BF4B-00C04F79EFBC}") = "NIST.CVP.ACVTS.Libraries.Generation.DSA.ECC.KeyGen.IntegrationTests", "..\..\generation\test\NIST.CVP.ACVTS.Libraries.Generation.DSA.ECC.KeyGen.IntegrationTests\NIST.CVP.ACVTS.Libraries.Generation.DSA.ECC.KeyGen.IntegrationTests.csproj", "{B2ACBB39-61B4-4C1D-9A1A-8F53C04A1C20}"
EndProject
Project("{FAE04EC0-301F-11D3-BF4B-00C04F79EFBC}") = "NIST.CVP.ACVTS.Libraries.Generation.DSA.ECC.KeyVer.IntegrationTests", "..\..\generation\test\NIST.CVP.ACVTS.Libraries.Generation.DSA.ECC.KeyVer.IntegrationTests\NIST.CVP.ACVTS.Libraries.Generation.DSA.ECC.KeyVer.IntegrationTests.csproj", "{16EC398D-B0D0-4D03-9B9C-800EA1C61DE6}"
EndProject
Project("{FAE04EC0-301F-11D3-BF4B-00C04F79EFBC}") = "NIST.CVP.ACVTS.Libraries.Generation.DSA.ECC.SigGen.IntegrationTests", "..\..\generation\test\NIST.CVP.ACVTS.Libraries.Generation.DSA.ECC.SigGen.IntegrationTests\NIST.CVP.ACVTS.Libraries.Generation.DSA.ECC.SigGen.IntegrationTests.csproj", "{03BF4C54-1D38-4990-B36F-97FE8DD8BA5A}"
EndProject
Project("{FAE04EC0-301F-11D3-BF4B-00C04F79EFBC}") = "NIST.CVP.ACVTS.Libraries.Generation.DSA.ECC.SigVer.IntegrationTests", "..\..\generation\test\NIST.CVP.ACVTS.Libraries.Generation.DSA.ECC.SigVer.IntegrationTests\NIST.CVP.ACVTS.Libraries.Generation.DSA.ECC.SigVer.IntegrationTests.csproj", "{0171D7F2-0050-498A-B2CB-919A9060B3DA}"
EndProject
Project("{FAE04EC0-301F-11D3-BF4B-00C04F79EFBC}") = "NIST.CVP.ACVTS.Libraries.Crypto.SHA.Tests", "..\..\crypto\test\NIST.CVP.ACVTS.Libraries.Crypto.SHA.Tests\NIST.CVP.ACVTS.Libraries.Crypto.SHA.Tests.csproj", "{65802B74-CDE8-4C5E-B5C6-AAE8F1B079C3}"
EndProject
Project("{FAE04EC0-301F-11D3-BF4B-00C04F79EFBC}") = "NIST.CVP.ACVTS.Libraries.Oracle.Abstractions", "..\..\oracle\src\NIST.CVP.ACVTS.Libraries.Oracle.Abstractions\NIST.CVP.ACVTS.Libraries.Oracle.Abstractions.csproj", "{30B2A733-F444-4263-81C4-84AC96844A12}"
EndProject
Project("{FAE04EC0-301F-11D3-BF4B-00C04F79EFBC}") = "NIST.CVP.ACVTS.Libraries.Generation.Tests", "..\..\generation\test\NIST.CVP.ACVTS.Libraries.Generation.Tests\NIST.CVP.ACVTS.Libraries.Generation.Tests.csproj", "{73E8C76C-3805-44E2-BEF9-711F2CAC5110}"
EndProject
Global
	GlobalSection(SolutionConfigurationPlatforms) = preSolution
		Debug|Any CPU = Debug|Any CPU
		Debug|x64 = Debug|x64
		Debug|x86 = Debug|x86
		Release|Any CPU = Release|Any CPU
		Release|x64 = Release|x64
		Release|x86 = Release|x86
	EndGlobalSection
	GlobalSection(ProjectConfigurationPlatforms) = postSolution
		{9937A32A-80C3-4005-A15C-76EB71186252}.Debug|Any CPU.ActiveCfg = Debug|Any CPU
		{9937A32A-80C3-4005-A15C-76EB71186252}.Debug|Any CPU.Build.0 = Debug|Any CPU
		{9937A32A-80C3-4005-A15C-76EB71186252}.Debug|x64.ActiveCfg = Debug|Any CPU
		{9937A32A-80C3-4005-A15C-76EB71186252}.Debug|x64.Build.0 = Debug|Any CPU
		{9937A32A-80C3-4005-A15C-76EB71186252}.Debug|x86.ActiveCfg = Debug|Any CPU
		{9937A32A-80C3-4005-A15C-76EB71186252}.Debug|x86.Build.0 = Debug|Any CPU
		{9937A32A-80C3-4005-A15C-76EB71186252}.Release|Any CPU.ActiveCfg = Release|Any CPU
		{9937A32A-80C3-4005-A15C-76EB71186252}.Release|Any CPU.Build.0 = Release|Any CPU
		{9937A32A-80C3-4005-A15C-76EB71186252}.Release|x64.ActiveCfg = Release|Any CPU
		{9937A32A-80C3-4005-A15C-76EB71186252}.Release|x64.Build.0 = Release|Any CPU
		{9937A32A-80C3-4005-A15C-76EB71186252}.Release|x86.ActiveCfg = Release|Any CPU
		{9937A32A-80C3-4005-A15C-76EB71186252}.Release|x86.Build.0 = Release|Any CPU
		{37C01566-CF40-49B2-9BC3-6C9EB7518588}.Debug|Any CPU.ActiveCfg = Debug|Any CPU
		{37C01566-CF40-49B2-9BC3-6C9EB7518588}.Debug|Any CPU.Build.0 = Debug|Any CPU
		{37C01566-CF40-49B2-9BC3-6C9EB7518588}.Debug|x64.ActiveCfg = Debug|Any CPU
		{37C01566-CF40-49B2-9BC3-6C9EB7518588}.Debug|x64.Build.0 = Debug|Any CPU
		{37C01566-CF40-49B2-9BC3-6C9EB7518588}.Debug|x86.ActiveCfg = Debug|Any CPU
		{37C01566-CF40-49B2-9BC3-6C9EB7518588}.Debug|x86.Build.0 = Debug|Any CPU
		{37C01566-CF40-49B2-9BC3-6C9EB7518588}.Release|Any CPU.ActiveCfg = Release|Any CPU
		{37C01566-CF40-49B2-9BC3-6C9EB7518588}.Release|Any CPU.Build.0 = Release|Any CPU
		{37C01566-CF40-49B2-9BC3-6C9EB7518588}.Release|x64.ActiveCfg = Release|Any CPU
		{37C01566-CF40-49B2-9BC3-6C9EB7518588}.Release|x64.Build.0 = Release|Any CPU
		{37C01566-CF40-49B2-9BC3-6C9EB7518588}.Release|x86.ActiveCfg = Release|Any CPU
		{37C01566-CF40-49B2-9BC3-6C9EB7518588}.Release|x86.Build.0 = Release|Any CPU
		{F09750CA-C682-45E8-A9D2-EB0288428BD4}.Debug|Any CPU.ActiveCfg = Debug|Any CPU
		{F09750CA-C682-45E8-A9D2-EB0288428BD4}.Debug|Any CPU.Build.0 = Debug|Any CPU
		{F09750CA-C682-45E8-A9D2-EB0288428BD4}.Debug|x64.ActiveCfg = Debug|Any CPU
		{F09750CA-C682-45E8-A9D2-EB0288428BD4}.Debug|x64.Build.0 = Debug|Any CPU
		{F09750CA-C682-45E8-A9D2-EB0288428BD4}.Debug|x86.ActiveCfg = Debug|Any CPU
		{F09750CA-C682-45E8-A9D2-EB0288428BD4}.Debug|x86.Build.0 = Debug|Any CPU
		{F09750CA-C682-45E8-A9D2-EB0288428BD4}.Release|Any CPU.ActiveCfg = Release|Any CPU
		{F09750CA-C682-45E8-A9D2-EB0288428BD4}.Release|Any CPU.Build.0 = Release|Any CPU
		{F09750CA-C682-45E8-A9D2-EB0288428BD4}.Release|x64.ActiveCfg = Release|Any CPU
		{F09750CA-C682-45E8-A9D2-EB0288428BD4}.Release|x64.Build.0 = Release|Any CPU
		{F09750CA-C682-45E8-A9D2-EB0288428BD4}.Release|x86.ActiveCfg = Release|Any CPU
		{F09750CA-C682-45E8-A9D2-EB0288428BD4}.Release|x86.Build.0 = Release|Any CPU
		{4E2D6BBF-9E1E-4212-B90B-E362BAF9EB23}.Debug|Any CPU.ActiveCfg = Debug|Any CPU
		{4E2D6BBF-9E1E-4212-B90B-E362BAF9EB23}.Debug|Any CPU.Build.0 = Debug|Any CPU
		{4E2D6BBF-9E1E-4212-B90B-E362BAF9EB23}.Debug|x64.ActiveCfg = Debug|Any CPU
		{4E2D6BBF-9E1E-4212-B90B-E362BAF9EB23}.Debug|x64.Build.0 = Debug|Any CPU
		{4E2D6BBF-9E1E-4212-B90B-E362BAF9EB23}.Debug|x86.ActiveCfg = Debug|Any CPU
		{4E2D6BBF-9E1E-4212-B90B-E362BAF9EB23}.Debug|x86.Build.0 = Debug|Any CPU
		{4E2D6BBF-9E1E-4212-B90B-E362BAF9EB23}.Release|Any CPU.ActiveCfg = Release|Any CPU
		{4E2D6BBF-9E1E-4212-B90B-E362BAF9EB23}.Release|Any CPU.Build.0 = Release|Any CPU
		{4E2D6BBF-9E1E-4212-B90B-E362BAF9EB23}.Release|x64.ActiveCfg = Release|Any CPU
		{4E2D6BBF-9E1E-4212-B90B-E362BAF9EB23}.Release|x64.Build.0 = Release|Any CPU
		{4E2D6BBF-9E1E-4212-B90B-E362BAF9EB23}.Release|x86.ActiveCfg = Release|Any CPU
		{4E2D6BBF-9E1E-4212-B90B-E362BAF9EB23}.Release|x86.Build.0 = Release|Any CPU
		{2CE55695-E9FF-4D54-B71A-9190B7B13507}.Debug|Any CPU.ActiveCfg = Debug|Any CPU
		{2CE55695-E9FF-4D54-B71A-9190B7B13507}.Debug|Any CPU.Build.0 = Debug|Any CPU
		{2CE55695-E9FF-4D54-B71A-9190B7B13507}.Debug|x64.ActiveCfg = Debug|Any CPU
		{2CE55695-E9FF-4D54-B71A-9190B7B13507}.Debug|x64.Build.0 = Debug|Any CPU
		{2CE55695-E9FF-4D54-B71A-9190B7B13507}.Debug|x86.ActiveCfg = Debug|Any CPU
		{2CE55695-E9FF-4D54-B71A-9190B7B13507}.Debug|x86.Build.0 = Debug|Any CPU
		{2CE55695-E9FF-4D54-B71A-9190B7B13507}.Release|Any CPU.ActiveCfg = Release|Any CPU
		{2CE55695-E9FF-4D54-B71A-9190B7B13507}.Release|Any CPU.Build.0 = Release|Any CPU
		{2CE55695-E9FF-4D54-B71A-9190B7B13507}.Release|x64.ActiveCfg = Release|Any CPU
		{2CE55695-E9FF-4D54-B71A-9190B7B13507}.Release|x64.Build.0 = Release|Any CPU
		{2CE55695-E9FF-4D54-B71A-9190B7B13507}.Release|x86.ActiveCfg = Release|Any CPU
		{2CE55695-E9FF-4D54-B71A-9190B7B13507}.Release|x86.Build.0 = Release|Any CPU
		{5F060637-ECCA-4552-B7A8-D626A195EE22}.Debug|Any CPU.ActiveCfg = Debug|Any CPU
		{5F060637-ECCA-4552-B7A8-D626A195EE22}.Debug|Any CPU.Build.0 = Debug|Any CPU
		{5F060637-ECCA-4552-B7A8-D626A195EE22}.Debug|x64.ActiveCfg = Debug|Any CPU
		{5F060637-ECCA-4552-B7A8-D626A195EE22}.Debug|x64.Build.0 = Debug|Any CPU
		{5F060637-ECCA-4552-B7A8-D626A195EE22}.Debug|x86.ActiveCfg = Debug|Any CPU
		{5F060637-ECCA-4552-B7A8-D626A195EE22}.Debug|x86.Build.0 = Debug|Any CPU
		{5F060637-ECCA-4552-B7A8-D626A195EE22}.Release|Any CPU.ActiveCfg = Release|Any CPU
		{5F060637-ECCA-4552-B7A8-D626A195EE22}.Release|Any CPU.Build.0 = Release|Any CPU
		{5F060637-ECCA-4552-B7A8-D626A195EE22}.Release|x64.ActiveCfg = Release|Any CPU
		{5F060637-ECCA-4552-B7A8-D626A195EE22}.Release|x64.Build.0 = Release|Any CPU
		{5F060637-ECCA-4552-B7A8-D626A195EE22}.Release|x86.ActiveCfg = Release|Any CPU
		{5F060637-ECCA-4552-B7A8-D626A195EE22}.Release|x86.Build.0 = Release|Any CPU
		{16FAB0A0-F6F9-443C-B4BC-DC353234987B}.Debug|Any CPU.ActiveCfg = Debug|Any CPU
		{16FAB0A0-F6F9-443C-B4BC-DC353234987B}.Debug|Any CPU.Build.0 = Debug|Any CPU
		{16FAB0A0-F6F9-443C-B4BC-DC353234987B}.Debug|x64.ActiveCfg = Debug|Any CPU
		{16FAB0A0-F6F9-443C-B4BC-DC353234987B}.Debug|x64.Build.0 = Debug|Any CPU
		{16FAB0A0-F6F9-443C-B4BC-DC353234987B}.Debug|x86.ActiveCfg = Debug|Any CPU
		{16FAB0A0-F6F9-443C-B4BC-DC353234987B}.Debug|x86.Build.0 = Debug|Any CPU
		{16FAB0A0-F6F9-443C-B4BC-DC353234987B}.Release|Any CPU.ActiveCfg = Release|Any CPU
		{16FAB0A0-F6F9-443C-B4BC-DC353234987B}.Release|Any CPU.Build.0 = Release|Any CPU
		{16FAB0A0-F6F9-443C-B4BC-DC353234987B}.Release|x64.ActiveCfg = Release|Any CPU
		{16FAB0A0-F6F9-443C-B4BC-DC353234987B}.Release|x64.Build.0 = Release|Any CPU
		{16FAB0A0-F6F9-443C-B4BC-DC353234987B}.Release|x86.ActiveCfg = Release|Any CPU
		{16FAB0A0-F6F9-443C-B4BC-DC353234987B}.Release|x86.Build.0 = Release|Any CPU
		{2AD766B1-CC3B-4DD9-AF57-1F6F7527EEF7}.Debug|Any CPU.ActiveCfg = Debug|Any CPU
		{2AD766B1-CC3B-4DD9-AF57-1F6F7527EEF7}.Debug|Any CPU.Build.0 = Debug|Any CPU
		{2AD766B1-CC3B-4DD9-AF57-1F6F7527EEF7}.Debug|x64.ActiveCfg = Debug|Any CPU
		{2AD766B1-CC3B-4DD9-AF57-1F6F7527EEF7}.Debug|x64.Build.0 = Debug|Any CPU
		{2AD766B1-CC3B-4DD9-AF57-1F6F7527EEF7}.Debug|x86.ActiveCfg = Debug|Any CPU
		{2AD766B1-CC3B-4DD9-AF57-1F6F7527EEF7}.Debug|x86.Build.0 = Debug|Any CPU
		{2AD766B1-CC3B-4DD9-AF57-1F6F7527EEF7}.Release|Any CPU.ActiveCfg = Release|Any CPU
		{2AD766B1-CC3B-4DD9-AF57-1F6F7527EEF7}.Release|Any CPU.Build.0 = Release|Any CPU
		{2AD766B1-CC3B-4DD9-AF57-1F6F7527EEF7}.Release|x64.ActiveCfg = Release|Any CPU
		{2AD766B1-CC3B-4DD9-AF57-1F6F7527EEF7}.Release|x64.Build.0 = Release|Any CPU
		{2AD766B1-CC3B-4DD9-AF57-1F6F7527EEF7}.Release|x86.ActiveCfg = Release|Any CPU
		{2AD766B1-CC3B-4DD9-AF57-1F6F7527EEF7}.Release|x86.Build.0 = Release|Any CPU
		{97AF0ACA-54AA-4B25-9782-157E44F65457}.Debug|Any CPU.ActiveCfg = Debug|Any CPU
		{97AF0ACA-54AA-4B25-9782-157E44F65457}.Debug|Any CPU.Build.0 = Debug|Any CPU
		{97AF0ACA-54AA-4B25-9782-157E44F65457}.Debug|x64.ActiveCfg = Debug|Any CPU
		{97AF0ACA-54AA-4B25-9782-157E44F65457}.Debug|x64.Build.0 = Debug|Any CPU
		{97AF0ACA-54AA-4B25-9782-157E44F65457}.Debug|x86.ActiveCfg = Debug|Any CPU
		{97AF0ACA-54AA-4B25-9782-157E44F65457}.Debug|x86.Build.0 = Debug|Any CPU
		{97AF0ACA-54AA-4B25-9782-157E44F65457}.Release|Any CPU.ActiveCfg = Release|Any CPU
		{97AF0ACA-54AA-4B25-9782-157E44F65457}.Release|Any CPU.Build.0 = Release|Any CPU
		{97AF0ACA-54AA-4B25-9782-157E44F65457}.Release|x64.ActiveCfg = Release|Any CPU
		{97AF0ACA-54AA-4B25-9782-157E44F65457}.Release|x64.Build.0 = Release|Any CPU
		{97AF0ACA-54AA-4B25-9782-157E44F65457}.Release|x86.ActiveCfg = Release|Any CPU
		{97AF0ACA-54AA-4B25-9782-157E44F65457}.Release|x86.Build.0 = Release|Any CPU
		{62E8328B-A235-462B-BC07-6FF8CB4B7275}.Debug|Any CPU.ActiveCfg = Debug|Any CPU
		{62E8328B-A235-462B-BC07-6FF8CB4B7275}.Debug|Any CPU.Build.0 = Debug|Any CPU
		{62E8328B-A235-462B-BC07-6FF8CB4B7275}.Debug|x64.ActiveCfg = Debug|Any CPU
		{62E8328B-A235-462B-BC07-6FF8CB4B7275}.Debug|x64.Build.0 = Debug|Any CPU
		{62E8328B-A235-462B-BC07-6FF8CB4B7275}.Debug|x86.ActiveCfg = Debug|Any CPU
		{62E8328B-A235-462B-BC07-6FF8CB4B7275}.Debug|x86.Build.0 = Debug|Any CPU
		{62E8328B-A235-462B-BC07-6FF8CB4B7275}.Release|Any CPU.ActiveCfg = Release|Any CPU
		{62E8328B-A235-462B-BC07-6FF8CB4B7275}.Release|Any CPU.Build.0 = Release|Any CPU
		{62E8328B-A235-462B-BC07-6FF8CB4B7275}.Release|x64.ActiveCfg = Release|Any CPU
		{62E8328B-A235-462B-BC07-6FF8CB4B7275}.Release|x64.Build.0 = Release|Any CPU
		{62E8328B-A235-462B-BC07-6FF8CB4B7275}.Release|x86.ActiveCfg = Release|Any CPU
		{62E8328B-A235-462B-BC07-6FF8CB4B7275}.Release|x86.Build.0 = Release|Any CPU
		{FA84725C-A338-4E10-B6E7-CFDF08100548}.Debug|Any CPU.ActiveCfg = Debug|Any CPU
		{FA84725C-A338-4E10-B6E7-CFDF08100548}.Debug|Any CPU.Build.0 = Debug|Any CPU
		{FA84725C-A338-4E10-B6E7-CFDF08100548}.Debug|x64.ActiveCfg = Debug|Any CPU
		{FA84725C-A338-4E10-B6E7-CFDF08100548}.Debug|x64.Build.0 = Debug|Any CPU
		{FA84725C-A338-4E10-B6E7-CFDF08100548}.Debug|x86.ActiveCfg = Debug|Any CPU
		{FA84725C-A338-4E10-B6E7-CFDF08100548}.Debug|x86.Build.0 = Debug|Any CPU
		{FA84725C-A338-4E10-B6E7-CFDF08100548}.Release|Any CPU.ActiveCfg = Release|Any CPU
		{FA84725C-A338-4E10-B6E7-CFDF08100548}.Release|Any CPU.Build.0 = Release|Any CPU
		{FA84725C-A338-4E10-B6E7-CFDF08100548}.Release|x64.ActiveCfg = Release|Any CPU
		{FA84725C-A338-4E10-B6E7-CFDF08100548}.Release|x64.Build.0 = Release|Any CPU
		{FA84725C-A338-4E10-B6E7-CFDF08100548}.Release|x86.ActiveCfg = Release|Any CPU
		{FA84725C-A338-4E10-B6E7-CFDF08100548}.Release|x86.Build.0 = Release|Any CPU
		{892A072E-790B-4779-AAB7-A838D23F23CC}.Debug|Any CPU.ActiveCfg = Debug|Any CPU
		{892A072E-790B-4779-AAB7-A838D23F23CC}.Debug|Any CPU.Build.0 = Debug|Any CPU
		{892A072E-790B-4779-AAB7-A838D23F23CC}.Debug|x64.ActiveCfg = Debug|Any CPU
		{892A072E-790B-4779-AAB7-A838D23F23CC}.Debug|x64.Build.0 = Debug|Any CPU
		{892A072E-790B-4779-AAB7-A838D23F23CC}.Debug|x86.ActiveCfg = Debug|Any CPU
		{892A072E-790B-4779-AAB7-A838D23F23CC}.Debug|x86.Build.0 = Debug|Any CPU
		{892A072E-790B-4779-AAB7-A838D23F23CC}.Release|Any CPU.ActiveCfg = Release|Any CPU
		{892A072E-790B-4779-AAB7-A838D23F23CC}.Release|Any CPU.Build.0 = Release|Any CPU
		{892A072E-790B-4779-AAB7-A838D23F23CC}.Release|x64.ActiveCfg = Release|Any CPU
		{892A072E-790B-4779-AAB7-A838D23F23CC}.Release|x64.Build.0 = Release|Any CPU
		{892A072E-790B-4779-AAB7-A838D23F23CC}.Release|x86.ActiveCfg = Release|Any CPU
		{892A072E-790B-4779-AAB7-A838D23F23CC}.Release|x86.Build.0 = Release|Any CPU
		{113767B3-3A4B-4DAF-844C-20364EBEDF93}.Debug|Any CPU.ActiveCfg = Debug|Any CPU
		{113767B3-3A4B-4DAF-844C-20364EBEDF93}.Debug|Any CPU.Build.0 = Debug|Any CPU
		{113767B3-3A4B-4DAF-844C-20364EBEDF93}.Debug|x64.ActiveCfg = Debug|Any CPU
		{113767B3-3A4B-4DAF-844C-20364EBEDF93}.Debug|x64.Build.0 = Debug|Any CPU
		{113767B3-3A4B-4DAF-844C-20364EBEDF93}.Debug|x86.ActiveCfg = Debug|Any CPU
		{113767B3-3A4B-4DAF-844C-20364EBEDF93}.Debug|x86.Build.0 = Debug|Any CPU
		{113767B3-3A4B-4DAF-844C-20364EBEDF93}.Release|Any CPU.ActiveCfg = Release|Any CPU
		{113767B3-3A4B-4DAF-844C-20364EBEDF93}.Release|Any CPU.Build.0 = Release|Any CPU
		{113767B3-3A4B-4DAF-844C-20364EBEDF93}.Release|x64.ActiveCfg = Release|Any CPU
		{113767B3-3A4B-4DAF-844C-20364EBEDF93}.Release|x64.Build.0 = Release|Any CPU
		{113767B3-3A4B-4DAF-844C-20364EBEDF93}.Release|x86.ActiveCfg = Release|Any CPU
		{113767B3-3A4B-4DAF-844C-20364EBEDF93}.Release|x86.Build.0 = Release|Any CPU
		{AACF77CD-AAAE-45A0-9506-DB84A474E004}.Debug|Any CPU.ActiveCfg = Debug|Any CPU
		{AACF77CD-AAAE-45A0-9506-DB84A474E004}.Debug|Any CPU.Build.0 = Debug|Any CPU
		{AACF77CD-AAAE-45A0-9506-DB84A474E004}.Debug|x64.ActiveCfg = Debug|Any CPU
		{AACF77CD-AAAE-45A0-9506-DB84A474E004}.Debug|x64.Build.0 = Debug|Any CPU
		{AACF77CD-AAAE-45A0-9506-DB84A474E004}.Debug|x86.ActiveCfg = Debug|Any CPU
		{AACF77CD-AAAE-45A0-9506-DB84A474E004}.Debug|x86.Build.0 = Debug|Any CPU
		{AACF77CD-AAAE-45A0-9506-DB84A474E004}.Release|Any CPU.ActiveCfg = Release|Any CPU
		{AACF77CD-AAAE-45A0-9506-DB84A474E004}.Release|Any CPU.Build.0 = Release|Any CPU
		{AACF77CD-AAAE-45A0-9506-DB84A474E004}.Release|x64.ActiveCfg = Release|Any CPU
		{AACF77CD-AAAE-45A0-9506-DB84A474E004}.Release|x64.Build.0 = Release|Any CPU
		{AACF77CD-AAAE-45A0-9506-DB84A474E004}.Release|x86.ActiveCfg = Release|Any CPU
		{AACF77CD-AAAE-45A0-9506-DB84A474E004}.Release|x86.Build.0 = Release|Any CPU
		{D8A99619-3277-497C-87D8-CBBC56216FB0}.Debug|Any CPU.ActiveCfg = Debug|Any CPU
		{D8A99619-3277-497C-87D8-CBBC56216FB0}.Debug|Any CPU.Build.0 = Debug|Any CPU
		{D8A99619-3277-497C-87D8-CBBC56216FB0}.Debug|x64.ActiveCfg = Debug|Any CPU
		{D8A99619-3277-497C-87D8-CBBC56216FB0}.Debug|x64.Build.0 = Debug|Any CPU
		{D8A99619-3277-497C-87D8-CBBC56216FB0}.Debug|x86.ActiveCfg = Debug|Any CPU
		{D8A99619-3277-497C-87D8-CBBC56216FB0}.Debug|x86.Build.0 = Debug|Any CPU
		{D8A99619-3277-497C-87D8-CBBC56216FB0}.Release|Any CPU.ActiveCfg = Release|Any CPU
		{D8A99619-3277-497C-87D8-CBBC56216FB0}.Release|Any CPU.Build.0 = Release|Any CPU
		{D8A99619-3277-497C-87D8-CBBC56216FB0}.Release|x64.ActiveCfg = Release|Any CPU
		{D8A99619-3277-497C-87D8-CBBC56216FB0}.Release|x64.Build.0 = Release|Any CPU
		{D8A99619-3277-497C-87D8-CBBC56216FB0}.Release|x86.ActiveCfg = Release|Any CPU
		{D8A99619-3277-497C-87D8-CBBC56216FB0}.Release|x86.Build.0 = Release|Any CPU
		{8B89B924-52CE-409D-8C68-37E746E2B9B1}.Debug|Any CPU.ActiveCfg = Debug|Any CPU
		{8B89B924-52CE-409D-8C68-37E746E2B9B1}.Debug|Any CPU.Build.0 = Debug|Any CPU
		{8B89B924-52CE-409D-8C68-37E746E2B9B1}.Debug|x64.ActiveCfg = Debug|Any CPU
		{8B89B924-52CE-409D-8C68-37E746E2B9B1}.Debug|x64.Build.0 = Debug|Any CPU
		{8B89B924-52CE-409D-8C68-37E746E2B9B1}.Debug|x86.ActiveCfg = Debug|Any CPU
		{8B89B924-52CE-409D-8C68-37E746E2B9B1}.Debug|x86.Build.0 = Debug|Any CPU
		{8B89B924-52CE-409D-8C68-37E746E2B9B1}.Release|Any CPU.ActiveCfg = Release|Any CPU
		{8B89B924-52CE-409D-8C68-37E746E2B9B1}.Release|Any CPU.Build.0 = Release|Any CPU
		{8B89B924-52CE-409D-8C68-37E746E2B9B1}.Release|x64.ActiveCfg = Release|Any CPU
		{8B89B924-52CE-409D-8C68-37E746E2B9B1}.Release|x64.Build.0 = Release|Any CPU
		{8B89B924-52CE-409D-8C68-37E746E2B9B1}.Release|x86.ActiveCfg = Release|Any CPU
		{8B89B924-52CE-409D-8C68-37E746E2B9B1}.Release|x86.Build.0 = Release|Any CPU
		{0D479020-3445-44E0-81F3-3CCEB9F7FD8A}.Debug|Any CPU.ActiveCfg = Debug|Any CPU
		{0D479020-3445-44E0-81F3-3CCEB9F7FD8A}.Debug|Any CPU.Build.0 = Debug|Any CPU
		{0D479020-3445-44E0-81F3-3CCEB9F7FD8A}.Debug|x64.ActiveCfg = Debug|Any CPU
		{0D479020-3445-44E0-81F3-3CCEB9F7FD8A}.Debug|x64.Build.0 = Debug|Any CPU
		{0D479020-3445-44E0-81F3-3CCEB9F7FD8A}.Debug|x86.ActiveCfg = Debug|Any CPU
		{0D479020-3445-44E0-81F3-3CCEB9F7FD8A}.Debug|x86.Build.0 = Debug|Any CPU
		{0D479020-3445-44E0-81F3-3CCEB9F7FD8A}.Release|Any CPU.ActiveCfg = Release|Any CPU
		{0D479020-3445-44E0-81F3-3CCEB9F7FD8A}.Release|Any CPU.Build.0 = Release|Any CPU
		{0D479020-3445-44E0-81F3-3CCEB9F7FD8A}.Release|x64.ActiveCfg = Release|Any CPU
		{0D479020-3445-44E0-81F3-3CCEB9F7FD8A}.Release|x64.Build.0 = Release|Any CPU
		{0D479020-3445-44E0-81F3-3CCEB9F7FD8A}.Release|x86.ActiveCfg = Release|Any CPU
		{0D479020-3445-44E0-81F3-3CCEB9F7FD8A}.Release|x86.Build.0 = Release|Any CPU
		{B2ACBB39-61B4-4C1D-9A1A-8F53C04A1C20}.Debug|Any CPU.ActiveCfg = Debug|Any CPU
		{B2ACBB39-61B4-4C1D-9A1A-8F53C04A1C20}.Debug|Any CPU.Build.0 = Debug|Any CPU
		{B2ACBB39-61B4-4C1D-9A1A-8F53C04A1C20}.Debug|x64.ActiveCfg = Debug|Any CPU
		{B2ACBB39-61B4-4C1D-9A1A-8F53C04A1C20}.Debug|x64.Build.0 = Debug|Any CPU
		{B2ACBB39-61B4-4C1D-9A1A-8F53C04A1C20}.Debug|x86.ActiveCfg = Debug|Any CPU
		{B2ACBB39-61B4-4C1D-9A1A-8F53C04A1C20}.Debug|x86.Build.0 = Debug|Any CPU
		{B2ACBB39-61B4-4C1D-9A1A-8F53C04A1C20}.Release|Any CPU.ActiveCfg = Release|Any CPU
		{B2ACBB39-61B4-4C1D-9A1A-8F53C04A1C20}.Release|Any CPU.Build.0 = Release|Any CPU
		{B2ACBB39-61B4-4C1D-9A1A-8F53C04A1C20}.Release|x64.ActiveCfg = Release|Any CPU
		{B2ACBB39-61B4-4C1D-9A1A-8F53C04A1C20}.Release|x64.Build.0 = Release|Any CPU
		{B2ACBB39-61B4-4C1D-9A1A-8F53C04A1C20}.Release|x86.ActiveCfg = Release|Any CPU
		{B2ACBB39-61B4-4C1D-9A1A-8F53C04A1C20}.Release|x86.Build.0 = Release|Any CPU
		{16EC398D-B0D0-4D03-9B9C-800EA1C61DE6}.Debug|Any CPU.ActiveCfg = Debug|Any CPU
		{16EC398D-B0D0-4D03-9B9C-800EA1C61DE6}.Debug|Any CPU.Build.0 = Debug|Any CPU
		{16EC398D-B0D0-4D03-9B9C-800EA1C61DE6}.Debug|x64.ActiveCfg = Debug|Any CPU
		{16EC398D-B0D0-4D03-9B9C-800EA1C61DE6}.Debug|x64.Build.0 = Debug|Any CPU
		{16EC398D-B0D0-4D03-9B9C-800EA1C61DE6}.Debug|x86.ActiveCfg = Debug|Any CPU
		{16EC398D-B0D0-4D03-9B9C-800EA1C61DE6}.Debug|x86.Build.0 = Debug|Any CPU
		{16EC398D-B0D0-4D03-9B9C-800EA1C61DE6}.Release|Any CPU.ActiveCfg = Release|Any CPU
		{16EC398D-B0D0-4D03-9B9C-800EA1C61DE6}.Release|Any CPU.Build.0 = Release|Any CPU
		{16EC398D-B0D0-4D03-9B9C-800EA1C61DE6}.Release|x64.ActiveCfg = Release|Any CPU
		{16EC398D-B0D0-4D03-9B9C-800EA1C61DE6}.Release|x64.Build.0 = Release|Any CPU
		{16EC398D-B0D0-4D03-9B9C-800EA1C61DE6}.Release|x86.ActiveCfg = Release|Any CPU
		{16EC398D-B0D0-4D03-9B9C-800EA1C61DE6}.Release|x86.Build.0 = Release|Any CPU
		{03BF4C54-1D38-4990-B36F-97FE8DD8BA5A}.Debug|Any CPU.ActiveCfg = Debug|Any CPU
		{03BF4C54-1D38-4990-B36F-97FE8DD8BA5A}.Debug|Any CPU.Build.0 = Debug|Any CPU
		{03BF4C54-1D38-4990-B36F-97FE8DD8BA5A}.Debug|x64.ActiveCfg = Debug|Any CPU
		{03BF4C54-1D38-4990-B36F-97FE8DD8BA5A}.Debug|x64.Build.0 = Debug|Any CPU
		{03BF4C54-1D38-4990-B36F-97FE8DD8BA5A}.Debug|x86.ActiveCfg = Debug|Any CPU
		{03BF4C54-1D38-4990-B36F-97FE8DD8BA5A}.Debug|x86.Build.0 = Debug|Any CPU
		{03BF4C54-1D38-4990-B36F-97FE8DD8BA5A}.Release|Any CPU.ActiveCfg = Release|Any CPU
		{03BF4C54-1D38-4990-B36F-97FE8DD8BA5A}.Release|Any CPU.Build.0 = Release|Any CPU
		{03BF4C54-1D38-4990-B36F-97FE8DD8BA5A}.Release|x64.ActiveCfg = Release|Any CPU
		{03BF4C54-1D38-4990-B36F-97FE8DD8BA5A}.Release|x64.Build.0 = Release|Any CPU
		{03BF4C54-1D38-4990-B36F-97FE8DD8BA5A}.Release|x86.ActiveCfg = Release|Any CPU
		{03BF4C54-1D38-4990-B36F-97FE8DD8BA5A}.Release|x86.Build.0 = Release|Any CPU
		{0171D7F2-0050-498A-B2CB-919A9060B3DA}.Debug|Any CPU.ActiveCfg = Debug|Any CPU
		{0171D7F2-0050-498A-B2CB-919A9060B3DA}.Debug|Any CPU.Build.0 = Debug|Any CPU
		{0171D7F2-0050-498A-B2CB-919A9060B3DA}.Debug|x64.ActiveCfg = Debug|Any CPU
		{0171D7F2-0050-498A-B2CB-919A9060B3DA}.Debug|x64.Build.0 = Debug|Any CPU
		{0171D7F2-0050-498A-B2CB-919A9060B3DA}.Debug|x86.ActiveCfg = Debug|Any CPU
		{0171D7F2-0050-498A-B2CB-919A9060B3DA}.Debug|x86.Build.0 = Debug|Any CPU
		{0171D7F2-0050-498A-B2CB-919A9060B3DA}.Release|Any CPU.ActiveCfg = Release|Any CPU
		{0171D7F2-0050-498A-B2CB-919A9060B3DA}.Release|Any CPU.Build.0 = Release|Any CPU
		{0171D7F2-0050-498A-B2CB-919A9060B3DA}.Release|x64.ActiveCfg = Release|Any CPU
		{0171D7F2-0050-498A-B2CB-919A9060B3DA}.Release|x64.Build.0 = Release|Any CPU
		{0171D7F2-0050-498A-B2CB-919A9060B3DA}.Release|x86.ActiveCfg = Release|Any CPU
		{0171D7F2-0050-498A-B2CB-919A9060B3DA}.Release|x86.Build.0 = Release|Any CPU
		{65802B74-CDE8-4C5E-B5C6-AAE8F1B079C3}.Debug|Any CPU.ActiveCfg = Debug|Any CPU
		{65802B74-CDE8-4C5E-B5C6-AAE8F1B079C3}.Debug|Any CPU.Build.0 = Debug|Any CPU
		{65802B74-CDE8-4C5E-B5C6-AAE8F1B079C3}.Debug|x64.ActiveCfg = Debug|Any CPU
		{65802B74-CDE8-4C5E-B5C6-AAE8F1B079C3}.Debug|x64.Build.0 = Debug|Any CPU
		{65802B74-CDE8-4C5E-B5C6-AAE8F1B079C3}.Debug|x86.ActiveCfg = Debug|Any CPU
		{65802B74-CDE8-4C5E-B5C6-AAE8F1B079C3}.Debug|x86.Build.0 = Debug|Any CPU
		{65802B74-CDE8-4C5E-B5C6-AAE8F1B079C3}.Release|Any CPU.ActiveCfg = Release|Any CPU
		{65802B74-CDE8-4C5E-B5C6-AAE8F1B079C3}.Release|Any CPU.Build.0 = Release|Any CPU
		{65802B74-CDE8-4C5E-B5C6-AAE8F1B079C3}.Release|x64.ActiveCfg = Release|Any CPU
		{65802B74-CDE8-4C5E-B5C6-AAE8F1B079C3}.Release|x64.Build.0 = Release|Any CPU
		{65802B74-CDE8-4C5E-B5C6-AAE8F1B079C3}.Release|x86.ActiveCfg = Release|Any CPU
		{65802B74-CDE8-4C5E-B5C6-AAE8F1B079C3}.Release|x86.Build.0 = Release|Any CPU
		{30B2A733-F444-4263-81C4-84AC96844A12}.Debug|Any CPU.ActiveCfg = Debug|Any CPU
		{30B2A733-F444-4263-81C4-84AC96844A12}.Debug|Any CPU.Build.0 = Debug|Any CPU
		{30B2A733-F444-4263-81C4-84AC96844A12}.Debug|x64.ActiveCfg = Debug|Any CPU
		{30B2A733-F444-4263-81C4-84AC96844A12}.Debug|x64.Build.0 = Debug|Any CPU
		{30B2A733-F444-4263-81C4-84AC96844A12}.Debug|x86.ActiveCfg = Debug|Any CPU
		{30B2A733-F444-4263-81C4-84AC96844A12}.Debug|x86.Build.0 = Debug|Any CPU
		{30B2A733-F444-4263-81C4-84AC96844A12}.Release|Any CPU.ActiveCfg = Release|Any CPU
		{30B2A733-F444-4263-81C4-84AC96844A12}.Release|Any CPU.Build.0 = Release|Any CPU
		{30B2A733-F444-4263-81C4-84AC96844A12}.Release|x64.ActiveCfg = Release|Any CPU
		{30B2A733-F444-4263-81C4-84AC96844A12}.Release|x64.Build.0 = Release|Any CPU
		{30B2A733-F444-4263-81C4-84AC96844A12}.Release|x86.ActiveCfg = Release|Any CPU
		{30B2A733-F444-4263-81C4-84AC96844A12}.Release|x86.Build.0 = Release|Any CPU
		{73E8C76C-3805-44E2-BEF9-711F2CAC5110}.Debug|Any CPU.ActiveCfg = Debug|Any CPU
		{73E8C76C-3805-44E2-BEF9-711F2CAC5110}.Debug|Any CPU.Build.0 = Debug|Any CPU
		{73E8C76C-3805-44E2-BEF9-711F2CAC5110}.Debug|x64.ActiveCfg = Debug|Any CPU
		{73E8C76C-3805-44E2-BEF9-711F2CAC5110}.Debug|x64.Build.0 = Debug|Any CPU
		{73E8C76C-3805-44E2-BEF9-711F2CAC5110}.Debug|x86.ActiveCfg = Debug|Any CPU
		{73E8C76C-3805-44E2-BEF9-711F2CAC5110}.Debug|x86.Build.0 = Debug|Any CPU
		{73E8C76C-3805-44E2-BEF9-711F2CAC5110}.Release|Any CPU.ActiveCfg = Release|Any CPU
		{73E8C76C-3805-44E2-BEF9-711F2CAC5110}.Release|Any CPU.Build.0 = Release|Any CPU
		{73E8C76C-3805-44E2-BEF9-711F2CAC5110}.Release|x64.ActiveCfg = Release|Any CPU
		{73E8C76C-3805-44E2-BEF9-711F2CAC5110}.Release|x64.Build.0 = Release|Any CPU
		{73E8C76C-3805-44E2-BEF9-711F2CAC5110}.Release|x86.ActiveCfg = Release|Any CPU
		{73E8C76C-3805-44E2-BEF9-711F2CAC5110}.Release|x86.Build.0 = Release|Any CPU
	EndGlobalSection
	GlobalSection(SolutionProperties) = preSolution
		HideSolutionNode = FALSE
	EndGlobalSection
	GlobalSection(NestedProjects) = preSolution
		{9937A32A-80C3-4005-A15C-76EB71186252} = {7D91911F-608E-4C44-A5A6-76D83EC88ECA}
		{37C01566-CF40-49B2-9BC3-6C9EB7518588} = {E4AFAA09-238E-4702-9534-3520C9DAE860}
		{F09750CA-C682-45E8-A9D2-EB0288428BD4} = {7D91911F-608E-4C44-A5A6-76D83EC88ECA}
		{4E2D6BBF-9E1E-4212-B90B-E362BAF9EB23} = {7D91911F-608E-4C44-A5A6-76D83EC88ECA}
		{2CE55695-E9FF-4D54-B71A-9190B7B13507} = {E4AFAA09-238E-4702-9534-3520C9DAE860}
		{5F060637-ECCA-4552-B7A8-D626A195EE22} = {7D91911F-608E-4C44-A5A6-76D83EC88ECA}
		{16FAB0A0-F6F9-443C-B4BC-DC353234987B} = {E4AFAA09-238E-4702-9534-3520C9DAE860}
		{2AD766B1-CC3B-4DD9-AF57-1F6F7527EEF7} = {7D91911F-608E-4C44-A5A6-76D83EC88ECA}
		{97AF0ACA-54AA-4B25-9782-157E44F65457} = {E4AFAA09-238E-4702-9534-3520C9DAE860}
		{62E8328B-A235-462B-BC07-6FF8CB4B7275} = {E4AFAA09-238E-4702-9534-3520C9DAE860}
		{FA84725C-A338-4E10-B6E7-CFDF08100548} = {E4AFAA09-238E-4702-9534-3520C9DAE860}
		{892A072E-790B-4779-AAB7-A838D23F23CC} = {E4AFAA09-238E-4702-9534-3520C9DAE860}
		{113767B3-3A4B-4DAF-844C-20364EBEDF93} = {E4AFAA09-238E-4702-9534-3520C9DAE860}
		{AACF77CD-AAAE-45A0-9506-DB84A474E004} = {7D91911F-608E-4C44-A5A6-76D83EC88ECA}
		{D8A99619-3277-497C-87D8-CBBC56216FB0} = {E4AFAA09-238E-4702-9534-3520C9DAE860}
		{8B89B924-52CE-409D-8C68-37E746E2B9B1} = {7D91911F-608E-4C44-A5A6-76D83EC88ECA}
		{0D479020-3445-44E0-81F3-3CCEB9F7FD8A} = {E4AFAA09-238E-4702-9534-3520C9DAE860}
		{B2ACBB39-61B4-4C1D-9A1A-8F53C04A1C20} = {7D91911F-608E-4C44-A5A6-76D83EC88ECA}
		{16EC398D-B0D0-4D03-9B9C-800EA1C61DE6} = {7D91911F-608E-4C44-A5A6-76D83EC88ECA}
		{03BF4C54-1D38-4990-B36F-97FE8DD8BA5A} = {7D91911F-608E-4C44-A5A6-76D83EC88ECA}
		{0171D7F2-0050-498A-B2CB-919A9060B3DA} = {7D91911F-608E-4C44-A5A6-76D83EC88ECA}
		{65802B74-CDE8-4C5E-B5C6-AAE8F1B079C3} = {7D91911F-608E-4C44-A5A6-76D83EC88ECA}
		{30B2A733-F444-4263-81C4-84AC96844A12} = {E4AFAA09-238E-4702-9534-3520C9DAE860}
		{73E8C76C-3805-44E2-BEF9-711F2CAC5110} = {7D91911F-608E-4C44-A5A6-76D83EC88ECA}
	EndGlobalSection
	GlobalSection(ExtensibilityGlobals) = postSolution
		SolutionGuid = {D4A143FD-6751-433D-8F1B-E43688F20A05}
	EndGlobalSection
EndGlobal
