
Microsoft Visual Studio Solution File, Format Version 12.00
# Visual Studio 15
VisualStudioVersion = 15.0.27130.2036
MinimumVisualStudioVersion = 10.0.40219.1
Project("{2150E333-8FDC-42A3-9474-1A3956D46DE8}") = "src", "src", "{618D5A82-BB7E-4634-8CAE-753A50E0DD20}"
EndProject
Project("{9A19103F-16F7-4668-BE54-9A1E7A4F7556}") = "NIST.CVP.Common", "..\..\common\src\NIST.CVP.Common\NIST.CVP.Common.csproj", "{7297F62D-4A55-48DF-9FFF-CC137D418CF7}"
EndProject
Project("{9A19103F-16F7-4668-BE54-9A1E7A4F7556}") = "NIST.CVP.Generation.Core", "..\..\common\src\NIST.CVP.Generation.Core\NIST.CVP.Generation.Core.csproj", "{6E53FA28-34DB-46AA-AFBD-06A669ED6134}"
EndProject
Project("{9A19103F-16F7-4668-BE54-9A1E7A4F7556}") = "NIST.CVP.Generation.GenValApp", "..\..\common\src\NIST.CVP.Generation.GenValApp\NIST.CVP.Generation.GenValApp.csproj", "{E5D71BC4-AA44-4A32-A6C0-A3453C573A44}"
	ProjectSection(ProjectDependencies) = postProject
		{DB08582A-58E7-4E1C-9964-E7FDF95C8E9B} = {DB08582A-58E7-4E1C-9964-E7FDF95C8E9B}
		{99810931-A52A-4E9A-B58B-DA5670A5F732} = {99810931-A52A-4E9A-B58B-DA5670A5F732}
		{867B89EA-C1D0-4DB8-844D-36AC0921BC9D} = {867B89EA-C1D0-4DB8-844D-36AC0921BC9D}
	EndProjectSection
EndProject
Project("{9A19103F-16F7-4668-BE54-9A1E7A4F7556}") = "NIST.CVP.Math", "..\..\common\src\NIST.CVP.Math\NIST.CVP.Math.csproj", "{99810931-A52A-4E9A-B58B-DA5670A5F732}"
EndProject
Project("{9A19103F-16F7-4668-BE54-9A1E7A4F7556}") = "NIST.CVP.Crypto", "..\..\crypto\src\NIST.CVP.Crypto\NIST.CVP.Crypto.csproj", "{867B89EA-C1D0-4DB8-844D-36AC0921BC9D}"
EndProject
Project("{9A19103F-16F7-4668-BE54-9A1E7A4F7556}") = "NIST.CVP.Crypto.Common", "..\..\crypto\src\NIST.CVP.Crypto.Common\NIST.CVP.Crypto.Common.csproj", "{874E3929-440F-4275-BDA0-982BE7F8C286}"
EndProject
Project("{2150E333-8FDC-42A3-9474-1A3956D46DE8}") = "Common", "Common", "{AABC671A-FBDA-4524-923A-25F1D80E1715}"
EndProject
Project("{2150E333-8FDC-42A3-9474-1A3956D46DE8}") = "Crypto", "Crypto", "{9826EA1D-848F-405C-A93D-ECC4D83CE2AC}"
EndProject
Project("{9A19103F-16F7-4668-BE54-9A1E7A4F7556}") = "NIST.CVP.Common.Oracle", "..\..\oracle\src\NIST.CVP.Common.Oracle\NIST.CVP.Common.Oracle.csproj", "{4510D476-AC9A-4451-BC19-AA88C779BE29}"
EndProject
Project("{9A19103F-16F7-4668-BE54-9A1E7A4F7556}") = "NIST.CVP.Crypto.Oracle", "..\..\oracle\src\NIST.CVP.Crypto.Oracle\NIST.CVP.Crypto.Oracle.csproj", "{DB08582A-58E7-4E1C-9964-E7FDF95C8E9B}"
EndProject
Project("{9A19103F-16F7-4668-BE54-9A1E7A4F7556}") = "NIST.CVP.Orleans.Grains", "..\..\orleans\src\NIST.CVP.Orleans.Grains\NIST.CVP.Orleans.Grains.csproj", "{04E34125-9357-4D6C-B9AE-3929A7CF8570}"
EndProject
Project("{9A19103F-16F7-4668-BE54-9A1E7A4F7556}") = "NIST.CVP.Orleans.Grains.Interfaces", "..\..\orleans\src\NIST.CVP.Orleans.Grains.Interfaces\NIST.CVP.Orleans.Grains.Interfaces.csproj", "{A3D99179-E093-40E2-8C34-6EEEBDA716F1}"
EndProject
Project("{9A19103F-16F7-4668-BE54-9A1E7A4F7556}") = "NIST.CVP.Orleans.ServerHost", "..\..\orleans\src\NIST.CVP.Orleans.ServerHost\NIST.CVP.Orleans.ServerHost.csproj", "{5E439CF4-3ADA-4B32-AA82-CE8CBB35A0E9}"
EndProject
Project("{2150E333-8FDC-42A3-9474-1A3956D46DE8}") = "Orleans", "Orleans", "{DA387A5F-265F-402D-B295-4A07366742D9}"
EndProject
Project("{9A19103F-16F7-4668-BE54-9A1E7A4F7556}") = "NIST.CVP.Generation", "..\..\common\src\NIST.CVP.Generation\NIST.CVP.Generation.csproj", "{BDB93FD8-A997-4FD9-B0E6-8D16E0D467FD}"
EndProject
Project("{9A19103F-16F7-4668-BE54-9A1E7A4F7556}") = "NIST.CVP.Pools", "..\..\pools\src\NIST.CVP.Pools\NIST.CVP.Pools.csproj", "{0D6FC797-062A-4832-96D7-0C5493064B2B}"
EndProject
Project("{2150E333-8FDC-42A3-9474-1A3956D46DE8}") = "Pools", "Pools", "{9D45E4D6-0A51-44DC-AE96-FD5D6FE24130}"
EndProject
Project("{2150E333-8FDC-42A3-9474-1A3956D46DE8}") = "Deployables", "Deployables", "{7581F461-9337-4FDF-ABB8-BD8FCF68FEB5}"
EndProject
Project("{9A19103F-16F7-4668-BE54-9A1E7A4F7556}") = "NIST.CVP.PoolAPI", "..\..\pool-api\NIST.CVP.PoolAPI\NIST.CVP.PoolAPI.csproj", "{A614A2BE-176A-4A04-B906-AEB607B42F3D}"
EndProject
Global
	GlobalSection(SolutionConfigurationPlatforms) = preSolution
		Debug|Any CPU = Debug|Any CPU
		Release|Any CPU = Release|Any CPU
	EndGlobalSection
	GlobalSection(ProjectConfigurationPlatforms) = postSolution
		{7297F62D-4A55-48DF-9FFF-CC137D418CF7}.Debug|Any CPU.ActiveCfg = Debug|Any CPU
		{7297F62D-4A55-48DF-9FFF-CC137D418CF7}.Debug|Any CPU.Build.0 = Debug|Any CPU
		{7297F62D-4A55-48DF-9FFF-CC137D418CF7}.Release|Any CPU.ActiveCfg = Release|Any CPU
		{7297F62D-4A55-48DF-9FFF-CC137D418CF7}.Release|Any CPU.Build.0 = Release|Any CPU
		{6E53FA28-34DB-46AA-AFBD-06A669ED6134}.Debug|Any CPU.ActiveCfg = Debug|Any CPU
		{6E53FA28-34DB-46AA-AFBD-06A669ED6134}.Debug|Any CPU.Build.0 = Debug|Any CPU
		{6E53FA28-34DB-46AA-AFBD-06A669ED6134}.Release|Any CPU.ActiveCfg = Release|Any CPU
		{6E53FA28-34DB-46AA-AFBD-06A669ED6134}.Release|Any CPU.Build.0 = Release|Any CPU
		{E5D71BC4-AA44-4A32-A6C0-A3453C573A44}.Debug|Any CPU.ActiveCfg = Debug|Any CPU
		{E5D71BC4-AA44-4A32-A6C0-A3453C573A44}.Debug|Any CPU.Build.0 = Debug|Any CPU
		{E5D71BC4-AA44-4A32-A6C0-A3453C573A44}.Release|Any CPU.ActiveCfg = Release|Any CPU
		{E5D71BC4-AA44-4A32-A6C0-A3453C573A44}.Release|Any CPU.Build.0 = Release|Any CPU
		{99810931-A52A-4E9A-B58B-DA5670A5F732}.Debug|Any CPU.ActiveCfg = Debug|Any CPU
		{99810931-A52A-4E9A-B58B-DA5670A5F732}.Debug|Any CPU.Build.0 = Debug|Any CPU
		{99810931-A52A-4E9A-B58B-DA5670A5F732}.Release|Any CPU.ActiveCfg = Release|Any CPU
		{99810931-A52A-4E9A-B58B-DA5670A5F732}.Release|Any CPU.Build.0 = Release|Any CPU
		{867B89EA-C1D0-4DB8-844D-36AC0921BC9D}.Debug|Any CPU.ActiveCfg = Debug|Any CPU
		{867B89EA-C1D0-4DB8-844D-36AC0921BC9D}.Debug|Any CPU.Build.0 = Debug|Any CPU
		{867B89EA-C1D0-4DB8-844D-36AC0921BC9D}.Release|Any CPU.ActiveCfg = Release|Any CPU
		{867B89EA-C1D0-4DB8-844D-36AC0921BC9D}.Release|Any CPU.Build.0 = Release|Any CPU
		{874E3929-440F-4275-BDA0-982BE7F8C286}.Debug|Any CPU.ActiveCfg = Debug|Any CPU
		{874E3929-440F-4275-BDA0-982BE7F8C286}.Debug|Any CPU.Build.0 = Debug|Any CPU
		{874E3929-440F-4275-BDA0-982BE7F8C286}.Release|Any CPU.ActiveCfg = Release|Any CPU
		{874E3929-440F-4275-BDA0-982BE7F8C286}.Release|Any CPU.Build.0 = Release|Any CPU
		{4510D476-AC9A-4451-BC19-AA88C779BE29}.Debug|Any CPU.ActiveCfg = Debug|Any CPU
		{4510D476-AC9A-4451-BC19-AA88C779BE29}.Debug|Any CPU.Build.0 = Debug|Any CPU
		{4510D476-AC9A-4451-BC19-AA88C779BE29}.Release|Any CPU.ActiveCfg = Release|Any CPU
		{4510D476-AC9A-4451-BC19-AA88C779BE29}.Release|Any CPU.Build.0 = Release|Any CPU
		{DB08582A-58E7-4E1C-9964-E7FDF95C8E9B}.Debug|Any CPU.ActiveCfg = Debug|Any CPU
		{DB08582A-58E7-4E1C-9964-E7FDF95C8E9B}.Debug|Any CPU.Build.0 = Debug|Any CPU
		{DB08582A-58E7-4E1C-9964-E7FDF95C8E9B}.Release|Any CPU.ActiveCfg = Release|Any CPU
		{DB08582A-58E7-4E1C-9964-E7FDF95C8E9B}.Release|Any CPU.Build.0 = Release|Any CPU
		{04E34125-9357-4D6C-B9AE-3929A7CF8570}.Debug|Any CPU.ActiveCfg = Debug|Any CPU
		{04E34125-9357-4D6C-B9AE-3929A7CF8570}.Debug|Any CPU.Build.0 = Debug|Any CPU
		{04E34125-9357-4D6C-B9AE-3929A7CF8570}.Release|Any CPU.ActiveCfg = Release|Any CPU
		{04E34125-9357-4D6C-B9AE-3929A7CF8570}.Release|Any CPU.Build.0 = Release|Any CPU
		{A3D99179-E093-40E2-8C34-6EEEBDA716F1}.Debug|Any CPU.ActiveCfg = Debug|Any CPU
		{A3D99179-E093-40E2-8C34-6EEEBDA716F1}.Debug|Any CPU.Build.0 = Debug|Any CPU
		{A3D99179-E093-40E2-8C34-6EEEBDA716F1}.Release|Any CPU.ActiveCfg = Release|Any CPU
		{A3D99179-E093-40E2-8C34-6EEEBDA716F1}.Release|Any CPU.Build.0 = Release|Any CPU
		{5E439CF4-3ADA-4B32-AA82-CE8CBB35A0E9}.Debug|Any CPU.ActiveCfg = Debug|Any CPU
		{5E439CF4-3ADA-4B32-AA82-CE8CBB35A0E9}.Debug|Any CPU.Build.0 = Debug|Any CPU
		{5E439CF4-3ADA-4B32-AA82-CE8CBB35A0E9}.Release|Any CPU.ActiveCfg = Release|Any CPU
		{5E439CF4-3ADA-4B32-AA82-CE8CBB35A0E9}.Release|Any CPU.Build.0 = Release|Any CPU
		{BDB93FD8-A997-4FD9-B0E6-8D16E0D467FD}.Debug|Any CPU.ActiveCfg = Debug|Any CPU
		{BDB93FD8-A997-4FD9-B0E6-8D16E0D467FD}.Debug|Any CPU.Build.0 = Debug|Any CPU
		{BDB93FD8-A997-4FD9-B0E6-8D16E0D467FD}.Release|Any CPU.ActiveCfg = Release|Any CPU
		{BDB93FD8-A997-4FD9-B0E6-8D16E0D467FD}.Release|Any CPU.Build.0 = Release|Any CPU
		{0D6FC797-062A-4832-96D7-0C5493064B2B}.Debug|Any CPU.ActiveCfg = Debug|Any CPU
		{0D6FC797-062A-4832-96D7-0C5493064B2B}.Debug|Any CPU.Build.0 = Debug|Any CPU
		{0D6FC797-062A-4832-96D7-0C5493064B2B}.Release|Any CPU.ActiveCfg = Release|Any CPU
		{0D6FC797-062A-4832-96D7-0C5493064B2B}.Release|Any CPU.Build.0 = Release|Any CPU
		{A614A2BE-176A-4A04-B906-AEB607B42F3D}.Debug|Any CPU.ActiveCfg = Debug|Any CPU
		{A614A2BE-176A-4A04-B906-AEB607B42F3D}.Debug|Any CPU.Build.0 = Debug|Any CPU
		{A614A2BE-176A-4A04-B906-AEB607B42F3D}.Release|Any CPU.ActiveCfg = Release|Any CPU
		{A614A2BE-176A-4A04-B906-AEB607B42F3D}.Release|Any CPU.Build.0 = Release|Any CPU
	EndGlobalSection
	GlobalSection(SolutionProperties) = preSolution
		HideSolutionNode = FALSE
	EndGlobalSection
	GlobalSection(NestedProjects) = preSolution
		{7297F62D-4A55-48DF-9FFF-CC137D418CF7} = {AABC671A-FBDA-4524-923A-25F1D80E1715}
		{6E53FA28-34DB-46AA-AFBD-06A669ED6134} = {AABC671A-FBDA-4524-923A-25F1D80E1715}
		{E5D71BC4-AA44-4A32-A6C0-A3453C573A44} = {7581F461-9337-4FDF-ABB8-BD8FCF68FEB5}
		{99810931-A52A-4E9A-B58B-DA5670A5F732} = {AABC671A-FBDA-4524-923A-25F1D80E1715}
		{867B89EA-C1D0-4DB8-844D-36AC0921BC9D} = {9826EA1D-848F-405C-A93D-ECC4D83CE2AC}
		{874E3929-440F-4275-BDA0-982BE7F8C286} = {9826EA1D-848F-405C-A93D-ECC4D83CE2AC}
		{AABC671A-FBDA-4524-923A-25F1D80E1715} = {618D5A82-BB7E-4634-8CAE-753A50E0DD20}
		{9826EA1D-848F-405C-A93D-ECC4D83CE2AC} = {618D5A82-BB7E-4634-8CAE-753A50E0DD20}
		{4510D476-AC9A-4451-BC19-AA88C779BE29} = {AABC671A-FBDA-4524-923A-25F1D80E1715}
		{DB08582A-58E7-4E1C-9964-E7FDF95C8E9B} = {9826EA1D-848F-405C-A93D-ECC4D83CE2AC}
		{04E34125-9357-4D6C-B9AE-3929A7CF8570} = {DA387A5F-265F-402D-B295-4A07366742D9}
		{A3D99179-E093-40E2-8C34-6EEEBDA716F1} = {DA387A5F-265F-402D-B295-4A07366742D9}
		{5E439CF4-3ADA-4B32-AA82-CE8CBB35A0E9} = {7581F461-9337-4FDF-ABB8-BD8FCF68FEB5}
		{DA387A5F-265F-402D-B295-4A07366742D9} = {618D5A82-BB7E-4634-8CAE-753A50E0DD20}
		{BDB93FD8-A997-4FD9-B0E6-8D16E0D467FD} = {AABC671A-FBDA-4524-923A-25F1D80E1715}
		{0D6FC797-062A-4832-96D7-0C5493064B2B} = {9D45E4D6-0A51-44DC-AE96-FD5D6FE24130}
		{9D45E4D6-0A51-44DC-AE96-FD5D6FE24130} = {618D5A82-BB7E-4634-8CAE-753A50E0DD20}
		{7581F461-9337-4FDF-ABB8-BD8FCF68FEB5} = {618D5A82-BB7E-4634-8CAE-753A50E0DD20}
		{A614A2BE-176A-4A04-B906-AEB607B42F3D} = {7581F461-9337-4FDF-ABB8-BD8FCF68FEB5}
	EndGlobalSection
	GlobalSection(ExtensibilityGlobals) = postSolution
		SolutionGuid = {2E2DADE3-F303-4723-868E-85619BA4A6A2}
	EndGlobalSection
EndGlobal
