
Microsoft Visual Studio Solution File, Format Version 12.00
# Visual Studio 15
VisualStudioVersion = 15.0.27130.2036
MinimumVisualStudioVersion = 10.0.40219.1
Project("{2150E333-8FDC-42A3-9474-1A3956D46DE8}") = "src", "src", "{8A98FD09-7052-43B6-9BC0-E66DC0A7335D}"
EndProject
Project("{2150E333-8FDC-42A3-9474-1A3956D46DE8}") = "test", "test", "{51A2C4ED-3ADB-4008-B43F-368F7F2485AA}"
EndProject
Project("{9A19103F-16F7-4668-BE54-9A1E7A4F7556}") = "NIST.CVP.Math", "..\..\common\src\NIST.CVP.Math\NIST.CVP.Math.csproj", "{1AFBA4C0-D8D9-442B-A3DB-010AACE354FC}"
EndProject
Project("{9A19103F-16F7-4668-BE54-9A1E7A4F7556}") = "NIST.CVP.Math.Tests", "..\..\common\test\NIST.CVP.Math.Tests\NIST.CVP.Math.Tests.csproj", "{2DD1F3C1-46E7-4CB6-A977-EE6E027E825A}"
EndProject
Project("{9A19103F-16F7-4668-BE54-9A1E7A4F7556}") = "NIST.CVP.Tests.Core", "..\..\common\test\NIST.CVP.Tests.Core\NIST.CVP.Tests.Core.csproj", "{86F30EE9-BA38-449D-AFFD-4D368B0F9961}"
EndProject
Project("{9A19103F-16F7-4668-BE54-9A1E7A4F7556}") = "NIST.CVP.Crypto.KAS.Tests", "..\..\crypto\test\NIST.CVP.Crypto.KAS.Tests\NIST.CVP.Crypto.KAS.Tests.csproj", "{EF36FE0A-4412-47F3-B751-A086E1281A7E}"
EndProject
Project("{9A19103F-16F7-4668-BE54-9A1E7A4F7556}") = "NIST.CVP.Crypto.KES.Tests", "..\..\crypto\test\NIST.CVP.Crypto.KES.Tests\NIST.CVP.Crypto.KES.Tests.csproj", "{517091E9-9877-4E52-94C4-E4001035DE5F}"
EndProject
Project("{9A19103F-16F7-4668-BE54-9A1E7A4F7556}") = "NIST.CVP.Crypto.Common", "..\..\crypto\src\NIST.CVP.Crypto.Common\NIST.CVP.Crypto.Common.csproj", "{07AC146F-C2A7-4D80-BD30-415D3981C099}"
EndProject
Project("{9A19103F-16F7-4668-BE54-9A1E7A4F7556}") = "NIST.CVP.Common", "..\..\common\src\NIST.CVP.Common\NIST.CVP.Common.csproj", "{541432E4-5B20-41BF-9AA5-7F92E82D35B8}"
EndProject
Project("{9A19103F-16F7-4668-BE54-9A1E7A4F7556}") = "NIST.CVP.Common.Tests", "..\..\common\test\NIST.CVP.Common.Tests\NIST.CVP.Common.Tests.csproj", "{4761FD3B-27B3-46A8-8086-1618770D6DD2}"
EndProject
Project("{9A19103F-16F7-4668-BE54-9A1E7A4F7556}") = "NIST.CVP.Crypto", "..\..\crypto\src\NIST.CVP.Crypto\NIST.CVP.Crypto.csproj", "{F03125CA-1145-4133-85C1-59663017BD22}"
EndProject
Project("{9A19103F-16F7-4668-BE54-9A1E7A4F7556}") = "NIST.CVP.Common.Oracle", "..\..\oracle\src\NIST.CVP.Common.Oracle\NIST.CVP.Common.Oracle.csproj", "{D9474AE9-2BD8-414D-AA18-33CEB6F2233A}"
EndProject
Project("{9A19103F-16F7-4668-BE54-9A1E7A4F7556}") = "NIST.CVP.Crypto.Oracle", "..\..\oracle\src\NIST.CVP.Crypto.Oracle\NIST.CVP.Crypto.Oracle.csproj", "{8580C53B-D970-41FE-9451-955D02CFC590}"
EndProject
Project("{9A19103F-16F7-4668-BE54-9A1E7A4F7556}") = "NIST.CVP.Common.Oracle.Tests", "..\..\oracle\test\NIST.CVP.Oracle.Common.Tests\NIST.CVP.Common.Oracle.Tests.csproj", "{ED686728-021D-4702-ADFB-30EB4FD8177C}"
EndProject
Project("{9A19103F-16F7-4668-BE54-9A1E7A4F7556}") = "NIST.CVP.Pools", "..\..\pools\src\NIST.CVP.Pools\NIST.CVP.Pools.csproj", "{06344C33-5C4F-4027-9C9B-4A3FCB263494}"
EndProject
Project("{9A19103F-16F7-4668-BE54-9A1E7A4F7556}") = "NIST.CVP.Orleans.Grains", "..\..\orleans\src\NIST.CVP.Orleans.Grains\NIST.CVP.Orleans.Grains.csproj", "{04E5BBF9-0D3C-4F4E-9888-2ACC5DCA09BA}"
EndProject
Project("{9A19103F-16F7-4668-BE54-9A1E7A4F7556}") = "NIST.CVP.Orleans.Grains.Interfaces", "..\..\orleans\src\NIST.CVP.Orleans.Grains.Interfaces\NIST.CVP.Orleans.Grains.Interfaces.csproj", "{71288007-45EE-456A-9412-2928E4CB9AA4}"
EndProject
Project("{9A19103F-16F7-4668-BE54-9A1E7A4F7556}") = "NIST.CVP.Orleans.ServerHost", "..\..\orleans\src\NIST.CVP.Orleans.ServerHost\NIST.CVP.Orleans.ServerHost.csproj", "{A0417150-90E7-45BE-B74B-F5DE4D07F484}"
EndProject
Project("{FAE04EC0-301F-11D3-BF4B-00C04F79EFBC}") = "NIST.CVP.Generation.Core", "..\..\generation\src\NIST.CVP.Generation.Core\NIST.CVP.Generation.Core.csproj", "{9E737235-7CB1-4545-8730-072D1EFC5480}"
EndProject
Project("{FAE04EC0-301F-11D3-BF4B-00C04F79EFBC}") = "NIST.CVP.Generation.Core.Tests", "..\..\generation\test\NIST.CVP.Generation.Core.Tests\NIST.CVP.Generation.Core.Tests.csproj", "{A3691DCA-083F-49D4-B186-EE920B22EAA1}"
EndProject
Project("{FAE04EC0-301F-11D3-BF4B-00C04F79EFBC}") = "NIST.CVP.Generation", "..\..\generation\src\NIST.CVP.Generation\NIST.CVP.Generation.csproj", "{735516B9-6EED-4F69-B534-D4030A0D2282}"
EndProject
Project("{FAE04EC0-301F-11D3-BF4B-00C04F79EFBC}") = "NIST.CVP.Generation.KAS.Tests", "..\..\generation\test\NIST.CVP.Generation.KAS.Tests\NIST.CVP.Generation.KAS.Tests.csproj", "{4658688D-C643-47DA-B17C-B6C032D2E584}"
EndProject
Project("{FAE04EC0-301F-11D3-BF4B-00C04F79EFBC}") = "NIST.CVP.Generation.KAS.IntegrationTests", "..\..\generation\test\NIST.CVP.Generation.KAS.IntegrationTests\NIST.CVP.Generation.KAS.IntegrationTests.csproj", "{53C8045D-1087-4D51-AA40-6F8CB123CFCA}"
EndProject
Project("{FAE04EC0-301F-11D3-BF4B-00C04F79EFBC}") = "NIST.CVP.Generation.KAS.FFC.Tests", "..\..\generation\test\NIST.CVP.Generation.KAS.FFC.Tests\NIST.CVP.Generation.KAS.FFC.Tests.csproj", "{44344AC2-C850-4D1D-9C9F-A0EAD6684F81}"
EndProject
Project("{FAE04EC0-301F-11D3-BF4B-00C04F79EFBC}") = "NIST.CVP.Generation.KAS.ECC.Tests", "..\..\generation\test\NIST.CVP.Generation.KAS.ECC.Tests\NIST.CVP.Generation.KAS.ECC.Tests.csproj", "{439C873E-72AA-4D80-A61B-2C0238356988}"
EndProject
Project("{FAE04EC0-301F-11D3-BF4B-00C04F79EFBC}") = "NIST.CVP.Generation.KAS.EccComponent.Tests", "..\..\generation\test\NIST.CVP.Generation.KAS.EccComponent.Tests\NIST.CVP.Generation.KAS.EccComponent.Tests.csproj", "{79691EA1-4DC8-49BC-9A00-1C5A39F5EA96}"
EndProject
Project("{FAE04EC0-301F-11D3-BF4B-00C04F79EFBC}") = "NIST.CVP.Generation.KAS.IFC.Tests", "..\..\generation\test\NIST.CVP.Generation.KAS.IFC.Tests\NIST.CVP.Generation.KAS.IFC.Tests.csproj", "{EF2076DC-78C3-479D-8ACF-CE158C6A2BEB}"
EndProject
Global
	GlobalSection(SolutionConfigurationPlatforms) = preSolution
		Debug|Any CPU = Debug|Any CPU
		Debug|x64 = Debug|x64
		Debug|x86 = Debug|x86
		Release|Any CPU = Release|Any CPU
		Release|x64 = Release|x64
		Release|x86 = Release|x86
	EndGlobalSection
	GlobalSection(ProjectConfigurationPlatforms) = postSolution
		{1AFBA4C0-D8D9-442B-A3DB-010AACE354FC}.Debug|Any CPU.ActiveCfg = Debug|Any CPU
		{1AFBA4C0-D8D9-442B-A3DB-010AACE354FC}.Debug|Any CPU.Build.0 = Debug|Any CPU
		{1AFBA4C0-D8D9-442B-A3DB-010AACE354FC}.Debug|x64.ActiveCfg = Debug|Any CPU
		{1AFBA4C0-D8D9-442B-A3DB-010AACE354FC}.Debug|x64.Build.0 = Debug|Any CPU
		{1AFBA4C0-D8D9-442B-A3DB-010AACE354FC}.Debug|x86.ActiveCfg = Debug|Any CPU
		{1AFBA4C0-D8D9-442B-A3DB-010AACE354FC}.Debug|x86.Build.0 = Debug|Any CPU
		{1AFBA4C0-D8D9-442B-A3DB-010AACE354FC}.Release|Any CPU.ActiveCfg = Release|Any CPU
		{1AFBA4C0-D8D9-442B-A3DB-010AACE354FC}.Release|Any CPU.Build.0 = Release|Any CPU
		{1AFBA4C0-D8D9-442B-A3DB-010AACE354FC}.Release|x64.ActiveCfg = Release|Any CPU
		{1AFBA4C0-D8D9-442B-A3DB-010AACE354FC}.Release|x64.Build.0 = Release|Any CPU
		{1AFBA4C0-D8D9-442B-A3DB-010AACE354FC}.Release|x86.ActiveCfg = Release|Any CPU
		{1AFBA4C0-D8D9-442B-A3DB-010AACE354FC}.Release|x86.Build.0 = Release|Any CPU
		{2DD1F3C1-46E7-4CB6-A977-EE6E027E825A}.Debug|Any CPU.ActiveCfg = Debug|Any CPU
		{2DD1F3C1-46E7-4CB6-A977-EE6E027E825A}.Debug|Any CPU.Build.0 = Debug|Any CPU
		{2DD1F3C1-46E7-4CB6-A977-EE6E027E825A}.Debug|x64.ActiveCfg = Debug|Any CPU
		{2DD1F3C1-46E7-4CB6-A977-EE6E027E825A}.Debug|x64.Build.0 = Debug|Any CPU
		{2DD1F3C1-46E7-4CB6-A977-EE6E027E825A}.Debug|x86.ActiveCfg = Debug|Any CPU
		{2DD1F3C1-46E7-4CB6-A977-EE6E027E825A}.Debug|x86.Build.0 = Debug|Any CPU
		{2DD1F3C1-46E7-4CB6-A977-EE6E027E825A}.Release|Any CPU.ActiveCfg = Release|Any CPU
		{2DD1F3C1-46E7-4CB6-A977-EE6E027E825A}.Release|Any CPU.Build.0 = Release|Any CPU
		{2DD1F3C1-46E7-4CB6-A977-EE6E027E825A}.Release|x64.ActiveCfg = Release|Any CPU
		{2DD1F3C1-46E7-4CB6-A977-EE6E027E825A}.Release|x64.Build.0 = Release|Any CPU
		{2DD1F3C1-46E7-4CB6-A977-EE6E027E825A}.Release|x86.ActiveCfg = Release|Any CPU
		{2DD1F3C1-46E7-4CB6-A977-EE6E027E825A}.Release|x86.Build.0 = Release|Any CPU
		{86F30EE9-BA38-449D-AFFD-4D368B0F9961}.Debug|Any CPU.ActiveCfg = Debug|Any CPU
		{86F30EE9-BA38-449D-AFFD-4D368B0F9961}.Debug|Any CPU.Build.0 = Debug|Any CPU
		{86F30EE9-BA38-449D-AFFD-4D368B0F9961}.Debug|x64.ActiveCfg = Debug|Any CPU
		{86F30EE9-BA38-449D-AFFD-4D368B0F9961}.Debug|x64.Build.0 = Debug|Any CPU
		{86F30EE9-BA38-449D-AFFD-4D368B0F9961}.Debug|x86.ActiveCfg = Debug|Any CPU
		{86F30EE9-BA38-449D-AFFD-4D368B0F9961}.Debug|x86.Build.0 = Debug|Any CPU
		{86F30EE9-BA38-449D-AFFD-4D368B0F9961}.Release|Any CPU.ActiveCfg = Release|Any CPU
		{86F30EE9-BA38-449D-AFFD-4D368B0F9961}.Release|Any CPU.Build.0 = Release|Any CPU
		{86F30EE9-BA38-449D-AFFD-4D368B0F9961}.Release|x64.ActiveCfg = Release|Any CPU
		{86F30EE9-BA38-449D-AFFD-4D368B0F9961}.Release|x64.Build.0 = Release|Any CPU
		{86F30EE9-BA38-449D-AFFD-4D368B0F9961}.Release|x86.ActiveCfg = Release|Any CPU
		{86F30EE9-BA38-449D-AFFD-4D368B0F9961}.Release|x86.Build.0 = Release|Any CPU
		{EF36FE0A-4412-47F3-B751-A086E1281A7E}.Debug|Any CPU.ActiveCfg = Debug|Any CPU
		{EF36FE0A-4412-47F3-B751-A086E1281A7E}.Debug|Any CPU.Build.0 = Debug|Any CPU
		{EF36FE0A-4412-47F3-B751-A086E1281A7E}.Debug|x64.ActiveCfg = Debug|Any CPU
		{EF36FE0A-4412-47F3-B751-A086E1281A7E}.Debug|x64.Build.0 = Debug|Any CPU
		{EF36FE0A-4412-47F3-B751-A086E1281A7E}.Debug|x86.ActiveCfg = Debug|Any CPU
		{EF36FE0A-4412-47F3-B751-A086E1281A7E}.Debug|x86.Build.0 = Debug|Any CPU
		{EF36FE0A-4412-47F3-B751-A086E1281A7E}.Release|Any CPU.ActiveCfg = Release|Any CPU
		{EF36FE0A-4412-47F3-B751-A086E1281A7E}.Release|Any CPU.Build.0 = Release|Any CPU
		{EF36FE0A-4412-47F3-B751-A086E1281A7E}.Release|x64.ActiveCfg = Release|Any CPU
		{EF36FE0A-4412-47F3-B751-A086E1281A7E}.Release|x64.Build.0 = Release|Any CPU
		{EF36FE0A-4412-47F3-B751-A086E1281A7E}.Release|x86.ActiveCfg = Release|Any CPU
		{EF36FE0A-4412-47F3-B751-A086E1281A7E}.Release|x86.Build.0 = Release|Any CPU
		{517091E9-9877-4E52-94C4-E4001035DE5F}.Debug|Any CPU.ActiveCfg = Debug|Any CPU
		{517091E9-9877-4E52-94C4-E4001035DE5F}.Debug|Any CPU.Build.0 = Debug|Any CPU
		{517091E9-9877-4E52-94C4-E4001035DE5F}.Debug|x64.ActiveCfg = Debug|Any CPU
		{517091E9-9877-4E52-94C4-E4001035DE5F}.Debug|x64.Build.0 = Debug|Any CPU
		{517091E9-9877-4E52-94C4-E4001035DE5F}.Debug|x86.ActiveCfg = Debug|Any CPU
		{517091E9-9877-4E52-94C4-E4001035DE5F}.Debug|x86.Build.0 = Debug|Any CPU
		{517091E9-9877-4E52-94C4-E4001035DE5F}.Release|Any CPU.ActiveCfg = Release|Any CPU
		{517091E9-9877-4E52-94C4-E4001035DE5F}.Release|Any CPU.Build.0 = Release|Any CPU
		{517091E9-9877-4E52-94C4-E4001035DE5F}.Release|x64.ActiveCfg = Release|Any CPU
		{517091E9-9877-4E52-94C4-E4001035DE5F}.Release|x64.Build.0 = Release|Any CPU
		{517091E9-9877-4E52-94C4-E4001035DE5F}.Release|x86.ActiveCfg = Release|Any CPU
		{517091E9-9877-4E52-94C4-E4001035DE5F}.Release|x86.Build.0 = Release|Any CPU
		{07AC146F-C2A7-4D80-BD30-415D3981C099}.Debug|Any CPU.ActiveCfg = Debug|Any CPU
		{07AC146F-C2A7-4D80-BD30-415D3981C099}.Debug|Any CPU.Build.0 = Debug|Any CPU
		{07AC146F-C2A7-4D80-BD30-415D3981C099}.Debug|x64.ActiveCfg = Debug|Any CPU
		{07AC146F-C2A7-4D80-BD30-415D3981C099}.Debug|x64.Build.0 = Debug|Any CPU
		{07AC146F-C2A7-4D80-BD30-415D3981C099}.Debug|x86.ActiveCfg = Debug|Any CPU
		{07AC146F-C2A7-4D80-BD30-415D3981C099}.Debug|x86.Build.0 = Debug|Any CPU
		{07AC146F-C2A7-4D80-BD30-415D3981C099}.Release|Any CPU.ActiveCfg = Release|Any CPU
		{07AC146F-C2A7-4D80-BD30-415D3981C099}.Release|Any CPU.Build.0 = Release|Any CPU
		{07AC146F-C2A7-4D80-BD30-415D3981C099}.Release|x64.ActiveCfg = Release|Any CPU
		{07AC146F-C2A7-4D80-BD30-415D3981C099}.Release|x64.Build.0 = Release|Any CPU
		{07AC146F-C2A7-4D80-BD30-415D3981C099}.Release|x86.ActiveCfg = Release|Any CPU
		{07AC146F-C2A7-4D80-BD30-415D3981C099}.Release|x86.Build.0 = Release|Any CPU
		{541432E4-5B20-41BF-9AA5-7F92E82D35B8}.Debug|Any CPU.ActiveCfg = Debug|Any CPU
		{541432E4-5B20-41BF-9AA5-7F92E82D35B8}.Debug|Any CPU.Build.0 = Debug|Any CPU
		{541432E4-5B20-41BF-9AA5-7F92E82D35B8}.Debug|x64.ActiveCfg = Debug|Any CPU
		{541432E4-5B20-41BF-9AA5-7F92E82D35B8}.Debug|x64.Build.0 = Debug|Any CPU
		{541432E4-5B20-41BF-9AA5-7F92E82D35B8}.Debug|x86.ActiveCfg = Debug|Any CPU
		{541432E4-5B20-41BF-9AA5-7F92E82D35B8}.Debug|x86.Build.0 = Debug|Any CPU
		{541432E4-5B20-41BF-9AA5-7F92E82D35B8}.Release|Any CPU.ActiveCfg = Release|Any CPU
		{541432E4-5B20-41BF-9AA5-7F92E82D35B8}.Release|Any CPU.Build.0 = Release|Any CPU
		{541432E4-5B20-41BF-9AA5-7F92E82D35B8}.Release|x64.ActiveCfg = Release|Any CPU
		{541432E4-5B20-41BF-9AA5-7F92E82D35B8}.Release|x64.Build.0 = Release|Any CPU
		{541432E4-5B20-41BF-9AA5-7F92E82D35B8}.Release|x86.ActiveCfg = Release|Any CPU
		{541432E4-5B20-41BF-9AA5-7F92E82D35B8}.Release|x86.Build.0 = Release|Any CPU
		{4761FD3B-27B3-46A8-8086-1618770D6DD2}.Debug|Any CPU.ActiveCfg = Debug|Any CPU
		{4761FD3B-27B3-46A8-8086-1618770D6DD2}.Debug|Any CPU.Build.0 = Debug|Any CPU
		{4761FD3B-27B3-46A8-8086-1618770D6DD2}.Debug|x64.ActiveCfg = Debug|Any CPU
		{4761FD3B-27B3-46A8-8086-1618770D6DD2}.Debug|x64.Build.0 = Debug|Any CPU
		{4761FD3B-27B3-46A8-8086-1618770D6DD2}.Debug|x86.ActiveCfg = Debug|Any CPU
		{4761FD3B-27B3-46A8-8086-1618770D6DD2}.Debug|x86.Build.0 = Debug|Any CPU
		{4761FD3B-27B3-46A8-8086-1618770D6DD2}.Release|Any CPU.ActiveCfg = Release|Any CPU
		{4761FD3B-27B3-46A8-8086-1618770D6DD2}.Release|Any CPU.Build.0 = Release|Any CPU
		{4761FD3B-27B3-46A8-8086-1618770D6DD2}.Release|x64.ActiveCfg = Release|Any CPU
		{4761FD3B-27B3-46A8-8086-1618770D6DD2}.Release|x64.Build.0 = Release|Any CPU
		{4761FD3B-27B3-46A8-8086-1618770D6DD2}.Release|x86.ActiveCfg = Release|Any CPU
		{4761FD3B-27B3-46A8-8086-1618770D6DD2}.Release|x86.Build.0 = Release|Any CPU
		{F03125CA-1145-4133-85C1-59663017BD22}.Debug|Any CPU.ActiveCfg = Debug|Any CPU
		{F03125CA-1145-4133-85C1-59663017BD22}.Debug|Any CPU.Build.0 = Debug|Any CPU
		{F03125CA-1145-4133-85C1-59663017BD22}.Debug|x64.ActiveCfg = Debug|Any CPU
		{F03125CA-1145-4133-85C1-59663017BD22}.Debug|x64.Build.0 = Debug|Any CPU
		{F03125CA-1145-4133-85C1-59663017BD22}.Debug|x86.ActiveCfg = Debug|Any CPU
		{F03125CA-1145-4133-85C1-59663017BD22}.Debug|x86.Build.0 = Debug|Any CPU
		{F03125CA-1145-4133-85C1-59663017BD22}.Release|Any CPU.ActiveCfg = Release|Any CPU
		{F03125CA-1145-4133-85C1-59663017BD22}.Release|Any CPU.Build.0 = Release|Any CPU
		{F03125CA-1145-4133-85C1-59663017BD22}.Release|x64.ActiveCfg = Release|Any CPU
		{F03125CA-1145-4133-85C1-59663017BD22}.Release|x64.Build.0 = Release|Any CPU
		{F03125CA-1145-4133-85C1-59663017BD22}.Release|x86.ActiveCfg = Release|Any CPU
		{F03125CA-1145-4133-85C1-59663017BD22}.Release|x86.Build.0 = Release|Any CPU
		{D9474AE9-2BD8-414D-AA18-33CEB6F2233A}.Debug|Any CPU.ActiveCfg = Debug|Any CPU
		{D9474AE9-2BD8-414D-AA18-33CEB6F2233A}.Debug|Any CPU.Build.0 = Debug|Any CPU
		{D9474AE9-2BD8-414D-AA18-33CEB6F2233A}.Debug|x64.ActiveCfg = Debug|Any CPU
		{D9474AE9-2BD8-414D-AA18-33CEB6F2233A}.Debug|x64.Build.0 = Debug|Any CPU
		{D9474AE9-2BD8-414D-AA18-33CEB6F2233A}.Debug|x86.ActiveCfg = Debug|Any CPU
		{D9474AE9-2BD8-414D-AA18-33CEB6F2233A}.Debug|x86.Build.0 = Debug|Any CPU
		{D9474AE9-2BD8-414D-AA18-33CEB6F2233A}.Release|Any CPU.ActiveCfg = Release|Any CPU
		{D9474AE9-2BD8-414D-AA18-33CEB6F2233A}.Release|Any CPU.Build.0 = Release|Any CPU
		{D9474AE9-2BD8-414D-AA18-33CEB6F2233A}.Release|x64.ActiveCfg = Release|Any CPU
		{D9474AE9-2BD8-414D-AA18-33CEB6F2233A}.Release|x64.Build.0 = Release|Any CPU
		{D9474AE9-2BD8-414D-AA18-33CEB6F2233A}.Release|x86.ActiveCfg = Release|Any CPU
		{D9474AE9-2BD8-414D-AA18-33CEB6F2233A}.Release|x86.Build.0 = Release|Any CPU
		{8580C53B-D970-41FE-9451-955D02CFC590}.Debug|Any CPU.ActiveCfg = Debug|Any CPU
		{8580C53B-D970-41FE-9451-955D02CFC590}.Debug|Any CPU.Build.0 = Debug|Any CPU
		{8580C53B-D970-41FE-9451-955D02CFC590}.Debug|x64.ActiveCfg = Debug|Any CPU
		{8580C53B-D970-41FE-9451-955D02CFC590}.Debug|x64.Build.0 = Debug|Any CPU
		{8580C53B-D970-41FE-9451-955D02CFC590}.Debug|x86.ActiveCfg = Debug|Any CPU
		{8580C53B-D970-41FE-9451-955D02CFC590}.Debug|x86.Build.0 = Debug|Any CPU
		{8580C53B-D970-41FE-9451-955D02CFC590}.Release|Any CPU.ActiveCfg = Release|Any CPU
		{8580C53B-D970-41FE-9451-955D02CFC590}.Release|Any CPU.Build.0 = Release|Any CPU
		{8580C53B-D970-41FE-9451-955D02CFC590}.Release|x64.ActiveCfg = Release|Any CPU
		{8580C53B-D970-41FE-9451-955D02CFC590}.Release|x64.Build.0 = Release|Any CPU
		{8580C53B-D970-41FE-9451-955D02CFC590}.Release|x86.ActiveCfg = Release|Any CPU
		{8580C53B-D970-41FE-9451-955D02CFC590}.Release|x86.Build.0 = Release|Any CPU
		{ED686728-021D-4702-ADFB-30EB4FD8177C}.Debug|Any CPU.ActiveCfg = Debug|Any CPU
		{ED686728-021D-4702-ADFB-30EB4FD8177C}.Debug|Any CPU.Build.0 = Debug|Any CPU
		{ED686728-021D-4702-ADFB-30EB4FD8177C}.Debug|x64.ActiveCfg = Debug|Any CPU
		{ED686728-021D-4702-ADFB-30EB4FD8177C}.Debug|x64.Build.0 = Debug|Any CPU
		{ED686728-021D-4702-ADFB-30EB4FD8177C}.Debug|x86.ActiveCfg = Debug|Any CPU
		{ED686728-021D-4702-ADFB-30EB4FD8177C}.Debug|x86.Build.0 = Debug|Any CPU
		{ED686728-021D-4702-ADFB-30EB4FD8177C}.Release|Any CPU.ActiveCfg = Release|Any CPU
		{ED686728-021D-4702-ADFB-30EB4FD8177C}.Release|Any CPU.Build.0 = Release|Any CPU
		{ED686728-021D-4702-ADFB-30EB4FD8177C}.Release|x64.ActiveCfg = Release|Any CPU
		{ED686728-021D-4702-ADFB-30EB4FD8177C}.Release|x64.Build.0 = Release|Any CPU
		{ED686728-021D-4702-ADFB-30EB4FD8177C}.Release|x86.ActiveCfg = Release|Any CPU
		{ED686728-021D-4702-ADFB-30EB4FD8177C}.Release|x86.Build.0 = Release|Any CPU
		{06344C33-5C4F-4027-9C9B-4A3FCB263494}.Debug|Any CPU.ActiveCfg = Debug|Any CPU
		{06344C33-5C4F-4027-9C9B-4A3FCB263494}.Debug|Any CPU.Build.0 = Debug|Any CPU
		{06344C33-5C4F-4027-9C9B-4A3FCB263494}.Debug|x64.ActiveCfg = Debug|Any CPU
		{06344C33-5C4F-4027-9C9B-4A3FCB263494}.Debug|x64.Build.0 = Debug|Any CPU
		{06344C33-5C4F-4027-9C9B-4A3FCB263494}.Debug|x86.ActiveCfg = Debug|Any CPU
		{06344C33-5C4F-4027-9C9B-4A3FCB263494}.Debug|x86.Build.0 = Debug|Any CPU
		{06344C33-5C4F-4027-9C9B-4A3FCB263494}.Release|Any CPU.ActiveCfg = Release|Any CPU
		{06344C33-5C4F-4027-9C9B-4A3FCB263494}.Release|Any CPU.Build.0 = Release|Any CPU
		{06344C33-5C4F-4027-9C9B-4A3FCB263494}.Release|x64.ActiveCfg = Release|Any CPU
		{06344C33-5C4F-4027-9C9B-4A3FCB263494}.Release|x64.Build.0 = Release|Any CPU
		{06344C33-5C4F-4027-9C9B-4A3FCB263494}.Release|x86.ActiveCfg = Release|Any CPU
		{06344C33-5C4F-4027-9C9B-4A3FCB263494}.Release|x86.Build.0 = Release|Any CPU
		{04E5BBF9-0D3C-4F4E-9888-2ACC5DCA09BA}.Debug|Any CPU.ActiveCfg = Debug|Any CPU
		{04E5BBF9-0D3C-4F4E-9888-2ACC5DCA09BA}.Debug|Any CPU.Build.0 = Debug|Any CPU
		{04E5BBF9-0D3C-4F4E-9888-2ACC5DCA09BA}.Debug|x64.ActiveCfg = Debug|Any CPU
		{04E5BBF9-0D3C-4F4E-9888-2ACC5DCA09BA}.Debug|x64.Build.0 = Debug|Any CPU
		{04E5BBF9-0D3C-4F4E-9888-2ACC5DCA09BA}.Debug|x86.ActiveCfg = Debug|Any CPU
		{04E5BBF9-0D3C-4F4E-9888-2ACC5DCA09BA}.Debug|x86.Build.0 = Debug|Any CPU
		{04E5BBF9-0D3C-4F4E-9888-2ACC5DCA09BA}.Release|Any CPU.ActiveCfg = Release|Any CPU
		{04E5BBF9-0D3C-4F4E-9888-2ACC5DCA09BA}.Release|Any CPU.Build.0 = Release|Any CPU
		{04E5BBF9-0D3C-4F4E-9888-2ACC5DCA09BA}.Release|x64.ActiveCfg = Release|Any CPU
		{04E5BBF9-0D3C-4F4E-9888-2ACC5DCA09BA}.Release|x64.Build.0 = Release|Any CPU
		{04E5BBF9-0D3C-4F4E-9888-2ACC5DCA09BA}.Release|x86.ActiveCfg = Release|Any CPU
		{04E5BBF9-0D3C-4F4E-9888-2ACC5DCA09BA}.Release|x86.Build.0 = Release|Any CPU
		{71288007-45EE-456A-9412-2928E4CB9AA4}.Debug|Any CPU.ActiveCfg = Debug|Any CPU
		{71288007-45EE-456A-9412-2928E4CB9AA4}.Debug|Any CPU.Build.0 = Debug|Any CPU
		{71288007-45EE-456A-9412-2928E4CB9AA4}.Debug|x64.ActiveCfg = Debug|Any CPU
		{71288007-45EE-456A-9412-2928E4CB9AA4}.Debug|x64.Build.0 = Debug|Any CPU
		{71288007-45EE-456A-9412-2928E4CB9AA4}.Debug|x86.ActiveCfg = Debug|Any CPU
		{71288007-45EE-456A-9412-2928E4CB9AA4}.Debug|x86.Build.0 = Debug|Any CPU
		{71288007-45EE-456A-9412-2928E4CB9AA4}.Release|Any CPU.ActiveCfg = Release|Any CPU
		{71288007-45EE-456A-9412-2928E4CB9AA4}.Release|Any CPU.Build.0 = Release|Any CPU
		{71288007-45EE-456A-9412-2928E4CB9AA4}.Release|x64.ActiveCfg = Release|Any CPU
		{71288007-45EE-456A-9412-2928E4CB9AA4}.Release|x64.Build.0 = Release|Any CPU
		{71288007-45EE-456A-9412-2928E4CB9AA4}.Release|x86.ActiveCfg = Release|Any CPU
		{71288007-45EE-456A-9412-2928E4CB9AA4}.Release|x86.Build.0 = Release|Any CPU
		{A0417150-90E7-45BE-B74B-F5DE4D07F484}.Debug|Any CPU.ActiveCfg = Debug|Any CPU
		{A0417150-90E7-45BE-B74B-F5DE4D07F484}.Debug|Any CPU.Build.0 = Debug|Any CPU
		{A0417150-90E7-45BE-B74B-F5DE4D07F484}.Debug|x64.ActiveCfg = Debug|Any CPU
		{A0417150-90E7-45BE-B74B-F5DE4D07F484}.Debug|x64.Build.0 = Debug|Any CPU
		{A0417150-90E7-45BE-B74B-F5DE4D07F484}.Debug|x86.ActiveCfg = Debug|Any CPU
		{A0417150-90E7-45BE-B74B-F5DE4D07F484}.Debug|x86.Build.0 = Debug|Any CPU
		{A0417150-90E7-45BE-B74B-F5DE4D07F484}.Release|Any CPU.ActiveCfg = Release|Any CPU
		{A0417150-90E7-45BE-B74B-F5DE4D07F484}.Release|Any CPU.Build.0 = Release|Any CPU
		{A0417150-90E7-45BE-B74B-F5DE4D07F484}.Release|x64.ActiveCfg = Release|Any CPU
		{A0417150-90E7-45BE-B74B-F5DE4D07F484}.Release|x64.Build.0 = Release|Any CPU
		{A0417150-90E7-45BE-B74B-F5DE4D07F484}.Release|x86.ActiveCfg = Release|Any CPU
		{A0417150-90E7-45BE-B74B-F5DE4D07F484}.Release|x86.Build.0 = Release|Any CPU
		{9E737235-7CB1-4545-8730-072D1EFC5480}.Debug|Any CPU.ActiveCfg = Debug|Any CPU
		{9E737235-7CB1-4545-8730-072D1EFC5480}.Debug|Any CPU.Build.0 = Debug|Any CPU
		{9E737235-7CB1-4545-8730-072D1EFC5480}.Debug|x64.ActiveCfg = Debug|Any CPU
		{9E737235-7CB1-4545-8730-072D1EFC5480}.Debug|x64.Build.0 = Debug|Any CPU
		{9E737235-7CB1-4545-8730-072D1EFC5480}.Debug|x86.ActiveCfg = Debug|Any CPU
		{9E737235-7CB1-4545-8730-072D1EFC5480}.Debug|x86.Build.0 = Debug|Any CPU
		{9E737235-7CB1-4545-8730-072D1EFC5480}.Release|Any CPU.ActiveCfg = Release|Any CPU
		{9E737235-7CB1-4545-8730-072D1EFC5480}.Release|Any CPU.Build.0 = Release|Any CPU
		{9E737235-7CB1-4545-8730-072D1EFC5480}.Release|x64.ActiveCfg = Release|Any CPU
		{9E737235-7CB1-4545-8730-072D1EFC5480}.Release|x64.Build.0 = Release|Any CPU
		{9E737235-7CB1-4545-8730-072D1EFC5480}.Release|x86.ActiveCfg = Release|Any CPU
		{9E737235-7CB1-4545-8730-072D1EFC5480}.Release|x86.Build.0 = Release|Any CPU
		{A3691DCA-083F-49D4-B186-EE920B22EAA1}.Debug|Any CPU.ActiveCfg = Debug|Any CPU
		{A3691DCA-083F-49D4-B186-EE920B22EAA1}.Debug|Any CPU.Build.0 = Debug|Any CPU
		{A3691DCA-083F-49D4-B186-EE920B22EAA1}.Debug|x64.ActiveCfg = Debug|Any CPU
		{A3691DCA-083F-49D4-B186-EE920B22EAA1}.Debug|x64.Build.0 = Debug|Any CPU
		{A3691DCA-083F-49D4-B186-EE920B22EAA1}.Debug|x86.ActiveCfg = Debug|Any CPU
		{A3691DCA-083F-49D4-B186-EE920B22EAA1}.Debug|x86.Build.0 = Debug|Any CPU
		{A3691DCA-083F-49D4-B186-EE920B22EAA1}.Release|Any CPU.ActiveCfg = Release|Any CPU
		{A3691DCA-083F-49D4-B186-EE920B22EAA1}.Release|Any CPU.Build.0 = Release|Any CPU
		{A3691DCA-083F-49D4-B186-EE920B22EAA1}.Release|x64.ActiveCfg = Release|Any CPU
		{A3691DCA-083F-49D4-B186-EE920B22EAA1}.Release|x64.Build.0 = Release|Any CPU
		{A3691DCA-083F-49D4-B186-EE920B22EAA1}.Release|x86.ActiveCfg = Release|Any CPU
		{A3691DCA-083F-49D4-B186-EE920B22EAA1}.Release|x86.Build.0 = Release|Any CPU
		{735516B9-6EED-4F69-B534-D4030A0D2282}.Debug|Any CPU.ActiveCfg = Debug|Any CPU
		{735516B9-6EED-4F69-B534-D4030A0D2282}.Debug|Any CPU.Build.0 = Debug|Any CPU
		{735516B9-6EED-4F69-B534-D4030A0D2282}.Debug|x64.ActiveCfg = Debug|Any CPU
		{735516B9-6EED-4F69-B534-D4030A0D2282}.Debug|x64.Build.0 = Debug|Any CPU
		{735516B9-6EED-4F69-B534-D4030A0D2282}.Debug|x86.ActiveCfg = Debug|Any CPU
		{735516B9-6EED-4F69-B534-D4030A0D2282}.Debug|x86.Build.0 = Debug|Any CPU
		{735516B9-6EED-4F69-B534-D4030A0D2282}.Release|Any CPU.ActiveCfg = Release|Any CPU
		{735516B9-6EED-4F69-B534-D4030A0D2282}.Release|Any CPU.Build.0 = Release|Any CPU
		{735516B9-6EED-4F69-B534-D4030A0D2282}.Release|x64.ActiveCfg = Release|Any CPU
		{735516B9-6EED-4F69-B534-D4030A0D2282}.Release|x64.Build.0 = Release|Any CPU
		{735516B9-6EED-4F69-B534-D4030A0D2282}.Release|x86.ActiveCfg = Release|Any CPU
		{735516B9-6EED-4F69-B534-D4030A0D2282}.Release|x86.Build.0 = Release|Any CPU
		{4658688D-C643-47DA-B17C-B6C032D2E584}.Debug|Any CPU.ActiveCfg = Debug|Any CPU
		{4658688D-C643-47DA-B17C-B6C032D2E584}.Debug|Any CPU.Build.0 = Debug|Any CPU
		{4658688D-C643-47DA-B17C-B6C032D2E584}.Debug|x64.ActiveCfg = Debug|Any CPU
		{4658688D-C643-47DA-B17C-B6C032D2E584}.Debug|x64.Build.0 = Debug|Any CPU
		{4658688D-C643-47DA-B17C-B6C032D2E584}.Debug|x86.ActiveCfg = Debug|Any CPU
		{4658688D-C643-47DA-B17C-B6C032D2E584}.Debug|x86.Build.0 = Debug|Any CPU
		{4658688D-C643-47DA-B17C-B6C032D2E584}.Release|Any CPU.ActiveCfg = Release|Any CPU
		{4658688D-C643-47DA-B17C-B6C032D2E584}.Release|Any CPU.Build.0 = Release|Any CPU
		{4658688D-C643-47DA-B17C-B6C032D2E584}.Release|x64.ActiveCfg = Release|Any CPU
		{4658688D-C643-47DA-B17C-B6C032D2E584}.Release|x64.Build.0 = Release|Any CPU
		{4658688D-C643-47DA-B17C-B6C032D2E584}.Release|x86.ActiveCfg = Release|Any CPU
		{4658688D-C643-47DA-B17C-B6C032D2E584}.Release|x86.Build.0 = Release|Any CPU
		{53C8045D-1087-4D51-AA40-6F8CB123CFCA}.Debug|Any CPU.ActiveCfg = Debug|Any CPU
		{53C8045D-1087-4D51-AA40-6F8CB123CFCA}.Debug|Any CPU.Build.0 = Debug|Any CPU
		{53C8045D-1087-4D51-AA40-6F8CB123CFCA}.Debug|x64.ActiveCfg = Debug|Any CPU
		{53C8045D-1087-4D51-AA40-6F8CB123CFCA}.Debug|x64.Build.0 = Debug|Any CPU
		{53C8045D-1087-4D51-AA40-6F8CB123CFCA}.Debug|x86.ActiveCfg = Debug|Any CPU
		{53C8045D-1087-4D51-AA40-6F8CB123CFCA}.Debug|x86.Build.0 = Debug|Any CPU
		{53C8045D-1087-4D51-AA40-6F8CB123CFCA}.Release|Any CPU.ActiveCfg = Release|Any CPU
		{53C8045D-1087-4D51-AA40-6F8CB123CFCA}.Release|Any CPU.Build.0 = Release|Any CPU
		{53C8045D-1087-4D51-AA40-6F8CB123CFCA}.Release|x64.ActiveCfg = Release|Any CPU
		{53C8045D-1087-4D51-AA40-6F8CB123CFCA}.Release|x64.Build.0 = Release|Any CPU
		{53C8045D-1087-4D51-AA40-6F8CB123CFCA}.Release|x86.ActiveCfg = Release|Any CPU
		{53C8045D-1087-4D51-AA40-6F8CB123CFCA}.Release|x86.Build.0 = Release|Any CPU
		{44344AC2-C850-4D1D-9C9F-A0EAD6684F81}.Debug|Any CPU.ActiveCfg = Debug|Any CPU
		{44344AC2-C850-4D1D-9C9F-A0EAD6684F81}.Debug|Any CPU.Build.0 = Debug|Any CPU
		{44344AC2-C850-4D1D-9C9F-A0EAD6684F81}.Debug|x64.ActiveCfg = Debug|Any CPU
		{44344AC2-C850-4D1D-9C9F-A0EAD6684F81}.Debug|x64.Build.0 = Debug|Any CPU
		{44344AC2-C850-4D1D-9C9F-A0EAD6684F81}.Debug|x86.ActiveCfg = Debug|Any CPU
		{44344AC2-C850-4D1D-9C9F-A0EAD6684F81}.Debug|x86.Build.0 = Debug|Any CPU
		{44344AC2-C850-4D1D-9C9F-A0EAD6684F81}.Release|Any CPU.ActiveCfg = Release|Any CPU
		{44344AC2-C850-4D1D-9C9F-A0EAD6684F81}.Release|Any CPU.Build.0 = Release|Any CPU
		{44344AC2-C850-4D1D-9C9F-A0EAD6684F81}.Release|x64.ActiveCfg = Release|Any CPU
		{44344AC2-C850-4D1D-9C9F-A0EAD6684F81}.Release|x64.Build.0 = Release|Any CPU
		{44344AC2-C850-4D1D-9C9F-A0EAD6684F81}.Release|x86.ActiveCfg = Release|Any CPU
		{44344AC2-C850-4D1D-9C9F-A0EAD6684F81}.Release|x86.Build.0 = Release|Any CPU
		{439C873E-72AA-4D80-A61B-2C0238356988}.Debug|Any CPU.ActiveCfg = Debug|Any CPU
		{439C873E-72AA-4D80-A61B-2C0238356988}.Debug|Any CPU.Build.0 = Debug|Any CPU
		{439C873E-72AA-4D80-A61B-2C0238356988}.Debug|x64.ActiveCfg = Debug|Any CPU
		{439C873E-72AA-4D80-A61B-2C0238356988}.Debug|x64.Build.0 = Debug|Any CPU
		{439C873E-72AA-4D80-A61B-2C0238356988}.Debug|x86.ActiveCfg = Debug|Any CPU
		{439C873E-72AA-4D80-A61B-2C0238356988}.Debug|x86.Build.0 = Debug|Any CPU
		{439C873E-72AA-4D80-A61B-2C0238356988}.Release|Any CPU.ActiveCfg = Release|Any CPU
		{439C873E-72AA-4D80-A61B-2C0238356988}.Release|Any CPU.Build.0 = Release|Any CPU
		{439C873E-72AA-4D80-A61B-2C0238356988}.Release|x64.ActiveCfg = Release|Any CPU
		{439C873E-72AA-4D80-A61B-2C0238356988}.Release|x64.Build.0 = Release|Any CPU
		{439C873E-72AA-4D80-A61B-2C0238356988}.Release|x86.ActiveCfg = Release|Any CPU
		{439C873E-72AA-4D80-A61B-2C0238356988}.Release|x86.Build.0 = Release|Any CPU
		{79691EA1-4DC8-49BC-9A00-1C5A39F5EA96}.Debug|Any CPU.ActiveCfg = Debug|Any CPU
		{79691EA1-4DC8-49BC-9A00-1C5A39F5EA96}.Debug|Any CPU.Build.0 = Debug|Any CPU
		{79691EA1-4DC8-49BC-9A00-1C5A39F5EA96}.Debug|x64.ActiveCfg = Debug|Any CPU
		{79691EA1-4DC8-49BC-9A00-1C5A39F5EA96}.Debug|x64.Build.0 = Debug|Any CPU
		{79691EA1-4DC8-49BC-9A00-1C5A39F5EA96}.Debug|x86.ActiveCfg = Debug|Any CPU
		{79691EA1-4DC8-49BC-9A00-1C5A39F5EA96}.Debug|x86.Build.0 = Debug|Any CPU
		{79691EA1-4DC8-49BC-9A00-1C5A39F5EA96}.Release|Any CPU.ActiveCfg = Release|Any CPU
		{79691EA1-4DC8-49BC-9A00-1C5A39F5EA96}.Release|Any CPU.Build.0 = Release|Any CPU
		{79691EA1-4DC8-49BC-9A00-1C5A39F5EA96}.Release|x64.ActiveCfg = Release|Any CPU
		{79691EA1-4DC8-49BC-9A00-1C5A39F5EA96}.Release|x64.Build.0 = Release|Any CPU
		{79691EA1-4DC8-49BC-9A00-1C5A39F5EA96}.Release|x86.ActiveCfg = Release|Any CPU
		{79691EA1-4DC8-49BC-9A00-1C5A39F5EA96}.Release|x86.Build.0 = Release|Any CPU
		{EF2076DC-78C3-479D-8ACF-CE158C6A2BEB}.Debug|Any CPU.ActiveCfg = Debug|Any CPU
		{EF2076DC-78C3-479D-8ACF-CE158C6A2BEB}.Debug|Any CPU.Build.0 = Debug|Any CPU
		{EF2076DC-78C3-479D-8ACF-CE158C6A2BEB}.Debug|x64.ActiveCfg = Debug|Any CPU
		{EF2076DC-78C3-479D-8ACF-CE158C6A2BEB}.Debug|x64.Build.0 = Debug|Any CPU
		{EF2076DC-78C3-479D-8ACF-CE158C6A2BEB}.Debug|x86.ActiveCfg = Debug|Any CPU
		{EF2076DC-78C3-479D-8ACF-CE158C6A2BEB}.Debug|x86.Build.0 = Debug|Any CPU
		{EF2076DC-78C3-479D-8ACF-CE158C6A2BEB}.Release|Any CPU.ActiveCfg = Release|Any CPU
		{EF2076DC-78C3-479D-8ACF-CE158C6A2BEB}.Release|Any CPU.Build.0 = Release|Any CPU
		{EF2076DC-78C3-479D-8ACF-CE158C6A2BEB}.Release|x64.ActiveCfg = Release|Any CPU
		{EF2076DC-78C3-479D-8ACF-CE158C6A2BEB}.Release|x64.Build.0 = Release|Any CPU
		{EF2076DC-78C3-479D-8ACF-CE158C6A2BEB}.Release|x86.ActiveCfg = Release|Any CPU
		{EF2076DC-78C3-479D-8ACF-CE158C6A2BEB}.Release|x86.Build.0 = Release|Any CPU
	EndGlobalSection
	GlobalSection(SolutionProperties) = preSolution
		HideSolutionNode = FALSE
	EndGlobalSection
	GlobalSection(NestedProjects) = preSolution
		{1AFBA4C0-D8D9-442B-A3DB-010AACE354FC} = {8A98FD09-7052-43B6-9BC0-E66DC0A7335D}
		{2DD1F3C1-46E7-4CB6-A977-EE6E027E825A} = {51A2C4ED-3ADB-4008-B43F-368F7F2485AA}
		{86F30EE9-BA38-449D-AFFD-4D368B0F9961} = {51A2C4ED-3ADB-4008-B43F-368F7F2485AA}
		{EF36FE0A-4412-47F3-B751-A086E1281A7E} = {51A2C4ED-3ADB-4008-B43F-368F7F2485AA}
		{517091E9-9877-4E52-94C4-E4001035DE5F} = {51A2C4ED-3ADB-4008-B43F-368F7F2485AA}
		{07AC146F-C2A7-4D80-BD30-415D3981C099} = {8A98FD09-7052-43B6-9BC0-E66DC0A7335D}
		{541432E4-5B20-41BF-9AA5-7F92E82D35B8} = {8A98FD09-7052-43B6-9BC0-E66DC0A7335D}
		{4761FD3B-27B3-46A8-8086-1618770D6DD2} = {51A2C4ED-3ADB-4008-B43F-368F7F2485AA}
		{F03125CA-1145-4133-85C1-59663017BD22} = {8A98FD09-7052-43B6-9BC0-E66DC0A7335D}
		{D9474AE9-2BD8-414D-AA18-33CEB6F2233A} = {8A98FD09-7052-43B6-9BC0-E66DC0A7335D}
		{8580C53B-D970-41FE-9451-955D02CFC590} = {8A98FD09-7052-43B6-9BC0-E66DC0A7335D}
		{ED686728-021D-4702-ADFB-30EB4FD8177C} = {51A2C4ED-3ADB-4008-B43F-368F7F2485AA}
		{06344C33-5C4F-4027-9C9B-4A3FCB263494} = {8A98FD09-7052-43B6-9BC0-E66DC0A7335D}
		{04E5BBF9-0D3C-4F4E-9888-2ACC5DCA09BA} = {8A98FD09-7052-43B6-9BC0-E66DC0A7335D}
		{71288007-45EE-456A-9412-2928E4CB9AA4} = {8A98FD09-7052-43B6-9BC0-E66DC0A7335D}
		{A0417150-90E7-45BE-B74B-F5DE4D07F484} = {8A98FD09-7052-43B6-9BC0-E66DC0A7335D}
		{9E737235-7CB1-4545-8730-072D1EFC5480} = {8A98FD09-7052-43B6-9BC0-E66DC0A7335D}
		{A3691DCA-083F-49D4-B186-EE920B22EAA1} = {51A2C4ED-3ADB-4008-B43F-368F7F2485AA}
		{735516B9-6EED-4F69-B534-D4030A0D2282} = {8A98FD09-7052-43B6-9BC0-E66DC0A7335D}
		{4658688D-C643-47DA-B17C-B6C032D2E584} = {51A2C4ED-3ADB-4008-B43F-368F7F2485AA}
		{53C8045D-1087-4D51-AA40-6F8CB123CFCA} = {51A2C4ED-3ADB-4008-B43F-368F7F2485AA}
		{44344AC2-C850-4D1D-9C9F-A0EAD6684F81} = {51A2C4ED-3ADB-4008-B43F-368F7F2485AA}
		{439C873E-72AA-4D80-A61B-2C0238356988} = {51A2C4ED-3ADB-4008-B43F-368F7F2485AA}
		{79691EA1-4DC8-49BC-9A00-1C5A39F5EA96} = {51A2C4ED-3ADB-4008-B43F-368F7F2485AA}
		{EF2076DC-78C3-479D-8ACF-CE158C6A2BEB} = {51A2C4ED-3ADB-4008-B43F-368F7F2485AA}
	EndGlobalSection
	GlobalSection(ExtensibilityGlobals) = postSolution
		SolutionGuid = {E70B5BF8-2241-4F8E-97BE-7921EC5A2349}
	EndGlobalSection
EndGlobal
